{
  "version": 4,
  "terraform_version": "1.7.2",
  "serial": 1368,
  "lineage": "77804ff6-2705-ef4e-0c4f-74fd7c1edc76",
  "outputs": {},
  "resources": [
    {
      "module": "module.aws-resources",
      "mode": "managed",
      "type": "aws_cloudfront_distribution",
      "name": "cloudfront_s3_distribution",
      "provider": "module.aws-resources.provider[\"registry.terraform.io/hashicorp/aws\"]",
      "instances": [
        {
          "schema_version": 1,
          "attributes": {
            "aliases": null,
            "arn": "arn:aws:cloudfront::846338211683:distribution/E17L7VIFARYP2P",
            "caller_reference": "terraform-20240405095542613800000002",
            "comment": null,
            "custom_error_response": [],
            "default_cache_behavior": [
              {
                "allowed_methods": [
                  "GET",
                  "HEAD"
                ],
                "cache_policy_id": "",
                "cached_methods": [
                  "GET",
                  "HEAD"
                ],
                "compress": false,
                "default_ttl": 3600,
                "field_level_encryption_id": "",
                "forwarded_values": [
                  {
                    "cookies": [
                      {
                        "forward": "none",
                        "whitelisted_names": []
                      }
                    ],
                    "headers": [],
                    "query_string": true,
                    "query_string_cache_keys": []
                  }
                ],
                "function_association": [],
                "lambda_function_association": [],
                "max_ttl": 86400,
                "min_ttl": 0,
                "origin_request_policy_id": "",
                "realtime_log_config_arn": "",
                "response_headers_policy_id": "",
                "smooth_streaming": false,
                "target_origin_id": "eks-project-front-end-source",
                "trusted_key_groups": [],
                "trusted_signers": [],
                "viewer_protocol_policy": "https-only"
              }
            ],
            "default_root_object": "index.html",
            "domain_name": "d3r6lletw3qzfo.cloudfront.net",
            "enabled": true,
            "etag": "E1BCOALSKCNQNH",
            "hosted_zone_id": "Z2FDTNDATAQYW2",
            "http_version": "http2",
            "id": "E17L7VIFARYP2P",
            "in_progress_validation_batches": 0,
            "is_ipv6_enabled": false,
            "last_modified_time": "2024-04-05 09:55:43.609 +0000 UTC",
            "logging_config": [],
            "ordered_cache_behavior": [],
            "origin": [
              {
                "connection_attempts": 3,
                "connection_timeout": 10,
                "custom_header": [],
                "custom_origin_config": [
                  {
                    "http_port": 80,
                    "https_port": 443,
                    "origin_keepalive_timeout": 5,
                    "origin_protocol_policy": "https-only",
                    "origin_read_timeout": 30,
                    "origin_ssl_protocols": [
                      "TLSv1.2"
                    ]
                  }
                ],
                "domain_name": "internal-application-loadbalancer-959725492.us-east-1.elb.amazonaws.com",
                "origin_id": "arn:aws:elasticloadbalancing:us-east-1:846338211683:loadbalancer/app/application-loadbalancer/abaa67ccbf8dbb96",
                "origin_path": "",
                "origin_shield": [],
                "s3_origin_config": []
              },
              {
                "connection_attempts": 3,
                "connection_timeout": 10,
                "custom_header": [],
                "custom_origin_config": [],
                "domain_name": "eks-project-front-end-source.s3.amazonaws.com",
                "origin_id": "eks-project-front-end-source",
                "origin_path": "",
                "origin_shield": [],
                "s3_origin_config": [
                  {
                    "origin_access_identity": "origin-access-identity/cloudfront/EFXLS5L3GJGCV"
                  }
                ]
              }
            ],
            "origin_group": [],
            "price_class": "PriceClass_100",
            "restrictions": [
              {
                "geo_restriction": [
                  {
                    "locations": [],
                    "restriction_type": "none"
                  }
                ]
              }
            ],
            "retain_on_delete": false,
            "status": "Deployed",
            "tags": null,
            "tags_all": {},
            "trusted_key_groups": [
              {
                "enabled": false,
                "items": []
              }
            ],
            "trusted_signers": [
              {
                "enabled": false,
                "items": []
              }
            ],
            "viewer_certificate": [
              {
                "acm_certificate_arn": "",
                "cloudfront_default_certificate": true,
                "iam_certificate_id": "",
                "minimum_protocol_version": "TLSv1",
                "ssl_support_method": ""
              }
            ],
            "wait_for_deployment": true,
            "web_acl_id": ""
          },
          "sensitive_attributes": [],
          "private": "eyJzY2hlbWFfdmVyc2lvbiI6IjEifQ==",
          "dependencies": [
            "module.aws-resources.aws_cloudfront_origin_access_identity.cloudfront_s3",
            "module.aws-resources.aws_lb.alb",
            "module.aws-resources.aws_s3_bucket.eks-project-front-end-source",
            "module.aws-resources.aws_security_group.alb_sg",
            "module.aws-resources.aws_subnet.private-subnet-1b",
            "module.aws-resources.aws_subnet.private-subnet-1c",
            "module.aws-resources.aws_subnet.public-subnet-1a",
            "module.aws-resources.aws_vpc.vpc-main"
          ]
        }
      ]
    },
    {
      "module": "module.aws-resources",
      "mode": "managed",
      "type": "aws_cloudfront_origin_access_identity",
      "name": "cloudfront_s3",
      "provider": "module.aws-resources.provider[\"registry.terraform.io/hashicorp/aws\"]",
      "instances": [
        {
          "schema_version": 0,
          "attributes": {
            "caller_reference": "terraform-20240405095217517500000001",
            "cloudfront_access_identity_path": "origin-access-identity/cloudfront/EFXLS5L3GJGCV",
            "comment": "Cloudfront distribution",
            "etag": "E1XR0B8JFJXYCK",
            "iam_arn": "arn:aws:iam::cloudfront:user/CloudFront Origin Access Identity EFXLS5L3GJGCV",
            "id": "EFXLS5L3GJGCV",
            "s3_canonical_user_id": "438247fc744e1364ea6f5b29751014fd7f79b194d1250d07d7712b0bbb8f189bdaf5f8d3d6bcec4ee98fcbb7036aff35"
          },
          "sensitive_attributes": [],
          "private": "bnVsbA=="
        }
      ]
    },
    {
      "module": "module.aws-resources",
      "mode": "managed",
      "type": "aws_ecr_repository",
      "name": "ecr_repository",
      "provider": "module.aws-resources.provider[\"registry.terraform.io/hashicorp/aws\"]",
      "instances": [
        {
          "schema_version": 0,
          "attributes": {
            "arn": "arn:aws:ecr:us-east-1:846338211683:repository/eks-project",
            "encryption_configuration": [
              {
                "encryption_type": "AES256",
                "kms_key": ""
              }
            ],
            "id": "eks-project",
            "image_scanning_configuration": [
              {
                "scan_on_push": false
              }
            ],
            "image_tag_mutability": "MUTABLE",
            "name": "eks-project",
            "registry_id": "846338211683",
            "repository_url": "846338211683.dkr.ecr.us-east-1.amazonaws.com/eks-project",
            "tags": null,
            "tags_all": {},
            "timeouts": null
          },
          "sensitive_attributes": [],
          "private": "eyJlMmJmYjczMC1lY2FhLTExZTYtOGY4OC0zNDM2M2JjN2M0YzAiOnsiZGVsZXRlIjoxMjAwMDAwMDAwMDAwfX0="
        }
      ]
    },
    {
      "module": "module.aws-resources",
      "mode": "managed",
      "type": "aws_eip",
      "name": "nat-eip",
      "provider": "module.aws-resources.provider[\"registry.terraform.io/hashicorp/aws\"]",
      "instances": [
        {
          "schema_version": 0,
          "attributes": {
            "address": null,
            "allocation_id": "eipalloc-081df7d7eba034b47",
            "associate_with_private_ip": null,
            "association_id": "",
            "carrier_ip": "",
            "customer_owned_ip": "",
            "customer_owned_ipv4_pool": "",
            "domain": "vpc",
            "id": "eipalloc-081df7d7eba034b47",
            "instance": "",
            "network_border_group": "us-east-1",
            "network_interface": "",
            "private_dns": null,
            "private_ip": "",
            "public_dns": "ec2-18-233-31-160.compute-1.amazonaws.com",
            "public_ip": "18.233.31.160",
            "public_ipv4_pool": "amazon",
            "tags": null,
            "tags_all": {},
            "timeouts": null,
            "vpc": true
          },
          "sensitive_attributes": [],
          "private": "eyJlMmJmYjczMC1lY2FhLTExZTYtOGY4OC0zNDM2M2JjN2M0YzAiOnsiZGVsZXRlIjoxODAwMDAwMDAwMDAsInJlYWQiOjkwMDAwMDAwMDAwMCwidXBkYXRlIjozMDAwMDAwMDAwMDB9fQ=="
        }
      ]
    },
    {
      "module": "module.aws-resources",
      "mode": "managed",
      "type": "aws_instance",
      "name": "bastion_host",
      "provider": "module.aws-resources.provider[\"registry.terraform.io/hashicorp/aws\"]",
      "instances": [
        {
          "schema_version": 1,
          "attributes": {
            "ami": "ami-0c101f26f147fa7fd",
            "arn": "arn:aws:ec2:us-east-1:846338211683:instance/i-0c23dc6c6cef854f5",
            "associate_public_ip_address": true,
            "availability_zone": "us-east-1a",
            "capacity_reservation_specification": [
              {
                "capacity_reservation_preference": "open",
                "capacity_reservation_target": []
              }
            ],
            "cpu_core_count": 1,
            "cpu_threads_per_core": 1,
            "credit_specification": [
              {
                "cpu_credits": "standard"
              }
            ],
            "disable_api_termination": false,
            "ebs_block_device": [],
            "ebs_optimized": false,
            "enclave_options": [
              {
                "enabled": false
              }
            ],
            "ephemeral_block_device": [],
            "get_password_data": false,
            "hibernation": false,
            "host_id": null,
            "iam_instance_profile": "",
            "id": "i-0c23dc6c6cef854f5",
            "instance_initiated_shutdown_behavior": "stop",
            "instance_state": "running",
            "instance_type": "t2.micro",
            "ipv6_address_count": 0,
            "ipv6_addresses": [],
            "key_name": "public-bastion-host",
            "launch_template": [],
            "maintenance_options": [
              {
                "auto_recovery": "default"
              }
            ],
            "metadata_options": [
              {
                "http_endpoint": "enabled",
                "http_put_response_hop_limit": 2,
                "http_tokens": "required",
                "instance_metadata_tags": "disabled"
              }
            ],
            "monitoring": false,
            "network_interface": [],
            "outpost_arn": "",
            "password_data": "",
            "placement_group": "",
            "placement_partition_number": null,
            "primary_network_interface_id": "eni-028ce6a684d61aa27",
            "private_dns": "ip-10-0-8-214.ec2.internal",
            "private_ip": "10.0.8.214",
            "public_dns": "ec2-54-145-229-1.compute-1.amazonaws.com",
            "public_ip": "54.145.229.1",
            "root_block_device": [
              {
                "delete_on_termination": true,
                "device_name": "/dev/xvda",
                "encrypted": false,
                "iops": 3000,
                "kms_key_id": "",
                "tags": {},
                "throughput": 125,
                "volume_id": "vol-0a7784d52a8307f4a",
                "volume_size": 8,
                "volume_type": "gp3"
              }
            ],
            "secondary_private_ips": [],
            "security_groups": [
              "sg-0b31c5063a7dda8c0"
            ],
            "source_dest_check": true,
            "subnet_id": "subnet-05288a17a665a9e65",
            "tags": {
              "Name": "Bastion Host"
            },
            "tags_all": {
              "Name": "Bastion Host"
            },
            "tenancy": "default",
            "timeouts": null,
            "user_data": null,
            "user_data_base64": null,
            "user_data_replace_on_change": false,
            "volume_tags": null,
            "vpc_security_group_ids": [
              "sg-0b31c5063a7dda8c0"
            ]
          },
          "sensitive_attributes": [],
          "private": "eyJlMmJmYjczMC1lY2FhLTExZTYtOGY4OC0zNDM2M2JjN2M0YzAiOnsiY3JlYXRlIjo2MDAwMDAwMDAwMDAsImRlbGV0ZSI6MTIwMDAwMDAwMDAwMCwidXBkYXRlIjo2MDAwMDAwMDAwMDB9LCJzY2hlbWFfdmVyc2lvbiI6IjEifQ==",
          "dependencies": [
            "module.aws-resources.aws_security_group.bastion_sg",
            "module.aws-resources.aws_subnet.public-subnet-1a",
            "module.aws-resources.aws_vpc.vpc-main"
          ]
        }
      ]
    },
    {
      "module": "module.aws-resources",
      "mode": "managed",
      "type": "aws_internet_gateway",
      "name": "gw",
      "provider": "module.aws-resources.provider[\"registry.terraform.io/hashicorp/aws\"]",
      "instances": [
        {
          "schema_version": 0,
          "attributes": {
            "arn": "arn:aws:ec2:us-east-1:846338211683:internet-gateway/igw-01253ebb6c0833d70",
            "id": "igw-01253ebb6c0833d70",
            "owner_id": "846338211683",
            "tags": null,
            "tags_all": {},
            "vpc_id": "vpc-0e4b185419274801a"
          },
          "sensitive_attributes": [],
          "private": "bnVsbA==",
          "dependencies": [
            "module.aws-resources.aws_vpc.vpc-main"
          ]
        }
      ]
    },
    {
      "module": "module.aws-resources",
      "mode": "managed",
      "type": "aws_lb",
      "name": "alb",
      "provider": "module.aws-resources.provider[\"registry.terraform.io/hashicorp/aws\"]",
      "instances": [
        {
          "schema_version": 0,
          "attributes": {
            "access_logs": [
              {
                "bucket": "",
                "enabled": false,
                "prefix": ""
              }
            ],
            "arn": "arn:aws:elasticloadbalancing:us-east-1:846338211683:loadbalancer/app/application-loadbalancer/abaa67ccbf8dbb96",
            "arn_suffix": "app/application-loadbalancer/abaa67ccbf8dbb96",
            "customer_owned_ipv4_pool": "",
            "desync_mitigation_mode": "defensive",
            "dns_name": "internal-application-loadbalancer-959725492.us-east-1.elb.amazonaws.com",
            "drop_invalid_header_fields": false,
            "enable_cross_zone_load_balancing": true,
            "enable_deletion_protection": false,
            "enable_http2": true,
            "enable_waf_fail_open": false,
            "id": "arn:aws:elasticloadbalancing:us-east-1:846338211683:loadbalancer/app/application-loadbalancer/abaa67ccbf8dbb96",
            "idle_timeout": 60,
            "internal": true,
            "ip_address_type": "ipv4",
            "load_balancer_type": "application",
            "name": "application-loadbalancer",
            "name_prefix": null,
            "security_groups": [
              "sg-02b5d7e3385da8c96"
            ],
            "subnet_mapping": [
              {
                "allocation_id": "",
                "ipv6_address": "",
                "outpost_id": "",
                "private_ipv4_address": "",
                "subnet_id": "subnet-007ede33e32db8cc2"
              },
              {
                "allocation_id": "",
                "ipv6_address": "",
                "outpost_id": "",
                "private_ipv4_address": "",
                "subnet_id": "subnet-03bb459a1c8bb568d"
              },
              {
                "allocation_id": "",
                "ipv6_address": "",
                "outpost_id": "",
                "private_ipv4_address": "",
                "subnet_id": "subnet-05288a17a665a9e65"
              }
            ],
            "subnets": [
              "subnet-007ede33e32db8cc2",
              "subnet-03bb459a1c8bb568d",
              "subnet-05288a17a665a9e65"
            ],
            "tags": null,
            "tags_all": {},
            "timeouts": null,
            "vpc_id": "vpc-0e4b185419274801a",
            "zone_id": "Z35SXDOTRQ7X7K"
          },
          "sensitive_attributes": [],
          "private": "eyJlMmJmYjczMC1lY2FhLTExZTYtOGY4OC0zNDM2M2JjN2M0YzAiOnsiY3JlYXRlIjo2MDAwMDAwMDAwMDAsImRlbGV0ZSI6NjAwMDAwMDAwMDAwLCJ1cGRhdGUiOjYwMDAwMDAwMDAwMH19",
          "dependencies": [
            "module.aws-resources.aws_security_group.alb_sg",
            "module.aws-resources.aws_subnet.private-subnet-1b",
            "module.aws-resources.aws_subnet.private-subnet-1c",
            "module.aws-resources.aws_subnet.public-subnet-1a",
            "module.aws-resources.aws_vpc.vpc-main"
          ]
        }
      ]
    },
    {
      "module": "module.aws-resources",
      "mode": "managed",
      "type": "aws_lb",
      "name": "network_lb",
      "provider": "module.aws-resources.provider[\"registry.terraform.io/hashicorp/aws\"]",
      "instances": [
        {
          "schema_version": 0,
          "attributes": {
            "access_logs": [
              {
                "bucket": "",
                "enabled": false,
                "prefix": ""
              }
            ],
            "arn": "arn:aws:elasticloadbalancing:us-east-1:846338211683:loadbalancer/net/network-lb/a5e11e211866b42d",
            "arn_suffix": "net/network-lb/a5e11e211866b42d",
            "customer_owned_ipv4_pool": "",
            "desync_mitigation_mode": null,
            "dns_name": "network-lb-a5e11e211866b42d.elb.us-east-1.amazonaws.com",
            "drop_invalid_header_fields": null,
            "enable_cross_zone_load_balancing": true,
            "enable_deletion_protection": false,
            "enable_http2": null,
            "enable_waf_fail_open": null,
            "id": "arn:aws:elasticloadbalancing:us-east-1:846338211683:loadbalancer/net/network-lb/a5e11e211866b42d",
            "idle_timeout": null,
            "internal": true,
            "ip_address_type": "ipv4",
            "load_balancer_type": "network",
            "name": "network-lb",
            "name_prefix": null,
            "security_groups": [],
            "subnet_mapping": [
              {
                "allocation_id": "",
                "ipv6_address": "",
                "outpost_id": "",
                "private_ipv4_address": "",
                "subnet_id": "subnet-007ede33e32db8cc2"
              },
              {
                "allocation_id": "",
                "ipv6_address": "",
                "outpost_id": "",
                "private_ipv4_address": "",
                "subnet_id": "subnet-03876f0cf86e6cfe9"
              },
              {
                "allocation_id": "",
                "ipv6_address": "",
                "outpost_id": "",
                "private_ipv4_address": "",
                "subnet_id": "subnet-03bb459a1c8bb568d"
              }
            ],
            "subnets": [
              "subnet-007ede33e32db8cc2",
              "subnet-03876f0cf86e6cfe9",
              "subnet-03bb459a1c8bb568d"
            ],
            "tags": {
              "Name": "Network Load Balancer"
            },
            "tags_all": {
              "Name": "Network Load Balancer"
            },
            "timeouts": null,
            "vpc_id": "vpc-0e4b185419274801a",
            "zone_id": "Z26RNL4JYFTOTI"
          },
          "sensitive_attributes": [],
          "private": "eyJlMmJmYjczMC1lY2FhLTExZTYtOGY4OC0zNDM2M2JjN2M0YzAiOnsiY3JlYXRlIjo2MDAwMDAwMDAwMDAsImRlbGV0ZSI6NjAwMDAwMDAwMDAwLCJ1cGRhdGUiOjYwMDAwMDAwMDAwMH19",
          "dependencies": [
            "module.aws-resources.aws_subnet.private-subnet-1a",
            "module.aws-resources.aws_subnet.private-subnet-1b",
            "module.aws-resources.aws_subnet.private-subnet-1c",
            "module.aws-resources.aws_vpc.vpc-main"
          ]
        }
      ]
    },
    {
      "module": "module.aws-resources",
      "mode": "managed",
      "type": "aws_nat_gateway",
      "name": "nat-gw",
      "provider": "module.aws-resources.provider[\"registry.terraform.io/hashicorp/aws\"]",
      "instances": [
        {
          "schema_version": 0,
          "attributes": {
            "allocation_id": "eipalloc-081df7d7eba034b47",
            "connectivity_type": "public",
            "id": "nat-0d16a77cef1ddf564",
            "network_interface_id": "eni-006fd41892fc8ae5a",
            "private_ip": "10.0.32.46",
            "public_ip": "18.233.31.160",
            "subnet_id": "subnet-05288a17a665a9e65",
            "tags": null,
            "tags_all": {}
          },
          "sensitive_attributes": [],
          "private": "bnVsbA==",
          "dependencies": [
            "module.aws-resources.aws_eip.nat-eip",
            "module.aws-resources.aws_internet_gateway.gw",
            "module.aws-resources.aws_subnet.public-subnet-1a",
            "module.aws-resources.aws_vpc.vpc-main"
          ]
        }
      ]
    },
    {
      "module": "module.aws-resources",
      "mode": "managed",
      "type": "aws_route_table",
      "name": "rtb-internal",
      "provider": "module.aws-resources.provider[\"registry.terraform.io/hashicorp/aws\"]",
      "instances": [
        {
          "status": "tainted",
          "schema_version": 0,
          "attributes": {
            "arn": null,
            "id": "rtb-054ed194b48ef80ba",
            "owner_id": null,
            "propagating_vgws": [],
            "route": [
              {
                "carrier_gateway_id": "",
                "cidr_block": "10.0.0.0/16",
                "core_network_arn": "",
                "destination_prefix_list_id": "",
                "egress_only_gateway_id": "",
                "gateway_id": "igw-01253ebb6c0833d70",
                "instance_id": "",
                "ipv6_cidr_block": "",
                "local_gateway_id": "",
                "nat_gateway_id": "nat-0d16a77cef1ddf564",
                "network_interface_id": "",
                "transit_gateway_id": "",
                "vpc_endpoint_id": "",
                "vpc_peering_connection_id": ""
              }
            ],
            "tags": null,
            "tags_all": null,
            "timeouts": null,
            "vpc_id": "vpc-0e4b185419274801a"
          },
          "sensitive_attributes": [],
          "private": "eyJlMmJmYjczMC1lY2FhLTExZTYtOGY4OC0zNDM2M2JjN2M0YzAiOnsiY3JlYXRlIjozMDAwMDAwMDAwMDAsImRlbGV0ZSI6MzAwMDAwMDAwMDAwLCJ1cGRhdGUiOjEyMDAwMDAwMDAwMH19",
          "dependencies": [
            "module.aws-resources.aws_eip.nat-eip",
            "module.aws-resources.aws_internet_gateway.gw",
            "module.aws-resources.aws_nat_gateway.nat-gw",
            "module.aws-resources.aws_subnet.public-subnet-1a",
            "module.aws-resources.aws_vpc.vpc-main"
          ]
        }
      ]
    },
    {
      "module": "module.aws-resources",
      "mode": "managed",
      "type": "aws_s3_bucket",
      "name": "eks-project-bucket-data",
      "provider": "module.aws-resources.provider[\"registry.terraform.io/hashicorp/aws\"]",
      "instances": [
        {
          "schema_version": 0,
          "attributes": {
            "acceleration_status": "",
            "acl": null,
            "arn": "arn:aws:s3:::eks-project-bucket-data",
            "bucket": "eks-project-bucket-data",
            "bucket_domain_name": "eks-project-bucket-data.s3.amazonaws.com",
            "bucket_prefix": null,
            "bucket_regional_domain_name": "eks-project-bucket-data.s3.amazonaws.com",
            "cors_rule": [],
            "force_destroy": false,
            "grant": [
              {
                "id": "e9fe803ea2f5298169d730e309ca283cbb326fe82a9cad53313b01b4818bb915",
                "permissions": [
                  "FULL_CONTROL"
                ],
                "type": "CanonicalUser",
                "uri": ""
              }
            ],
            "hosted_zone_id": "Z3AQBSTGFYJSTF",
            "id": "eks-project-bucket-data",
            "lifecycle_rule": [],
            "logging": [],
            "object_lock_configuration": [],
            "object_lock_enabled": false,
            "policy": "",
            "region": "us-east-1",
            "replication_configuration": [],
            "request_payer": "BucketOwner",
            "server_side_encryption_configuration": [
              {
                "rule": [
                  {
                    "apply_server_side_encryption_by_default": [
                      {
                        "kms_master_key_id": "",
                        "sse_algorithm": "AES256"
                      }
                    ],
                    "bucket_key_enabled": false
                  }
                ]
              }
            ],
            "tags": null,
            "tags_all": {},
            "versioning": [
              {
                "enabled": false,
                "mfa_delete": false
              }
            ],
            "website": [],
            "website_domain": null,
            "website_endpoint": null
          },
          "sensitive_attributes": [],
          "private": "bnVsbA=="
        }
      ]
    },
    {
      "module": "module.aws-resources",
      "mode": "managed",
      "type": "aws_s3_bucket",
      "name": "eks-project-front-end-source",
      "provider": "module.aws-resources.provider[\"registry.terraform.io/hashicorp/aws\"]",
      "instances": [
        {
          "schema_version": 0,
          "attributes": {
            "acceleration_status": "",
            "acl": null,
            "arn": "arn:aws:s3:::eks-project-front-end-source",
            "bucket": "eks-project-front-end-source",
            "bucket_domain_name": "eks-project-front-end-source.s3.amazonaws.com",
            "bucket_prefix": null,
            "bucket_regional_domain_name": "eks-project-front-end-source.s3.amazonaws.com",
            "cors_rule": [],
            "force_destroy": false,
            "grant": [
              {
                "id": "e9fe803ea2f5298169d730e309ca283cbb326fe82a9cad53313b01b4818bb915",
                "permissions": [
                  "FULL_CONTROL"
                ],
                "type": "CanonicalUser",
                "uri": ""
              }
            ],
            "hosted_zone_id": "Z3AQBSTGFYJSTF",
            "id": "eks-project-front-end-source",
            "lifecycle_rule": [],
            "logging": [],
            "object_lock_configuration": [],
            "object_lock_enabled": false,
            "policy": "",
            "region": "us-east-1",
            "replication_configuration": [],
            "request_payer": "BucketOwner",
            "server_side_encryption_configuration": [
              {
                "rule": [
                  {
                    "apply_server_side_encryption_by_default": [
                      {
                        "kms_master_key_id": "",
                        "sse_algorithm": "AES256"
                      }
                    ],
                    "bucket_key_enabled": false
                  }
                ]
              }
            ],
            "tags": null,
            "tags_all": {},
            "versioning": [
              {
                "enabled": false,
                "mfa_delete": false
              }
            ],
            "website": [],
            "website_domain": null,
            "website_endpoint": null
          },
          "sensitive_attributes": [],
          "private": "bnVsbA=="
        }
      ]
    },
    {
      "module": "module.aws-resources",
      "mode": "managed",
      "type": "aws_security_group",
      "name": "alb_sg",
      "provider": "module.aws-resources.provider[\"registry.terraform.io/hashicorp/aws\"]",
      "instances": [
        {
          "schema_version": 1,
          "attributes": {
            "arn": "arn:aws:ec2:us-east-1:846338211683:security-group/sg-02b5d7e3385da8c96",
            "description": "Managed by Terraform",
            "egress": [],
            "id": "sg-02b5d7e3385da8c96",
            "ingress": [],
            "name": "application_loadbalancer_sg",
            "name_prefix": "",
            "owner_id": "846338211683",
            "revoke_rules_on_delete": false,
            "tags": null,
            "tags_all": {},
            "timeouts": null,
            "vpc_id": "vpc-0e4b185419274801a"
          },
          "sensitive_attributes": [],
          "private": "eyJlMmJmYjczMC1lY2FhLTExZTYtOGY4OC0zNDM2M2JjN2M0YzAiOnsiY3JlYXRlIjo2MDAwMDAwMDAwMDAsImRlbGV0ZSI6OTAwMDAwMDAwMDAwfSwic2NoZW1hX3ZlcnNpb24iOiIxIn0=",
          "dependencies": [
            "module.aws-resources.aws_vpc.vpc-main"
          ]
        }
      ]
    },
    {
      "module": "module.aws-resources",
      "mode": "managed",
      "type": "aws_security_group",
      "name": "bastion_sg",
      "provider": "module.aws-resources.provider[\"registry.terraform.io/hashicorp/aws\"]",
      "instances": [
        {
          "schema_version": 1,
          "attributes": {
            "arn": "arn:aws:ec2:us-east-1:846338211683:security-group/sg-0b31c5063a7dda8c0",
            "description": "Allow SSH inbound traffic",
            "egress": [],
            "id": "sg-0b31c5063a7dda8c0",
            "ingress": [
              {
                "cidr_blocks": [
                  "0.0.0.0/0"
                ],
                "description": "",
                "from_port": 22,
                "ipv6_cidr_blocks": [],
                "prefix_list_ids": [],
                "protocol": "tcp",
                "security_groups": [],
                "self": false,
                "to_port": 22
              }
            ],
            "name": "bastion_security_group",
            "name_prefix": "",
            "owner_id": "846338211683",
            "revoke_rules_on_delete": false,
            "tags": null,
            "tags_all": {},
            "timeouts": null,
            "vpc_id": "vpc-0e4b185419274801a"
          },
          "sensitive_attributes": [],
          "private": "eyJlMmJmYjczMC1lY2FhLTExZTYtOGY4OC0zNDM2M2JjN2M0YzAiOnsiY3JlYXRlIjo2MDAwMDAwMDAwMDAsImRlbGV0ZSI6OTAwMDAwMDAwMDAwfSwic2NoZW1hX3ZlcnNpb24iOiIxIn0=",
          "dependencies": [
            "module.aws-resources.aws_vpc.vpc-main"
          ]
        }
      ]
    },
    {
      "module": "module.aws-resources",
      "mode": "managed",
      "type": "aws_security_group",
      "name": "nlb_targets_sg",
      "provider": "module.aws-resources.provider[\"registry.terraform.io/hashicorp/aws\"]",
      "instances": [
        {
          "schema_version": 1,
          "attributes": {
            "arn": "arn:aws:ec2:us-east-1:846338211683:security-group/sg-0874b8aaa92b67b62",
            "description": "Allow traffic from NLB",
            "egress": [],
            "id": "sg-0874b8aaa92b67b62",
            "ingress": [],
            "name": "nlb_targets_security_group",
            "name_prefix": "",
            "owner_id": "846338211683",
            "revoke_rules_on_delete": false,
            "tags": null,
            "tags_all": {},
            "timeouts": null,
            "vpc_id": "vpc-0e4b185419274801a"
          },
          "sensitive_attributes": [],
          "private": "eyJlMmJmYjczMC1lY2FhLTExZTYtOGY4OC0zNDM2M2JjN2M0YzAiOnsiY3JlYXRlIjo2MDAwMDAwMDAwMDAsImRlbGV0ZSI6OTAwMDAwMDAwMDAwfSwic2NoZW1hX3ZlcnNpb24iOiIxIn0=",
          "dependencies": [
            "module.aws-resources.aws_vpc.vpc-main"
          ]
        }
      ]
    },
    {
      "module": "module.aws-resources",
      "mode": "managed",
      "type": "aws_security_group",
      "name": "rds_cluster_sg",
      "provider": "module.aws-resources.provider[\"registry.terraform.io/hashicorp/aws\"]",
      "instances": [
        {
          "schema_version": 1,
          "attributes": {
            "arn": "arn:aws:ec2:us-east-1:846338211683:security-group/sg-023b97d2e4ccb52ee",
            "description": "Managed by Terraform",
            "egress": [],
            "id": "sg-023b97d2e4ccb52ee",
            "ingress": [
              {
                "cidr_blocks": [
                  "10.0.0.0/16"
                ],
                "description": "",
                "from_port": 5432,
                "ipv6_cidr_blocks": [],
                "prefix_list_ids": [],
                "protocol": "tcp",
                "security_groups": [],
                "self": false,
                "to_port": 5432
              }
            ],
            "name": "security_rds_cluster",
            "name_prefix": "",
            "owner_id": "846338211683",
            "revoke_rules_on_delete": false,
            "tags": null,
            "tags_all": {},
            "timeouts": null,
            "vpc_id": "vpc-0e4b185419274801a"
          },
          "sensitive_attributes": [],
          "private": "eyJlMmJmYjczMC1lY2FhLTExZTYtOGY4OC0zNDM2M2JjN2M0YzAiOnsiY3JlYXRlIjo2MDAwMDAwMDAwMDAsImRlbGV0ZSI6OTAwMDAwMDAwMDAwfSwic2NoZW1hX3ZlcnNpb24iOiIxIn0=",
          "dependencies": [
            "module.aws-resources.aws_vpc.vpc-main"
          ]
        }
      ]
    },
    {
      "module": "module.aws-resources",
      "mode": "managed",
      "type": "aws_security_group",
      "name": "redis_sg",
      "provider": "module.aws-resources.provider[\"registry.terraform.io/hashicorp/aws\"]",
      "instances": [
        {
          "schema_version": 1,
          "attributes": {
            "arn": "arn:aws:ec2:us-east-1:846338211683:security-group/sg-0f8f8cc4dc5a196ce",
            "description": "Managed by Terraform",
            "egress": [],
            "id": "sg-0f8f8cc4dc5a196ce",
            "ingress": [],
            "name": "redis_sg",
            "name_prefix": "",
            "owner_id": "846338211683",
            "revoke_rules_on_delete": false,
            "tags": null,
            "tags_all": {},
            "timeouts": null,
            "vpc_id": "vpc-0e4b185419274801a"
          },
          "sensitive_attributes": [],
          "private": "eyJlMmJmYjczMC1lY2FhLTExZTYtOGY4OC0zNDM2M2JjN2M0YzAiOnsiY3JlYXRlIjo2MDAwMDAwMDAwMDAsImRlbGV0ZSI6OTAwMDAwMDAwMDAwfSwic2NoZW1hX3ZlcnNpb24iOiIxIn0=",
          "dependencies": [
            "module.aws-resources.aws_vpc.vpc-main"
          ]
        }
      ]
    },
    {
      "module": "module.aws-resources",
      "mode": "managed",
      "type": "aws_sqs_queue",
      "name": "sqs_iaac",
      "provider": "module.aws-resources.provider[\"registry.terraform.io/hashicorp/aws\"]",
      "instances": [
        {
          "schema_version": 0,
          "attributes": {
            "arn": "arn:aws:sqs:us-east-1:846338211683:sqs_queue",
            "content_based_deduplication": false,
            "deduplication_scope": "",
            "delay_seconds": 9,
            "fifo_queue": false,
            "fifo_throughput_limit": "",
            "id": "https://sqs.us-east-1.amazonaws.com/846338211683/sqs_queue",
            "kms_data_key_reuse_period_seconds": 300,
            "kms_master_key_id": "",
            "max_message_size": 2048,
            "message_retention_seconds": 86400,
            "name": "sqs_queue",
            "name_prefix": "",
            "policy": "",
            "receive_wait_time_seconds": 10,
            "redrive_allow_policy": "",
            "redrive_policy": "",
            "sqs_managed_sse_enabled": true,
            "tags": null,
            "tags_all": {},
            "url": "https://sqs.us-east-1.amazonaws.com/846338211683/sqs_queue",
            "visibility_timeout_seconds": 30
          },
          "sensitive_attributes": [],
          "private": "bnVsbA=="
        }
      ]
    },
    {
      "module": "module.aws-resources",
      "mode": "managed",
      "type": "aws_subnet",
      "name": "private-subnet-1a",
      "provider": "module.aws-resources.provider[\"registry.terraform.io/hashicorp/aws\"]",
      "instances": [
        {
          "schema_version": 1,
          "attributes": {
            "arn": "arn:aws:ec2:us-east-1:846338211683:subnet/subnet-03876f0cf86e6cfe9",
            "assign_ipv6_address_on_creation": false,
            "availability_zone": "us-east-1a",
            "availability_zone_id": "use1-az4",
            "cidr_block": "10.0.64.0/18",
            "customer_owned_ipv4_pool": "",
            "enable_dns64": false,
            "enable_resource_name_dns_a_record_on_launch": false,
            "enable_resource_name_dns_aaaa_record_on_launch": false,
            "id": "subnet-03876f0cf86e6cfe9",
            "ipv6_cidr_block": "",
            "ipv6_cidr_block_association_id": "",
            "ipv6_native": false,
            "map_customer_owned_ip_on_launch": false,
            "map_public_ip_on_launch": false,
            "outpost_arn": "",
            "owner_id": "846338211683",
            "private_dns_hostname_type_on_launch": "ip-name",
            "tags": {
              "NAME": "aws-iaac-terraform"
            },
            "tags_all": {
              "NAME": "aws-iaac-terraform"
            },
            "timeouts": null,
            "vpc_id": "vpc-0e4b185419274801a"
          },
          "sensitive_attributes": [],
          "private": "eyJlMmJmYjczMC1lY2FhLTExZTYtOGY4OC0zNDM2M2JjN2M0YzAiOnsiY3JlYXRlIjo2MDAwMDAwMDAwMDAsImRlbGV0ZSI6MTIwMDAwMDAwMDAwMH0sInNjaGVtYV92ZXJzaW9uIjoiMSJ9",
          "dependencies": [
            "module.aws-resources.aws_vpc.vpc-main"
          ]
        }
      ]
    },
    {
      "module": "module.aws-resources",
      "mode": "managed",
      "type": "aws_subnet",
      "name": "private-subnet-1b",
      "provider": "module.aws-resources.provider[\"registry.terraform.io/hashicorp/aws\"]",
      "instances": [
        {
          "schema_version": 1,
          "attributes": {
            "arn": "arn:aws:ec2:us-east-1:846338211683:subnet/subnet-03bb459a1c8bb568d",
            "assign_ipv6_address_on_creation": false,
            "availability_zone": "us-east-1b",
            "availability_zone_id": "use1-az6",
            "cidr_block": "10.0.128.0/18",
            "customer_owned_ipv4_pool": "",
            "enable_dns64": false,
            "enable_resource_name_dns_a_record_on_launch": false,
            "enable_resource_name_dns_aaaa_record_on_launch": false,
            "id": "subnet-03bb459a1c8bb568d",
            "ipv6_cidr_block": "",
            "ipv6_cidr_block_association_id": "",
            "ipv6_native": false,
            "map_customer_owned_ip_on_launch": false,
            "map_public_ip_on_launch": false,
            "outpost_arn": "",
            "owner_id": "846338211683",
            "private_dns_hostname_type_on_launch": "ip-name",
            "tags": null,
            "tags_all": {},
            "timeouts": null,
            "vpc_id": "vpc-0e4b185419274801a"
          },
          "sensitive_attributes": [],
          "private": "eyJlMmJmYjczMC1lY2FhLTExZTYtOGY4OC0zNDM2M2JjN2M0YzAiOnsiY3JlYXRlIjo2MDAwMDAwMDAwMDAsImRlbGV0ZSI6MTIwMDAwMDAwMDAwMH0sInNjaGVtYV92ZXJzaW9uIjoiMSJ9",
          "dependencies": [
            "module.aws-resources.aws_vpc.vpc-main"
          ]
        }
      ]
    },
    {
      "module": "module.aws-resources",
      "mode": "managed",
      "type": "aws_subnet",
      "name": "private-subnet-1c",
      "provider": "module.aws-resources.provider[\"registry.terraform.io/hashicorp/aws\"]",
      "instances": [
        {
          "schema_version": 1,
          "attributes": {
            "arn": "arn:aws:ec2:us-east-1:846338211683:subnet/subnet-007ede33e32db8cc2",
            "assign_ipv6_address_on_creation": false,
            "availability_zone": "us-east-1c",
            "availability_zone_id": "use1-az1",
            "cidr_block": "10.0.192.0/18",
            "customer_owned_ipv4_pool": "",
            "enable_dns64": false,
            "enable_resource_name_dns_a_record_on_launch": false,
            "enable_resource_name_dns_aaaa_record_on_launch": false,
            "id": "subnet-007ede33e32db8cc2",
            "ipv6_cidr_block": "",
            "ipv6_cidr_block_association_id": "",
            "ipv6_native": false,
            "map_customer_owned_ip_on_launch": false,
            "map_public_ip_on_launch": false,
            "outpost_arn": "",
            "owner_id": "846338211683",
            "private_dns_hostname_type_on_launch": "ip-name",
            "tags": null,
            "tags_all": {},
            "timeouts": null,
            "vpc_id": "vpc-0e4b185419274801a"
          },
          "sensitive_attributes": [],
          "private": "eyJlMmJmYjczMC1lY2FhLTExZTYtOGY4OC0zNDM2M2JjN2M0YzAiOnsiY3JlYXRlIjo2MDAwMDAwMDAwMDAsImRlbGV0ZSI6MTIwMDAwMDAwMDAwMH0sInNjaGVtYV92ZXJzaW9uIjoiMSJ9",
          "dependencies": [
            "module.aws-resources.aws_vpc.vpc-main"
          ]
        }
      ]
    },
    {
      "module": "module.aws-resources",
      "mode": "managed",
      "type": "aws_subnet",
      "name": "public-subnet-1a",
      "provider": "module.aws-resources.provider[\"registry.terraform.io/hashicorp/aws\"]",
      "instances": [
        {
          "schema_version": 1,
          "attributes": {
            "arn": "arn:aws:ec2:us-east-1:846338211683:subnet/subnet-05288a17a665a9e65",
            "assign_ipv6_address_on_creation": false,
            "availability_zone": "us-east-1a",
            "availability_zone_id": "use1-az4",
            "cidr_block": "10.0.0.0/18",
            "customer_owned_ipv4_pool": "",
            "enable_dns64": false,
            "enable_resource_name_dns_a_record_on_launch": false,
            "enable_resource_name_dns_aaaa_record_on_launch": false,
            "id": "subnet-05288a17a665a9e65",
            "ipv6_cidr_block": "",
            "ipv6_cidr_block_association_id": "",
            "ipv6_native": false,
            "map_customer_owned_ip_on_launch": false,
            "map_public_ip_on_launch": true,
            "outpost_arn": "",
            "owner_id": "846338211683",
            "private_dns_hostname_type_on_launch": "ip-name",
            "tags": {
              "NAME": "aws-iaac-terraform"
            },
            "tags_all": {
              "NAME": "aws-iaac-terraform"
            },
            "timeouts": null,
            "vpc_id": "vpc-0e4b185419274801a"
          },
          "sensitive_attributes": [],
          "private": "eyJlMmJmYjczMC1lY2FhLTExZTYtOGY4OC0zNDM2M2JjN2M0YzAiOnsiY3JlYXRlIjo2MDAwMDAwMDAwMDAsImRlbGV0ZSI6MTIwMDAwMDAwMDAwMH0sInNjaGVtYV92ZXJzaW9uIjoiMSJ9",
          "dependencies": [
            "module.aws-resources.aws_vpc.vpc-main"
          ]
        }
      ]
    },
    {
      "module": "module.aws-resources",
      "mode": "managed",
      "type": "aws_vpc",
      "name": "vpc-main",
      "provider": "module.aws-resources.provider[\"registry.terraform.io/hashicorp/aws\"]",
      "instances": [
        {
          "schema_version": 1,
          "attributes": {
            "arn": "arn:aws:ec2:us-east-1:846338211683:vpc/vpc-0e4b185419274801a",
            "assign_generated_ipv6_cidr_block": false,
            "cidr_block": "10.0.0.0/16",
            "default_network_acl_id": "acl-0dc68bf0248d92161",
            "default_route_table_id": "rtb-09b1a12c3c755ec2f",
            "default_security_group_id": "sg-0985007f41ca331c0",
            "dhcp_options_id": "dopt-045b51ee7bb08e632",
            "enable_classiclink": false,
            "enable_classiclink_dns_support": false,
            "enable_dns_hostnames": true,
            "enable_dns_support": true,
            "id": "vpc-0e4b185419274801a",
            "instance_tenancy": "default",
            "ipv4_ipam_pool_id": null,
            "ipv4_netmask_length": null,
            "ipv6_association_id": "",
            "ipv6_cidr_block": "",
            "ipv6_cidr_block_network_border_group": "",
            "ipv6_ipam_pool_id": "",
            "ipv6_netmask_length": 0,
            "main_route_table_id": "rtb-09b1a12c3c755ec2f",
            "owner_id": "846338211683",
            "tags": null,
            "tags_all": {}
          },
          "sensitive_attributes": [],
          "private": "eyJzY2hlbWFfdmVyc2lvbiI6IjEifQ=="
        }
      ]
    },
    {
      "module": "module.aws-resources",
      "mode": "managed",
      "type": "aws_wafv2_web_acl",
      "name": "WafWebAcl",
      "provider": "module.aws-resources.provider[\"registry.terraform.io/hashicorp/aws\"]",
      "instances": [
        {
          "schema_version": 0,
          "attributes": {
            "arn": "arn:aws:wafv2:us-east-1:846338211683:regional/webacl/wafv2-web-acl/0a3040c4-b786-49f3-92f1-ee6e9fafeb3e",
            "capacity": 1475,
            "custom_response_body": [],
            "default_action": [
              {
                "allow": [
                  {
                    "custom_request_handling": []
                  }
                ],
                "block": []
              }
            ],
            "description": "",
            "id": "0a3040c4-b786-49f3-92f1-ee6e9fafeb3e",
            "lock_token": "a6eeb780-ec14-4384-8f62-bcc24b3baaa4",
            "name": "wafv2-web-acl",
            "rule": [
              {
                "action": [],
                "name": "AWS-AWSManagedRulesAmazonIpReputationList",
                "override_action": [
                  {
                    "count": [],
                    "none": [
                      {}
                    ]
                  }
                ],
                "priority": 2,
                "rule_label": [],
                "statement": [
                  {
                    "and_statement": [],
                    "byte_match_statement": [],
                    "geo_match_statement": [],
                    "ip_set_reference_statement": [],
                    "label_match_statement": [],
                    "managed_rule_group_statement": [
                      {
                        "excluded_rule": [],
                        "name": "AWSManagedRulesAmazonIpReputationList",
                        "scope_down_statement": [],
                        "vendor_name": "AWS",
                        "version": ""
                      }
                    ],
                    "not_statement": [],
                    "or_statement": [],
                    "rate_based_statement": [],
                    "regex_pattern_set_reference_statement": [],
                    "rule_group_reference_statement": [],
                    "size_constraint_statement": [],
                    "sqli_match_statement": [],
                    "xss_match_statement": []
                  }
                ],
                "visibility_config": [
                  {
                    "cloudwatch_metrics_enabled": true,
                    "metric_name": "AWS-AWSManagedRulesAmazonIpReputationList",
                    "sampled_requests_enabled": true
                  }
                ]
              },
              {
                "action": [],
                "name": "AWS-AWSManagedRulesAnonymousIpList",
                "override_action": [
                  {
                    "count": [],
                    "none": [
                      {}
                    ]
                  }
                ],
                "priority": 3,
                "rule_label": [],
                "statement": [
                  {
                    "and_statement": [],
                    "byte_match_statement": [],
                    "geo_match_statement": [],
                    "ip_set_reference_statement": [],
                    "label_match_statement": [],
                    "managed_rule_group_statement": [
                      {
                        "excluded_rule": [],
                        "name": "AWSManagedRulesAnonymousIpList",
                        "scope_down_statement": [],
                        "vendor_name": "AWS",
                        "version": ""
                      }
                    ],
                    "not_statement": [],
                    "or_statement": [],
                    "rate_based_statement": [],
                    "regex_pattern_set_reference_statement": [],
                    "rule_group_reference_statement": [],
                    "size_constraint_statement": [],
                    "sqli_match_statement": [],
                    "xss_match_statement": []
                  }
                ],
                "visibility_config": [
                  {
                    "cloudwatch_metrics_enabled": true,
                    "metric_name": "AWS-AWSManagedRulesAnonymousIpList",
                    "sampled_requests_enabled": true
                  }
                ]
              },
              {
                "action": [],
                "name": "AWS-AWSManagedRulesCommonRuleSet",
                "override_action": [
                  {
                    "count": [],
                    "none": [
                      {}
                    ]
                  }
                ],
                "priority": 0,
                "rule_label": [],
                "statement": [
                  {
                    "and_statement": [],
                    "byte_match_statement": [],
                    "geo_match_statement": [],
                    "ip_set_reference_statement": [],
                    "label_match_statement": [],
                    "managed_rule_group_statement": [
                      {
                        "excluded_rule": [],
                        "name": "AWSManagedRulesCommonRuleSet",
                        "scope_down_statement": [],
                        "vendor_name": "AWS",
                        "version": ""
                      }
                    ],
                    "not_statement": [],
                    "or_statement": [],
                    "rate_based_statement": [],
                    "regex_pattern_set_reference_statement": [],
                    "rule_group_reference_statement": [],
                    "size_constraint_statement": [],
                    "sqli_match_statement": [],
                    "xss_match_statement": []
                  }
                ],
                "visibility_config": [
                  {
                    "cloudwatch_metrics_enabled": true,
                    "metric_name": "AWS-AWSManagedRulesCommonRuleSet",
                    "sampled_requests_enabled": true
                  }
                ]
              },
              {
                "action": [],
                "name": "AWS-AWSManagedRulesKnownBadInputsRuleSet",
                "override_action": [
                  {
                    "count": [],
                    "none": [
                      {}
                    ]
                  }
                ],
                "priority": 4,
                "rule_label": [],
                "statement": [
                  {
                    "and_statement": [],
                    "byte_match_statement": [],
                    "geo_match_statement": [],
                    "ip_set_reference_statement": [],
                    "label_match_statement": [],
                    "managed_rule_group_statement": [
                      {
                        "excluded_rule": [],
                        "name": "AWSManagedRulesKnownBadInputsRuleSet",
                        "scope_down_statement": [],
                        "vendor_name": "AWS",
                        "version": ""
                      }
                    ],
                    "not_statement": [],
                    "or_statement": [],
                    "rate_based_statement": [],
                    "regex_pattern_set_reference_statement": [],
                    "rule_group_reference_statement": [],
                    "size_constraint_statement": [],
                    "sqli_match_statement": [],
                    "xss_match_statement": []
                  }
                ],
                "visibility_config": [
                  {
                    "cloudwatch_metrics_enabled": true,
                    "metric_name": "AWS-AWSManagedRulesKnownBadInputsRuleSet",
                    "sampled_requests_enabled": true
                  }
                ]
              },
              {
                "action": [],
                "name": "AWS-AWSManagedRulesLinuxRuleSet",
                "override_action": [
                  {
                    "count": [],
                    "none": [
                      {}
                    ]
                  }
                ],
                "priority": 1,
                "rule_label": [],
                "statement": [
                  {
                    "and_statement": [],
                    "byte_match_statement": [],
                    "geo_match_statement": [],
                    "ip_set_reference_statement": [],
                    "label_match_statement": [],
                    "managed_rule_group_statement": [
                      {
                        "excluded_rule": [],
                        "name": "AWSManagedRulesLinuxRuleSet",
                        "scope_down_statement": [],
                        "vendor_name": "AWS",
                        "version": ""
                      }
                    ],
                    "not_statement": [],
                    "or_statement": [],
                    "rate_based_statement": [],
                    "regex_pattern_set_reference_statement": [],
                    "rule_group_reference_statement": [],
                    "size_constraint_statement": [],
                    "sqli_match_statement": [],
                    "xss_match_statement": []
                  }
                ],
                "visibility_config": [
                  {
                    "cloudwatch_metrics_enabled": true,
                    "metric_name": "AWS-AWSManagedRulesLinuxRuleSet",
                    "sampled_requests_enabled": true
                  }
                ]
              },
              {
                "action": [],
                "name": "AWS-AWSManagedRulesUnixRuleSet",
                "override_action": [
                  {
                    "count": [],
                    "none": [
                      {}
                    ]
                  }
                ],
                "priority": 5,
                "rule_label": [],
                "statement": [
                  {
                    "and_statement": [],
                    "byte_match_statement": [],
                    "geo_match_statement": [],
                    "ip_set_reference_statement": [],
                    "label_match_statement": [],
                    "managed_rule_group_statement": [
                      {
                        "excluded_rule": [],
                        "name": "AWSManagedRulesUnixRuleSet",
                        "scope_down_statement": [],
                        "vendor_name": "AWS",
                        "version": ""
                      }
                    ],
                    "not_statement": [],
                    "or_statement": [],
                    "rate_based_statement": [],
                    "regex_pattern_set_reference_statement": [],
                    "rule_group_reference_statement": [],
                    "size_constraint_statement": [],
                    "sqli_match_statement": [],
                    "xss_match_statement": []
                  }
                ],
                "visibility_config": [
                  {
                    "cloudwatch_metrics_enabled": true,
                    "metric_name": "AWS-AWSManagedRulesUnixRuleSet",
                    "sampled_requests_enabled": true
                  }
                ]
              },
              {
                "action": [],
                "name": "AWS-AWSManagedRulesWindowsRuleSet",
                "override_action": [
                  {
                    "count": [],
                    "none": [
                      {}
                    ]
                  }
                ],
                "priority": 6,
                "rule_label": [],
                "statement": [
                  {
                    "and_statement": [],
                    "byte_match_statement": [],
                    "geo_match_statement": [],
                    "ip_set_reference_statement": [],
                    "label_match_statement": [],
                    "managed_rule_group_statement": [
                      {
                        "excluded_rule": [],
                        "name": "AWSManagedRulesWindowsRuleSet",
                        "scope_down_statement": [],
                        "vendor_name": "AWS",
                        "version": ""
                      }
                    ],
                    "not_statement": [],
                    "or_statement": [],
                    "rate_based_statement": [],
                    "regex_pattern_set_reference_statement": [],
                    "rule_group_reference_statement": [],
                    "size_constraint_statement": [],
                    "sqli_match_statement": [],
                    "xss_match_statement": []
                  }
                ],
                "visibility_config": [
                  {
                    "cloudwatch_metrics_enabled": true,
                    "metric_name": "AWS-AWSManagedRulesWindowsRuleSet",
                    "sampled_requests_enabled": true
                  }
                ]
              }
            ],
            "scope": "REGIONAL",
            "tags": null,
            "tags_all": {},
            "visibility_config": [
              {
                "cloudwatch_metrics_enabled": true,
                "metric_name": "WAF_Common_Protections",
                "sampled_requests_enabled": true
              }
            ]
          },
          "sensitive_attributes": [],
          "private": "bnVsbA=="
        }
      ]
    }
  ],
  "check_results": null
}
