{
  "version": 4,
  "terraform_version": "1.7.4",
  "serial": 1630,
  "lineage": "77804ff6-2705-ef4e-0c4f-74fd7c1edc76",
  "outputs": {},
  "resources": [
    {
      "module": "module.aws-resources",
      "mode": "managed",
      "type": "aws_cloudfront_distribution",
      "name": "cloudfront_s3_distribution",
      "provider": "module.aws-resources.provider[\"registry.terraform.io/hashicorp/aws\"]",
      "instances": [
        {
          "schema_version": 1,
          "attributes": {
            "aliases": null,
            "arn": "arn:aws:cloudfront::846338211683:distribution/E3M01H948CSAOI",
            "caller_reference": "terraform-2024040616323686910000000a",
            "comment": null,
            "continuous_deployment_policy_id": "",
            "custom_error_response": [],
            "default_cache_behavior": [
              {
                "allowed_methods": [
                  "GET",
                  "HEAD"
                ],
                "cache_policy_id": "",
                "cached_methods": [
                  "GET",
                  "HEAD"
                ],
                "compress": false,
                "default_ttl": 3600,
                "field_level_encryption_id": "",
                "forwarded_values": [
                  {
                    "cookies": [
                      {
                        "forward": "none",
                        "whitelisted_names": []
                      }
                    ],
                    "headers": [],
                    "query_string": true,
                    "query_string_cache_keys": []
                  }
                ],
                "function_association": [],
                "lambda_function_association": [],
                "max_ttl": 86400,
                "min_ttl": 0,
                "origin_request_policy_id": "",
                "realtime_log_config_arn": "",
                "response_headers_policy_id": "",
                "smooth_streaming": false,
                "target_origin_id": "eks-project-front-end-source",
                "trusted_key_groups": [],
                "trusted_signers": [],
                "viewer_protocol_policy": "https-only"
              }
            ],
            "default_root_object": "index.html",
            "domain_name": "dcvmupeprrzc2.cloudfront.net",
            "enabled": true,
            "etag": "E3S97EZYOWU8LW",
            "hosted_zone_id": "Z2FDTNDATAQYW2",
            "http_version": "http2",
            "id": "E3M01H948CSAOI",
            "in_progress_validation_batches": 0,
            "is_ipv6_enabled": false,
            "last_modified_time": "2024-04-06 16:32:38.095 +0000 UTC",
            "logging_config": [],
            "ordered_cache_behavior": [],
            "origin": [
              {
                "connection_attempts": 3,
                "connection_timeout": 10,
                "custom_header": [],
                "custom_origin_config": [
                  {
                    "http_port": 80,
                    "https_port": 443,
                    "origin_keepalive_timeout": 5,
                    "origin_protocol_policy": "https-only",
                    "origin_read_timeout": 30,
                    "origin_ssl_protocols": [
                      "TLSv1.2"
                    ]
                  }
                ],
                "domain_name": "internal-application-loadbalancer-1645175021.us-east-1.elb.amazonaws.com",
                "origin_access_control_id": "",
                "origin_id": "arn:aws:elasticloadbalancing:us-east-1:846338211683:loadbalancer/app/application-loadbalancer/0b9a90a8932e2214",
                "origin_path": "",
                "origin_shield": [],
                "s3_origin_config": []
              },
              {
                "connection_attempts": 3,
                "connection_timeout": 10,
                "custom_header": [],
                "custom_origin_config": [],
                "domain_name": "eks-project-front-end-source.s3.amazonaws.com",
                "origin_access_control_id": "",
                "origin_id": "eks-project-front-end-source",
                "origin_path": "",
                "origin_shield": [],
                "s3_origin_config": [
                  {
                    "origin_access_identity": "origin-access-identity/cloudfront/EPA3MRR7P4OFJ"
                  }
                ]
              }
            ],
            "origin_group": [],
            "price_class": "PriceClass_100",
            "restrictions": [
              {
                "geo_restriction": [
                  {
                    "locations": [],
                    "restriction_type": "none"
                  }
                ]
              }
            ],
            "retain_on_delete": false,
            "staging": false,
            "status": "Deployed",
            "tags": {
              "description": "managed by terraform provisioning",
              "name": "terraform project"
            },
            "tags_all": {
              "description": "managed by terraform provisioning",
              "name": "terraform project"
            },
            "trusted_key_groups": [
              {
                "enabled": false,
                "items": []
              }
            ],
            "trusted_signers": [
              {
                "enabled": false,
                "items": []
              }
            ],
            "viewer_certificate": [
              {
                "acm_certificate_arn": "",
                "cloudfront_default_certificate": true,
                "iam_certificate_id": "",
                "minimum_protocol_version": "TLSv1",
                "ssl_support_method": ""
              }
            ],
            "wait_for_deployment": true,
            "web_acl_id": ""
          },
          "sensitive_attributes": [],
          "private": "eyJzY2hlbWFfdmVyc2lvbiI6IjEifQ==",
          "dependencies": [
            "module.aws-resources.aws_cloudfront_origin_access_identity.cloudfront_s3",
            "module.aws-resources.aws_lb.alb",
            "module.aws-resources.aws_s3_bucket.eks-project-front-end-source",
            "module.aws-resources.aws_security_group.alb_sg",
            "module.aws-resources.aws_subnet.private-subnet-1b",
            "module.aws-resources.aws_subnet.private-subnet-1c",
            "module.aws-resources.aws_subnet.public-subnet-1a",
            "module.aws-resources.aws_vpc.vpc-main"
          ]
        }
      ]
    },
    {
      "module": "module.aws-resources",
      "mode": "managed",
      "type": "aws_cloudfront_origin_access_identity",
      "name": "cloudfront_s3",
      "provider": "module.aws-resources.provider[\"registry.terraform.io/hashicorp/aws\"]",
      "instances": [
        {
          "schema_version": 0,
          "attributes": {
            "caller_reference": "terraform-20240406162921332400000001",
            "cloudfront_access_identity_path": "origin-access-identity/cloudfront/EPA3MRR7P4OFJ",
            "comment": "Cloudfront distribution",
            "etag": "E2D4CAMBITR4ZK",
            "iam_arn": "arn:aws:iam::cloudfront:user/CloudFront Origin Access Identity EPA3MRR7P4OFJ",
            "id": "EPA3MRR7P4OFJ",
            "s3_canonical_user_id": "7b875e29ece83169d0a78660fda57457b61f518f4860cd61ddfac024a1556a2ab454e79c4b50e1344a292f8045e75062"
          },
          "sensitive_attributes": [],
          "private": "bnVsbA=="
        }
      ]
    },
    {
      "module": "module.aws-resources",
      "mode": "managed",
      "type": "aws_cloudwatch_log_group",
      "name": "WafWebAclLoggroup",
      "provider": "module.aws-resources.provider[\"registry.terraform.io/hashicorp/aws\"]",
      "instances": [
        {
          "schema_version": 0,
          "attributes": {
            "arn": "arn:aws:logs:us-east-1:846338211683:log-group:aws-waf-logs-wafv2-web-acl",
            "id": "aws-waf-logs-wafv2-web-acl",
            "kms_key_id": "",
            "log_group_class": "STANDARD",
            "name": "aws-waf-logs-wafv2-web-acl",
            "name_prefix": "",
            "retention_in_days": 30,
            "skip_destroy": false,
            "tags": {
              "description": "managed by terraform provisioning",
              "name": "terraform project"
            },
            "tags_all": {
              "description": "managed by terraform provisioning",
              "name": "terraform project"
            }
          },
          "sensitive_attributes": [],
          "private": "bnVsbA=="
        }
      ]
    },
    {
      "module": "module.aws-resources",
      "mode": "managed",
      "type": "aws_db_subnet_group",
      "name": "subnet_group",
      "provider": "module.aws-resources.provider[\"registry.terraform.io/hashicorp/aws\"]",
      "instances": [
        {
          "schema_version": 0,
          "attributes": {
            "arn": "arn:aws:rds:us-east-1:846338211683:subgrp:rds-subnet-group",
            "description": "Managed by Terraform",
            "id": "rds-subnet-group",
            "name": "rds-subnet-group",
            "name_prefix": "",
            "subnet_ids": [
              "subnet-01bb4c2e05e8beead",
              "subnet-0d218e535e4e8b734",
              "subnet-0ff24730dea3b68a3"
            ],
            "supported_network_types": [
              "IPV4"
            ],
            "tags": {
              "description": "managed by terraform provisioning",
              "name": "terraform project"
            },
            "tags_all": {
              "description": "managed by terraform provisioning",
              "name": "terraform project"
            },
            "vpc_id": "vpc-0954cb3aa7ea18f30"
          },
          "sensitive_attributes": [],
          "private": "bnVsbA==",
          "dependencies": [
            "module.aws-resources.aws_subnet.private-subnet-1a",
            "module.aws-resources.aws_subnet.private-subnet-1b",
            "module.aws-resources.aws_subnet.private-subnet-1c",
            "module.aws-resources.aws_vpc.vpc-main"
          ]
        }
      ]
    },
    {
      "module": "module.aws-resources",
      "mode": "managed",
      "type": "aws_ecr_repository",
      "name": "ecr_repository",
      "provider": "module.aws-resources.provider[\"registry.terraform.io/hashicorp/aws\"]",
      "instances": [
        {
          "schema_version": 0,
          "attributes": {
            "arn": "arn:aws:ecr:us-east-1:846338211683:repository/eks-project",
            "encryption_configuration": [
              {
                "encryption_type": "AES256",
                "kms_key": ""
              }
            ],
            "force_delete": null,
            "id": "eks-project",
            "image_scanning_configuration": [
              {
                "scan_on_push": false
              }
            ],
            "image_tag_mutability": "MUTABLE",
            "name": "eks-project",
            "registry_id": "846338211683",
            "repository_url": "846338211683.dkr.ecr.us-east-1.amazonaws.com/eks-project",
            "tags": {
              "description": "managed by terraform provisioning",
              "name": "terraform project"
            },
            "tags_all": {
              "description": "managed by terraform provisioning",
              "name": "terraform project"
            },
            "timeouts": null
          },
          "sensitive_attributes": [],
          "private": "eyJlMmJmYjczMC1lY2FhLTExZTYtOGY4OC0zNDM2M2JjN2M0YzAiOnsiZGVsZXRlIjoxMjAwMDAwMDAwMDAwfX0="
        }
      ]
    },
    {
      "module": "module.aws-resources",
      "mode": "managed",
      "type": "aws_eip",
      "name": "nat-eip",
      "provider": "module.aws-resources.provider[\"registry.terraform.io/hashicorp/aws\"]",
      "instances": [
        {
          "schema_version": 0,
          "attributes": {
            "address": null,
            "allocation_id": "eipalloc-05c09051cc2003cce",
            "associate_with_private_ip": null,
            "association_id": "",
            "carrier_ip": "",
            "customer_owned_ip": "",
            "customer_owned_ipv4_pool": "",
            "domain": "vpc",
            "id": "eipalloc-05c09051cc2003cce",
            "instance": "",
            "network_border_group": "us-east-1",
            "network_interface": "",
            "private_dns": null,
            "private_ip": "",
            "public_dns": "ec2-23-20-145-148.compute-1.amazonaws.com",
            "public_ip": "23.20.145.148",
            "public_ipv4_pool": "amazon",
            "tags": {
              "description": "managed by terraform provisioning",
              "name": "terraform project"
            },
            "tags_all": {
              "description": "managed by terraform provisioning",
              "name": "terraform project"
            },
            "timeouts": null,
            "vpc": true
          },
          "sensitive_attributes": [],
          "private": "eyJlMmJmYjczMC1lY2FhLTExZTYtOGY4OC0zNDM2M2JjN2M0YzAiOnsiZGVsZXRlIjoxODAwMDAwMDAwMDAsInJlYWQiOjkwMDAwMDAwMDAwMCwidXBkYXRlIjozMDAwMDAwMDAwMDB9fQ=="
        }
      ]
    },
    {
      "module": "module.aws-resources",
      "mode": "managed",
      "type": "aws_eks_cluster",
      "name": "eks_cluster",
      "provider": "module.aws-resources.provider[\"registry.terraform.io/hashicorp/aws\"]",
      "instances": [
        {
          "schema_version": 0,
          "attributes": {
            "access_config": [
              {
                "authentication_mode": "CONFIG_MAP",
                "bootstrap_cluster_creator_admin_permissions": false
              }
            ],
            "arn": "arn:aws:eks:us-east-1:846338211683:cluster/Eks-cluster",
            "certificate_authority": [
              {
                "data": "LS0tLS1CRUdJTiBDRVJUSUZJQ0FURS0tLS0tCk1JSURCVENDQWUyZ0F3SUJBZ0lJTjNvdVlRSzJIaU13RFFZSktvWklodmNOQVFFTEJRQXdGVEVUTUJFR0ExVUUKQXhNS2EzVmlaWEp1WlhSbGN6QWVGdzB5TkRBME1EWXhOak13TURCYUZ3MHpOREEwTURReE5qTTFNREJhTUJVeApFekFSQmdOVkJBTVRDbXQxWW1WeWJtVjBaWE13Z2dFaU1BMEdDU3FHU0liM0RRRUJBUVVBQTRJQkR3QXdnZ0VLCkFvSUJBUUNlVDF5Zm9DUWNSR01oU0ZyTHZDUktyQXhqK1ZxbG9EODBWUXB3K1NDYmRXRG9sTXF4Vk95V21BNnkKRHZBUWFNQ0ZKcDk5V3p1SVJJL2hmcEdGMDZPcDVjVVlTcGxpSW5DbnNXam5MQldRQURhenNRczdBOGF2Q3lBRQpSNDIxbjl6Y2hQZFNUK2pRS1Q5Z3BHQUFZTGFzUkwyaThROHRack5mRjl0RUVKdkRoOERIN0tBTGdTT2p6dXpjCk5pczBDYnIyR1MzNlRPajFuVmthTVFTZWcwL2MveFRkeldncThHTTZYRGQ1aFl3TFZhU3Q2Y0JIaFZuVEJXSUEKV1BabmlFUUFGL3dWS0RnclNHNVE1NEZ2d1ZjZC91aXpZbjJDVlo4MjZoNnBubHNlYzYydkFBV3k4Z1VHd3gwdwpBbFhjTmFXa3VqK1RIU3dxSFlnSEVOM3Y4aUlGQWdNQkFBR2pXVEJYTUE0R0ExVWREd0VCL3dRRUF3SUNwREFQCkJnTlZIUk1CQWY4RUJUQURBUUgvTUIwR0ExVWREZ1FXQkJUZVpBbmVBblJKU1UrTXJHK3d2WGpWR2hKNHVEQVYKQmdOVkhSRUVEakFNZ2dwcmRXSmxjbTVsZEdWek1BMEdDU3FHU0liM0RRRUJDd1VBQTRJQkFRQk1jWXEzWnQwYwpSNU5WckhwY2VtYjdpWXF0RlpZeFVUWjRmVlJyMGFtK2Z5LzRQaVdsSFdOKzJyNllNQjNMRlpTM0trblVTc011CmpYLzVNWVgrenRCbk1BOVd1bS8zdFBRRVJCT215NzJUMmNlck80cG82RDBkeWtTSlgrZWFBM3RndzBNalRmK3QKZDJ3VEJRY2VXbmcwT0xKVm9nYlFUdUdkdlZOeWJrek9hMEFtU04zc1FNUVRHWWc5Q1phbkdxRlI5OXVuT2UxOQpQSnNCLzhjNWtBN3JlK21yMGpkNUtQakY5aWtkYlhsQmpFeUVUMlEzZ0paNkdiYWJISFhvd1ZsME9CV1BVbkhuCktKeW1PbENodUJYZ0ZTem5VVnozZFFVaVBmYUVqenM0SlZsZW8vSmNnclRKWkdNUHhyOVBlbDIvWWNwSEUyY00KN245REo0b2FoMURKCi0tLS0tRU5EIENFUlRJRklDQVRFLS0tLS0K"
              }
            ],
            "cluster_id": null,
            "created_at": "2024-04-06 16:29:41.642 +0000 UTC",
            "enabled_cluster_log_types": null,
            "encryption_config": [],
            "endpoint": "https://73EBC92BDD2069B8553EFD3A90AAF527.gr7.us-east-1.eks.amazonaws.com",
            "id": "Eks-cluster",
            "identity": [
              {
                "oidc": [
                  {
                    "issuer": "https://oidc.eks.us-east-1.amazonaws.com/id/73EBC92BDD2069B8553EFD3A90AAF527"
                  }
                ]
              }
            ],
            "kubernetes_network_config": [
              {
                "ip_family": "ipv4",
                "service_ipv4_cidr": "172.20.0.0/16",
                "service_ipv6_cidr": ""
              }
            ],
            "name": "Eks-cluster",
            "outpost_config": [],
            "platform_version": "eks.5",
            "role_arn": "arn:aws:iam::846338211683:role/eks_role",
            "status": "ACTIVE",
            "tags": {
              "description": "managed by terraform provisioning",
              "name": "terraform project"
            },
            "tags_all": {
              "description": "managed by terraform provisioning",
              "name": "terraform project"
            },
            "timeouts": null,
            "version": "1.29",
            "vpc_config": [
              {
                "cluster_security_group_id": "sg-064929262c5efda58",
                "endpoint_private_access": false,
                "endpoint_public_access": true,
                "public_access_cidrs": [
                  "0.0.0.0/0"
                ],
                "security_group_ids": null,
                "subnet_ids": [
                  "subnet-01bb4c2e05e8beead",
                  "subnet-0d218e535e4e8b734",
                  "subnet-0ff24730dea3b68a3"
                ],
                "vpc_id": "vpc-0954cb3aa7ea18f30"
              }
            ]
          },
          "sensitive_attributes": [],
          "private": "eyJlMmJmYjczMC1lY2FhLTExZTYtOGY4OC0zNDM2M2JjN2M0YzAiOnsiY3JlYXRlIjoxODAwMDAwMDAwMDAwLCJkZWxldGUiOjkwMDAwMDAwMDAwMCwidXBkYXRlIjozNjAwMDAwMDAwMDAwfX0=",
          "dependencies": [
            "module.aws-resources.aws_iam_role.role-eks",
            "module.aws-resources.aws_iam_role_policy_attachment.eks_attach",
            "module.aws-resources.aws_subnet.private-subnet-1a",
            "module.aws-resources.aws_subnet.private-subnet-1b",
            "module.aws-resources.aws_subnet.private-subnet-1c",
            "module.aws-resources.aws_vpc.vpc-main"
          ]
        }
      ]
    },
    {
      "module": "module.aws-resources",
      "mode": "managed",
      "type": "aws_eks_node_group",
      "name": "private-nodes",
      "provider": "module.aws-resources.provider[\"registry.terraform.io/hashicorp/aws\"]",
      "instances": [
        {
          "schema_version": 0,
          "attributes": {
            "ami_type": "AL2_x86_64",
            "arn": "arn:aws:eks:us-east-1:846338211683:nodegroup/Eks-cluster/private-nodes/fcc75a23-14c5-a5ea-812d-8778d361c3ba",
            "capacity_type": "SPOT",
            "cluster_name": "Eks-cluster",
            "disk_size": 20,
            "force_update_version": null,
            "id": "Eks-cluster:private-nodes",
            "instance_types": [
              "t3.medium"
            ],
            "labels": {
              "role": "Eks-cluster"
            },
            "launch_template": [],
            "node_group_name": "private-nodes",
            "node_group_name_prefix": "",
            "node_role_arn": "arn:aws:iam::846338211683:role/eks-node-group-nodes",
            "release_version": "1.29.0-20240329",
            "remote_access": [
              {
                "ec2_ssh_key": "public-bastion-host",
                "source_security_group_ids": [
                  "sg-0d0f9f67a78577256"
                ]
              }
            ],
            "resources": [
              {
                "autoscaling_groups": [
                  {
                    "name": "eks-private-nodes-fcc75a23-14c5-a5ea-812d-8778d361c3ba"
                  }
                ],
                "remote_access_security_group_id": "sg-0946c8089061a6eb6"
              }
            ],
            "scaling_config": [
              {
                "desired_size": 1,
                "max_size": 5,
                "min_size": 0
              }
            ],
            "status": "ACTIVE",
            "subnet_ids": [
              "subnet-01bb4c2e05e8beead",
              "subnet-0d218e535e4e8b734",
              "subnet-0ff24730dea3b68a3"
            ],
            "tags": {
              "description": "managed by terraform provisioning",
              "name": "terraform project"
            },
            "tags_all": {
              "description": "managed by terraform provisioning",
              "name": "terraform project"
            },
            "taint": [],
            "timeouts": null,
            "update_config": [
              {
                "max_unavailable": 1,
                "max_unavailable_percentage": 0
              }
            ],
            "version": "1.29"
          },
          "sensitive_attributes": [],
          "private": "eyJlMmJmYjczMC1lY2FhLTExZTYtOGY4OC0zNDM2M2JjN2M0YzAiOnsiY3JlYXRlIjozNjAwMDAwMDAwMDAwLCJkZWxldGUiOjM2MDAwMDAwMDAwMDAsInVwZGF0ZSI6MzYwMDAwMDAwMDAwMH19",
          "dependencies": [
            "module.aws-resources.aws_eks_cluster.eks_cluster",
            "module.aws-resources.aws_iam_role.nodes",
            "module.aws-resources.aws_iam_role.role-eks",
            "module.aws-resources.aws_iam_role_policy_attachment.eks_attach",
            "module.aws-resources.aws_iam_role_policy_attachment.nodes-AmazonEC2ContainerRegistryReadOnly",
            "module.aws-resources.aws_iam_role_policy_attachment.nodes-AmazonEKSWorkerNodePolicy",
            "module.aws-resources.aws_iam_role_policy_attachment.nodes-AmazonEKS_CNI_Policy",
            "module.aws-resources.aws_security_group.sg_private_eks_node",
            "module.aws-resources.aws_subnet.private-subnet-1a",
            "module.aws-resources.aws_subnet.private-subnet-1b",
            "module.aws-resources.aws_subnet.private-subnet-1c",
            "module.aws-resources.aws_vpc.vpc-main"
          ]
        }
      ]
    },
    {
      "module": "module.aws-resources",
      "mode": "managed",
      "type": "aws_elasticache_replication_group",
      "name": "redis",
      "provider": "module.aws-resources.provider[\"registry.terraform.io/hashicorp/aws\"]",
      "instances": [
        {
          "schema_version": 2,
          "attributes": {
            "apply_immediately": null,
            "arn": "arn:aws:elasticache:us-east-1:846338211683:replicationgroup:redis-cluster",
            "at_rest_encryption_enabled": true,
            "auth_token": "",
            "auth_token_update_strategy": "ROTATE",
            "auto_minor_version_upgrade": "true",
            "automatic_failover_enabled": true,
            "cluster_enabled": false,
            "configuration_endpoint_address": null,
            "data_tiering_enabled": false,
            "description": "redis replication",
            "engine": "redis",
            "engine_version": "6.0",
            "engine_version_actual": "6.0.5",
            "final_snapshot_identifier": null,
            "global_replication_group_id": null,
            "id": "redis-cluster",
            "ip_discovery": "ipv4",
            "kms_key_id": "",
            "log_delivery_configuration": [],
            "maintenance_window": "tue:04:30-tue:05:30",
            "member_clusters": [
              "redis-cluster-001",
              "redis-cluster-002",
              "redis-cluster-003"
            ],
            "multi_az_enabled": false,
            "network_type": "ipv4",
            "node_type": "cache.t3.micro",
            "notification_topic_arn": null,
            "num_cache_clusters": 3,
            "num_node_groups": 1,
            "parameter_group_name": "default.redis6.x",
            "port": 6379,
            "preferred_cache_cluster_azs": null,
            "primary_endpoint_address": "master.redis-cluster.0szwfp.use1.cache.amazonaws.com",
            "reader_endpoint_address": "replica.redis-cluster.0szwfp.use1.cache.amazonaws.com",
            "replicas_per_node_group": 2,
            "replication_group_id": "redis-cluster",
            "security_group_ids": [
              "sg-0ded5fa1c8fe86929"
            ],
            "security_group_names": [],
            "snapshot_arns": null,
            "snapshot_name": null,
            "snapshot_retention_limit": 0,
            "snapshot_window": "03:30-04:30",
            "subnet_group_name": "redis-subnet-group",
            "tags": {
              "description": "managed by terraform provisioning",
              "name": "terraform project"
            },
            "tags_all": {
              "description": "managed by terraform provisioning",
              "name": "terraform project"
            },
            "timeouts": null,
            "transit_encryption_enabled": true,
            "user_group_ids": null
          },
          "sensitive_attributes": [],
          "private": "eyJlMmJmYjczMC1lY2FhLTExZTYtOGY4OC0zNDM2M2JjN2M0YzAiOnsiY3JlYXRlIjozNjAwMDAwMDAwMDAwLCJkZWxldGUiOjI0MDAwMDAwMDAwMDAsInVwZGF0ZSI6MjQwMDAwMDAwMDAwMH0sInNjaGVtYV92ZXJzaW9uIjoiMiJ9",
          "dependencies": [
            "module.aws-resources.aws_elasticache_subnet_group.redis_subnet_group",
            "module.aws-resources.aws_security_group.redis_sg",
            "module.aws-resources.aws_subnet.private-subnet-1a",
            "module.aws-resources.aws_subnet.private-subnet-1b",
            "module.aws-resources.aws_subnet.private-subnet-1c",
            "module.aws-resources.aws_subnet.public-subnet-1a",
            "module.aws-resources.aws_vpc.vpc-main"
          ]
        }
      ]
    },
    {
      "module": "module.aws-resources",
      "mode": "managed",
      "type": "aws_elasticache_subnet_group",
      "name": "redis_subnet_group",
      "provider": "module.aws-resources.provider[\"registry.terraform.io/hashicorp/aws\"]",
      "instances": [
        {
          "schema_version": 0,
          "attributes": {
            "arn": "arn:aws:elasticache:us-east-1:846338211683:subnetgroup:redis-subnet-group",
            "description": "Managed by Terraform",
            "id": "redis-subnet-group",
            "name": "redis-subnet-group",
            "subnet_ids": [
              "subnet-01bb4c2e05e8beead",
              "subnet-0d218e535e4e8b734",
              "subnet-0ff24730dea3b68a3"
            ],
            "tags": {
              "description": "managed by terraform provisioning",
              "name": "terraform project"
            },
            "tags_all": {
              "description": "managed by terraform provisioning",
              "name": "terraform project"
            },
            "vpc_id": "vpc-0954cb3aa7ea18f30"
          },
          "sensitive_attributes": [],
          "private": "bnVsbA==",
          "dependencies": [
            "module.aws-resources.aws_subnet.private-subnet-1a",
            "module.aws-resources.aws_subnet.private-subnet-1b",
            "module.aws-resources.aws_subnet.private-subnet-1c",
            "module.aws-resources.aws_vpc.vpc-main"
          ]
        }
      ]
    },
    {
      "module": "module.aws-resources",
      "mode": "managed",
      "type": "aws_iam_role",
      "name": "nodes",
      "provider": "module.aws-resources.provider[\"registry.terraform.io/hashicorp/aws\"]",
      "instances": [
        {
          "schema_version": 0,
          "attributes": {
            "arn": "arn:aws:iam::846338211683:role/eks-node-group-nodes",
            "assume_role_policy": "{\"Statement\":[{\"Action\":\"sts:AssumeRole\",\"Effect\":\"Allow\",\"Principal\":{\"Service\":\"ec2.amazonaws.com\"}}],\"Version\":\"2012-10-17\"}",
            "create_date": "2024-04-06T16:29:22Z",
            "description": "",
            "force_detach_policies": false,
            "id": "eks-node-group-nodes",
            "inline_policy": [],
            "managed_policy_arns": [],
            "max_session_duration": 3600,
            "name": "eks-node-group-nodes",
            "name_prefix": "",
            "path": "/",
            "permissions_boundary": "",
            "tags": null,
            "tags_all": {},
            "unique_id": "AROA4KDNQH5R7DIS3NDXF"
          },
          "sensitive_attributes": [],
          "private": "bnVsbA=="
        }
      ]
    },
    {
      "module": "module.aws-resources",
      "mode": "managed",
      "type": "aws_iam_role",
      "name": "role-eks",
      "provider": "module.aws-resources.provider[\"registry.terraform.io/hashicorp/aws\"]",
      "instances": [
        {
          "schema_version": 0,
          "attributes": {
            "arn": "arn:aws:iam::846338211683:role/eks_role",
            "assume_role_policy": "{\"Statement\":[{\"Action\":\"sts:AssumeRole\",\"Effect\":\"Allow\",\"Principal\":{\"Service\":[\"eks.amazonaws.com\"]}}],\"Version\":\"2012-10-17\"}",
            "create_date": "2024-04-06T16:29:22Z",
            "description": "",
            "force_detach_policies": false,
            "id": "eks_role",
            "inline_policy": [],
            "managed_policy_arns": [],
            "max_session_duration": 3600,
            "name": "eks_role",
            "name_prefix": "",
            "path": "/",
            "permissions_boundary": "",
            "tags": null,
            "tags_all": {},
            "unique_id": "AROA4KDNQH5RQROMNBSAT"
          },
          "sensitive_attributes": [],
          "private": "bnVsbA=="
        }
      ]
    },
    {
      "module": "module.aws-resources",
      "mode": "managed",
      "type": "aws_iam_role_policy_attachment",
      "name": "eks_attach",
      "provider": "module.aws-resources.provider[\"registry.terraform.io/hashicorp/aws\"]",
      "instances": [
        {
          "schema_version": 0,
          "attributes": {
            "id": "eks_role-20240406162924127200000005",
            "policy_arn": "arn:aws:iam::aws:policy/AmazonEKSClusterPolicy",
            "role": "eks_role"
          },
          "sensitive_attributes": [],
          "private": "bnVsbA==",
          "dependencies": [
            "module.aws-resources.aws_iam_role.role-eks"
          ]
        }
      ]
    },
    {
      "module": "module.aws-resources",
      "mode": "managed",
      "type": "aws_iam_role_policy_attachment",
      "name": "nodes-AmazonEC2ContainerRegistryReadOnly",
      "provider": "module.aws-resources.provider[\"registry.terraform.io/hashicorp/aws\"]",
      "instances": [
        {
          "schema_version": 0,
          "attributes": {
            "id": "eks-node-group-nodes-20240406162924025600000004",
            "policy_arn": "arn:aws:iam::aws:policy/AmazonEC2ContainerRegistryReadOnly",
            "role": "eks-node-group-nodes"
          },
          "sensitive_attributes": [],
          "private": "bnVsbA==",
          "dependencies": [
            "module.aws-resources.aws_iam_role.nodes"
          ]
        }
      ]
    },
    {
      "module": "module.aws-resources",
      "mode": "managed",
      "type": "aws_iam_role_policy_attachment",
      "name": "nodes-AmazonEKSWorkerNodePolicy",
      "provider": "module.aws-resources.provider[\"registry.terraform.io/hashicorp/aws\"]",
      "instances": [
        {
          "schema_version": 0,
          "attributes": {
            "id": "eks-node-group-nodes-20240406162923670900000002",
            "policy_arn": "arn:aws:iam::aws:policy/AmazonEKSWorkerNodePolicy",
            "role": "eks-node-group-nodes"
          },
          "sensitive_attributes": [],
          "private": "bnVsbA==",
          "dependencies": [
            "module.aws-resources.aws_iam_role.nodes"
          ]
        }
      ]
    },
    {
      "module": "module.aws-resources",
      "mode": "managed",
      "type": "aws_iam_role_policy_attachment",
      "name": "nodes-AmazonEKS_CNI_Policy",
      "provider": "module.aws-resources.provider[\"registry.terraform.io/hashicorp/aws\"]",
      "instances": [
        {
          "schema_version": 0,
          "attributes": {
            "id": "eks-node-group-nodes-20240406162923762500000003",
            "policy_arn": "arn:aws:iam::aws:policy/AmazonEKS_CNI_Policy",
            "role": "eks-node-group-nodes"
          },
          "sensitive_attributes": [],
          "private": "bnVsbA==",
          "dependencies": [
            "module.aws-resources.aws_iam_role.nodes"
          ]
        }
      ]
    },
    {
      "module": "module.aws-resources",
      "mode": "managed",
      "type": "aws_instance",
      "name": "bastion_host",
      "provider": "module.aws-resources.provider[\"registry.terraform.io/hashicorp/aws\"]",
      "instances": [
        {
          "schema_version": 1,
          "attributes": {
            "ami": "ami-0c101f26f147fa7fd",
            "arn": "arn:aws:ec2:us-east-1:846338211683:instance/i-0763520177f8d253e",
            "associate_public_ip_address": true,
            "availability_zone": "us-east-1a",
            "capacity_reservation_specification": [
              {
                "capacity_reservation_preference": "open",
                "capacity_reservation_target": []
              }
            ],
            "cpu_core_count": 1,
            "cpu_options": [
              {
                "amd_sev_snp": "",
                "core_count": 1,
                "threads_per_core": 1
              }
            ],
            "cpu_threads_per_core": 1,
            "credit_specification": [
              {
                "cpu_credits": "standard"
              }
            ],
            "disable_api_stop": false,
            "disable_api_termination": false,
            "ebs_block_device": [],
            "ebs_optimized": false,
            "enclave_options": [
              {
                "enabled": false
              }
            ],
            "ephemeral_block_device": [],
            "get_password_data": false,
            "hibernation": false,
            "host_id": "",
            "host_resource_group_arn": null,
            "iam_instance_profile": "",
            "id": "i-0763520177f8d253e",
            "instance_initiated_shutdown_behavior": "stop",
            "instance_lifecycle": "",
            "instance_market_options": [],
            "instance_state": "running",
            "instance_type": "t2.micro",
            "ipv6_address_count": 0,
            "ipv6_addresses": [],
            "key_name": "public-bastion-host",
            "launch_template": [],
            "maintenance_options": [
              {
                "auto_recovery": "default"
              }
            ],
            "metadata_options": [
              {
                "http_endpoint": "enabled",
                "http_protocol_ipv6": "disabled",
                "http_put_response_hop_limit": 2,
                "http_tokens": "required",
                "instance_metadata_tags": "disabled"
              }
            ],
            "monitoring": false,
            "network_interface": [],
            "outpost_arn": "",
            "password_data": "",
            "placement_group": "",
            "placement_partition_number": 0,
            "primary_network_interface_id": "eni-013c0dde418e61782",
            "private_dns": "ip-10-0-56-216.ec2.internal",
            "private_dns_name_options": [
              {
                "enable_resource_name_dns_a_record": false,
                "enable_resource_name_dns_aaaa_record": false,
                "hostname_type": "ip-name"
              }
            ],
            "private_ip": "10.0.56.216",
            "public_dns": "ec2-34-234-75-167.compute-1.amazonaws.com",
            "public_ip": "34.234.75.167",
            "root_block_device": [
              {
                "delete_on_termination": true,
                "device_name": "/dev/xvda",
                "encrypted": false,
                "iops": 3000,
                "kms_key_id": "",
                "tags": {},
                "tags_all": {},
                "throughput": 125,
                "volume_id": "vol-0190b353534a9cdb6",
                "volume_size": 8,
                "volume_type": "gp3"
              }
            ],
            "secondary_private_ips": [],
            "security_groups": [
              "sg-0ecbc9d13e888de9b"
            ],
            "source_dest_check": true,
            "spot_instance_request_id": "",
            "subnet_id": "subnet-006c4a1bc996b82f9",
            "tags": {
              "description": "managed by terraform provisioning",
              "name": "terraform project"
            },
            "tags_all": {
              "description": "managed by terraform provisioning",
              "name": "terraform project"
            },
            "tenancy": "default",
            "timeouts": null,
            "user_data": null,
            "user_data_base64": null,
            "user_data_replace_on_change": false,
            "volume_tags": null,
            "vpc_security_group_ids": [
              "sg-0ecbc9d13e888de9b"
            ]
          },
          "sensitive_attributes": [],
          "private": "eyJlMmJmYjczMC1lY2FhLTExZTYtOGY4OC0zNDM2M2JjN2M0YzAiOnsiY3JlYXRlIjo2MDAwMDAwMDAwMDAsImRlbGV0ZSI6MTIwMDAwMDAwMDAwMCwicmVhZCI6OTAwMDAwMDAwMDAwLCJ1cGRhdGUiOjYwMDAwMDAwMDAwMH0sInNjaGVtYV92ZXJzaW9uIjoiMSJ9",
          "dependencies": [
            "module.aws-resources.aws_security_group.bastion_sg",
            "module.aws-resources.aws_subnet.private-subnet-1a",
            "module.aws-resources.aws_subnet.private-subnet-1b",
            "module.aws-resources.aws_subnet.private-subnet-1c",
            "module.aws-resources.aws_subnet.public-subnet-1a",
            "module.aws-resources.aws_vpc.vpc-main"
          ]
        }
      ]
    },
    {
      "module": "module.aws-resources",
      "mode": "managed",
      "type": "aws_internet_gateway",
      "name": "gw",
      "provider": "module.aws-resources.provider[\"registry.terraform.io/hashicorp/aws\"]",
      "instances": [
        {
          "schema_version": 0,
          "attributes": {
            "arn": "arn:aws:ec2:us-east-1:846338211683:internet-gateway/igw-06e2c78a3261fabca",
            "id": "igw-06e2c78a3261fabca",
            "owner_id": "846338211683",
            "tags": {
              "description": "managed by terraform provisioning",
              "name": "terraform project"
            },
            "tags_all": {
              "description": "managed by terraform provisioning",
              "name": "terraform project"
            },
            "timeouts": null,
            "vpc_id": "vpc-0954cb3aa7ea18f30"
          },
          "sensitive_attributes": [],
          "private": "eyJlMmJmYjczMC1lY2FhLTExZTYtOGY4OC0zNDM2M2JjN2M0YzAiOnsiY3JlYXRlIjoxMjAwMDAwMDAwMDAwLCJkZWxldGUiOjEyMDAwMDAwMDAwMDAsInVwZGF0ZSI6MTIwMDAwMDAwMDAwMH19",
          "dependencies": [
            "module.aws-resources.aws_vpc.vpc-main"
          ]
        }
      ]
    },
    {
      "module": "module.aws-resources",
      "mode": "managed",
      "type": "aws_lb",
      "name": "alb",
      "provider": "module.aws-resources.provider[\"registry.terraform.io/hashicorp/aws\"]",
      "instances": [
        {
          "schema_version": 0,
          "attributes": {
            "access_logs": [
              {
                "bucket": "",
                "enabled": false,
                "prefix": ""
              }
            ],
            "arn": "arn:aws:elasticloadbalancing:us-east-1:846338211683:loadbalancer/app/application-loadbalancer/0b9a90a8932e2214",
            "arn_suffix": "app/application-loadbalancer/0b9a90a8932e2214",
            "connection_logs": [
              {
                "bucket": "",
                "enabled": false,
                "prefix": ""
              }
            ],
            "customer_owned_ipv4_pool": "",
            "desync_mitigation_mode": "defensive",
            "dns_name": "internal-application-loadbalancer-1645175021.us-east-1.elb.amazonaws.com",
            "dns_record_client_routing_policy": null,
            "drop_invalid_header_fields": false,
            "enable_cross_zone_load_balancing": true,
            "enable_deletion_protection": false,
            "enable_http2": true,
            "enable_tls_version_and_cipher_suite_headers": false,
            "enable_waf_fail_open": false,
            "enable_xff_client_port": false,
            "enforce_security_group_inbound_rules_on_private_link_traffic": "",
            "id": "arn:aws:elasticloadbalancing:us-east-1:846338211683:loadbalancer/app/application-loadbalancer/0b9a90a8932e2214",
            "idle_timeout": 60,
            "internal": true,
            "ip_address_type": "ipv4",
            "load_balancer_type": "application",
            "name": "application-loadbalancer",
            "name_prefix": "",
            "preserve_host_header": false,
            "security_groups": [
              "sg-0fe42b1481472b56f"
            ],
            "subnet_mapping": [
              {
                "allocation_id": "",
                "ipv6_address": "",
                "outpost_id": "",
                "private_ipv4_address": "",
                "subnet_id": "subnet-006c4a1bc996b82f9"
              },
              {
                "allocation_id": "",
                "ipv6_address": "",
                "outpost_id": "",
                "private_ipv4_address": "",
                "subnet_id": "subnet-01bb4c2e05e8beead"
              },
              {
                "allocation_id": "",
                "ipv6_address": "",
                "outpost_id": "",
                "private_ipv4_address": "",
                "subnet_id": "subnet-0ff24730dea3b68a3"
              }
            ],
            "subnets": [
              "subnet-006c4a1bc996b82f9",
              "subnet-01bb4c2e05e8beead",
              "subnet-0ff24730dea3b68a3"
            ],
            "tags": {
              "description": "managed by terraform provisioning",
              "name": "terraform project"
            },
            "tags_all": {
              "description": "managed by terraform provisioning",
              "name": "terraform project"
            },
            "timeouts": null,
            "vpc_id": "vpc-0954cb3aa7ea18f30",
            "xff_header_processing_mode": "append",
            "zone_id": "Z35SXDOTRQ7X7K"
          },
          "sensitive_attributes": [],
          "private": "eyJlMmJmYjczMC1lY2FhLTExZTYtOGY4OC0zNDM2M2JjN2M0YzAiOnsiY3JlYXRlIjo2MDAwMDAwMDAwMDAsImRlbGV0ZSI6NjAwMDAwMDAwMDAwLCJ1cGRhdGUiOjYwMDAwMDAwMDAwMH19",
          "dependencies": [
            "module.aws-resources.aws_security_group.alb_sg",
            "module.aws-resources.aws_subnet.private-subnet-1b",
            "module.aws-resources.aws_subnet.private-subnet-1c",
            "module.aws-resources.aws_subnet.public-subnet-1a",
            "module.aws-resources.aws_vpc.vpc-main"
          ]
        }
      ]
    },
    {
      "module": "module.aws-resources",
      "mode": "managed",
      "type": "aws_lb",
      "name": "network_lb",
      "provider": "module.aws-resources.provider[\"registry.terraform.io/hashicorp/aws\"]",
      "instances": [
        {
          "schema_version": 0,
          "attributes": {
            "access_logs": [
              {
                "bucket": "",
                "enabled": false,
                "prefix": ""
              }
            ],
            "arn": "arn:aws:elasticloadbalancing:us-east-1:846338211683:loadbalancer/net/network-lb/7aab608027889fd2",
            "arn_suffix": "net/network-lb/7aab608027889fd2",
            "connection_logs": [],
            "customer_owned_ipv4_pool": "",
            "desync_mitigation_mode": null,
            "dns_name": "network-lb-7aab608027889fd2.elb.us-east-1.amazonaws.com",
            "dns_record_client_routing_policy": "any_availability_zone",
            "drop_invalid_header_fields": null,
            "enable_cross_zone_load_balancing": true,
            "enable_deletion_protection": false,
            "enable_http2": null,
            "enable_tls_version_and_cipher_suite_headers": null,
            "enable_waf_fail_open": null,
            "enable_xff_client_port": null,
            "enforce_security_group_inbound_rules_on_private_link_traffic": "",
            "id": "arn:aws:elasticloadbalancing:us-east-1:846338211683:loadbalancer/net/network-lb/7aab608027889fd2",
            "idle_timeout": null,
            "internal": true,
            "ip_address_type": "ipv4",
            "load_balancer_type": "network",
            "name": "network-lb",
            "name_prefix": "",
            "preserve_host_header": null,
            "security_groups": [],
            "subnet_mapping": [
              {
                "allocation_id": "",
                "ipv6_address": "",
                "outpost_id": "",
                "private_ipv4_address": "",
                "subnet_id": "subnet-01bb4c2e05e8beead"
              },
              {
                "allocation_id": "",
                "ipv6_address": "",
                "outpost_id": "",
                "private_ipv4_address": "",
                "subnet_id": "subnet-0d218e535e4e8b734"
              },
              {
                "allocation_id": "",
                "ipv6_address": "",
                "outpost_id": "",
                "private_ipv4_address": "",
                "subnet_id": "subnet-0ff24730dea3b68a3"
              }
            ],
            "subnets": [
              "subnet-01bb4c2e05e8beead",
              "subnet-0d218e535e4e8b734",
              "subnet-0ff24730dea3b68a3"
            ],
            "tags": {
              "description": "managed by terraform provisioning",
              "name": "terraform project"
            },
            "tags_all": {
              "description": "managed by terraform provisioning",
              "name": "terraform project"
            },
            "timeouts": null,
            "vpc_id": "vpc-0954cb3aa7ea18f30",
            "xff_header_processing_mode": null,
            "zone_id": "Z26RNL4JYFTOTI"
          },
          "sensitive_attributes": [],
          "private": "eyJlMmJmYjczMC1lY2FhLTExZTYtOGY4OC0zNDM2M2JjN2M0YzAiOnsiY3JlYXRlIjo2MDAwMDAwMDAwMDAsImRlbGV0ZSI6NjAwMDAwMDAwMDAwLCJ1cGRhdGUiOjYwMDAwMDAwMDAwMH19",
          "dependencies": [
            "module.aws-resources.aws_subnet.private-subnet-1a",
            "module.aws-resources.aws_subnet.private-subnet-1b",
            "module.aws-resources.aws_subnet.private-subnet-1c",
            "module.aws-resources.aws_vpc.vpc-main"
          ]
        }
      ]
    },
    {
      "module": "module.aws-resources",
      "mode": "managed",
      "type": "aws_lb_listener",
      "name": "listener",
      "provider": "module.aws-resources.provider[\"registry.terraform.io/hashicorp/aws\"]",
      "instances": [
        {
          "schema_version": 0,
          "attributes": {
            "alpn_policy": null,
            "arn": "arn:aws:elasticloadbalancing:us-east-1:846338211683:listener/net/network-lb/7aab608027889fd2/fc55971ef9f0472e",
            "certificate_arn": null,
            "default_action": [
              {
                "authenticate_cognito": [],
                "authenticate_oidc": [],
                "fixed_response": [],
                "forward": [],
                "order": 1,
                "redirect": [],
                "target_group_arn": "arn:aws:elasticloadbalancing:us-east-1:846338211683:targetgroup/target-group/c43557dad8e1e0d6",
                "type": "forward"
              }
            ],
            "id": "arn:aws:elasticloadbalancing:us-east-1:846338211683:listener/net/network-lb/7aab608027889fd2/fc55971ef9f0472e",
            "load_balancer_arn": "arn:aws:elasticloadbalancing:us-east-1:846338211683:loadbalancer/net/network-lb/7aab608027889fd2",
            "mutual_authentication": [],
            "port": 80,
            "protocol": "TCP",
            "ssl_policy": "",
            "tags": {
              "description": "managed by terraform provisioning",
              "name": "terraform project"
            },
            "tags_all": {
              "description": "managed by terraform provisioning",
              "name": "terraform project"
            },
            "timeouts": null
          },
          "sensitive_attributes": [],
          "private": "eyJlMmJmYjczMC1lY2FhLTExZTYtOGY4OC0zNDM2M2JjN2M0YzAiOnsiY3JlYXRlIjozMDAwMDAwMDAwMDAsInVwZGF0ZSI6MzAwMDAwMDAwMDAwfX0=",
          "dependencies": [
            "module.aws-resources.aws_lb.network_lb",
            "module.aws-resources.aws_lb_target_group.target_group",
            "module.aws-resources.aws_subnet.private-subnet-1a",
            "module.aws-resources.aws_subnet.private-subnet-1b",
            "module.aws-resources.aws_subnet.private-subnet-1c",
            "module.aws-resources.aws_vpc.vpc-main"
          ]
        }
      ]
    },
    {
      "module": "module.aws-resources",
      "mode": "managed",
      "type": "aws_lb_target_group",
      "name": "target_group",
      "provider": "module.aws-resources.provider[\"registry.terraform.io/hashicorp/aws\"]",
      "instances": [
        {
          "schema_version": 0,
          "attributes": {
            "arn": "arn:aws:elasticloadbalancing:us-east-1:846338211683:targetgroup/target-group/c43557dad8e1e0d6",
            "arn_suffix": "targetgroup/target-group/c43557dad8e1e0d6",
            "connection_termination": false,
            "deregistration_delay": "300",
            "health_check": [
              {
                "enabled": true,
                "healthy_threshold": 5,
                "interval": 30,
                "matcher": "",
                "path": "",
                "port": "traffic-port",
                "protocol": "TCP",
                "timeout": 10,
                "unhealthy_threshold": 2
              }
            ],
            "id": "arn:aws:elasticloadbalancing:us-east-1:846338211683:targetgroup/target-group/c43557dad8e1e0d6",
            "ip_address_type": "ipv4",
            "lambda_multi_value_headers_enabled": false,
            "load_balancer_arns": [],
            "load_balancing_algorithm_type": null,
            "load_balancing_anomaly_mitigation": null,
            "load_balancing_cross_zone_enabled": "use_load_balancer_configuration",
            "name": "target-group",
            "name_prefix": "",
            "port": 80,
            "preserve_client_ip": "true",
            "protocol": "TCP",
            "protocol_version": null,
            "proxy_protocol_v2": false,
            "slow_start": 0,
            "stickiness": [
              {
                "cookie_duration": 0,
                "cookie_name": "",
                "enabled": false,
                "type": "source_ip"
              }
            ],
            "tags": {
              "description": "managed by terraform provisioning",
              "name": "terraform project"
            },
            "tags_all": {
              "description": "managed by terraform provisioning",
              "name": "terraform project"
            },
            "target_failover": [
              {
                "on_deregistration": null,
                "on_unhealthy": null
              }
            ],
            "target_health_state": [
              {
                "enable_unhealthy_connection_termination": true
              }
            ],
            "target_type": "instance",
            "vpc_id": "vpc-0954cb3aa7ea18f30"
          },
          "sensitive_attributes": [],
          "private": "bnVsbA==",
          "dependencies": [
            "module.aws-resources.aws_vpc.vpc-main"
          ]
        }
      ]
    },
    {
      "module": "module.aws-resources",
      "mode": "managed",
      "type": "aws_nat_gateway",
      "name": "nat-gw",
      "provider": "module.aws-resources.provider[\"registry.terraform.io/hashicorp/aws\"]",
      "instances": [
        {
          "schema_version": 0,
          "attributes": {
            "allocation_id": "eipalloc-05c09051cc2003cce",
            "association_id": "eipassoc-00e18974333027d48",
            "connectivity_type": "public",
            "id": "nat-0a693d2a523985a2d",
            "network_interface_id": "eni-0faa5fdc9f6295986",
            "private_ip": "10.0.9.205",
            "public_ip": "23.20.145.148",
            "secondary_allocation_ids": null,
            "secondary_private_ip_address_count": 0,
            "secondary_private_ip_addresses": [],
            "subnet_id": "subnet-006c4a1bc996b82f9",
            "tags": {
              "description": "managed by terraform provisioning",
              "name": "terraform project"
            },
            "tags_all": {
              "description": "managed by terraform provisioning",
              "name": "terraform project"
            },
            "timeouts": null
          },
          "sensitive_attributes": [],
          "private": "eyJlMmJmYjczMC1lY2FhLTExZTYtOGY4OC0zNDM2M2JjN2M0YzAiOnsiY3JlYXRlIjo2MDAwMDAwMDAwMDAsImRlbGV0ZSI6MTgwMDAwMDAwMDAwMCwidXBkYXRlIjo2MDAwMDAwMDAwMDB9fQ==",
          "dependencies": [
            "module.aws-resources.aws_eip.nat-eip",
            "module.aws-resources.aws_internet_gateway.gw",
            "module.aws-resources.aws_subnet.public-subnet-1a",
            "module.aws-resources.aws_vpc.vpc-main"
          ]
        }
      ]
    },
    {
      "module": "module.aws-resources",
      "mode": "managed",
      "type": "aws_rds_cluster",
      "name": "aurora-postgresql-cluster",
      "provider": "module.aws-resources.provider[\"registry.terraform.io/hashicorp/aws\"]",
      "instances": [
        {
          "schema_version": 1,
          "attributes": {
            "allocated_storage": 1,
            "allow_major_version_upgrade": null,
            "apply_immediately": null,
            "arn": "arn:aws:rds:us-east-1:846338211683:cluster:aurora-postgresql-cluster",
            "availability_zones": [
              "us-east-1a",
              "us-east-1b",
              "us-east-1c"
            ],
            "backtrack_window": 0,
            "backup_retention_period": 1,
            "cluster_identifier": "aurora-postgresql-cluster",
            "cluster_identifier_prefix": "",
            "cluster_members": [],
            "cluster_resource_id": "cluster-GN3OG3RUZ7JOPT53KVASD763CA",
            "copy_tags_to_snapshot": false,
            "database_name": "test",
            "db_cluster_instance_class": "",
            "db_cluster_parameter_group_name": "default.aurora-postgresql13",
            "db_instance_parameter_group_name": null,
            "db_subnet_group_name": "rds-subnet-group",
            "db_system_id": "",
            "delete_automated_backups": true,
            "deletion_protection": false,
            "domain": "",
            "domain_iam_role_name": "",
            "enable_global_write_forwarding": false,
            "enable_http_endpoint": false,
            "enable_local_write_forwarding": false,
            "enabled_cloudwatch_logs_exports": null,
            "endpoint": "aurora-postgresql-cluster.cluster-cfoke28w2qup.us-east-1.rds.amazonaws.com",
            "engine": "aurora-postgresql",
            "engine_mode": "provisioned",
            "engine_version": "13.7",
            "engine_version_actual": "13.7",
            "final_snapshot_identifier": null,
            "global_cluster_identifier": "",
            "hosted_zone_id": "Z2R2ITUGPM61AM",
            "iam_database_authentication_enabled": false,
            "iam_roles": [],
            "id": "aurora-postgresql-cluster",
            "iops": 0,
            "kms_key_id": "arn:aws:kms:us-east-1:846338211683:key/127a74b0-9eb3-4f35-bf11-c4c71433efa7",
            "manage_master_user_password": null,
            "master_password": "sadalkdakl232",
            "master_user_secret": [],
            "master_user_secret_kms_key_id": null,
            "master_username": "test",
            "network_type": "IPV4",
            "port": 5432,
            "preferred_backup_window": "09:18-09:48",
            "preferred_maintenance_window": "fri:07:16-fri:07:46",
            "reader_endpoint": "aurora-postgresql-cluster.cluster-ro-cfoke28w2qup.us-east-1.rds.amazonaws.com",
            "replication_source_identifier": "",
            "restore_to_point_in_time": [],
            "s3_import": [],
            "scaling_configuration": [],
            "serverlessv2_scaling_configuration": [
              {
                "max_capacity": 1,
                "min_capacity": 0.5
              }
            ],
            "skip_final_snapshot": true,
            "snapshot_identifier": null,
            "source_region": null,
            "storage_encrypted": true,
            "storage_type": "",
            "tags": null,
            "tags_all": {},
            "timeouts": null,
            "vpc_security_group_ids": [
              "sg-0d22ddf2819bd396a"
            ]
          },
          "sensitive_attributes": [],
          "private": "eyJlMmJmYjczMC1lY2FhLTExZTYtOGY4OC0zNDM2M2JjN2M0YzAiOnsiY3JlYXRlIjo3MjAwMDAwMDAwMDAwLCJkZWxldGUiOjcyMDAwMDAwMDAwMDAsInVwZGF0ZSI6NzIwMDAwMDAwMDAwMH0sInNjaGVtYV92ZXJzaW9uIjoiMSJ9",
          "dependencies": [
            "module.aws-resources.aws_db_subnet_group.subnet_group",
            "module.aws-resources.aws_security_group.rds_cluster_sg",
            "module.aws-resources.aws_subnet.private-subnet-1a",
            "module.aws-resources.aws_subnet.private-subnet-1b",
            "module.aws-resources.aws_subnet.private-subnet-1c",
            "module.aws-resources.aws_subnet.public-subnet-1a",
            "module.aws-resources.aws_vpc.vpc-main"
          ]
        }
      ]
    },
    {
      "module": "module.aws-resources",
      "mode": "managed",
      "type": "aws_rds_cluster_instance",
      "name": "aurora-postgresql-cluster",
      "provider": "module.aws-resources.provider[\"registry.terraform.io/hashicorp/aws\"]",
      "instances": [
        {
          "index_key": "us-east-1a",
          "schema_version": 0,
          "attributes": {
            "apply_immediately": null,
            "arn": "arn:aws:rds:us-east-1:846338211683:db:instance-us-east-1a",
            "auto_minor_version_upgrade": true,
            "availability_zone": "us-east-1a",
            "ca_cert_identifier": "rds-ca-rsa2048-g1",
            "cluster_identifier": "aurora-postgresql-cluster",
            "copy_tags_to_snapshot": false,
            "custom_iam_instance_profile": "",
            "db_parameter_group_name": "default.aurora-postgresql13",
            "db_subnet_group_name": "rds-subnet-group",
            "dbi_resource_id": "db-SIFZW6LFX3AK42X55JIWPKTYOY",
            "endpoint": "instance-us-east-1a.cfoke28w2qup.us-east-1.rds.amazonaws.com",
            "engine": "aurora-postgresql",
            "engine_version": "13.7",
            "engine_version_actual": "13.7",
            "id": "instance-us-east-1a",
            "identifier": "instance-us-east-1a",
            "identifier_prefix": "",
            "instance_class": "db.serverless",
            "kms_key_id": "arn:aws:kms:us-east-1:846338211683:key/127a74b0-9eb3-4f35-bf11-c4c71433efa7",
            "monitoring_interval": 0,
            "monitoring_role_arn": "",
            "network_type": "IPV4",
            "performance_insights_enabled": false,
            "performance_insights_kms_key_id": "",
            "performance_insights_retention_period": 0,
            "port": 5432,
            "preferred_backup_window": "09:18-09:48",
            "preferred_maintenance_window": "wed:05:10-wed:05:40",
            "promotion_tier": 0,
            "publicly_accessible": false,
            "storage_encrypted": true,
            "tags": null,
            "tags_all": {},
            "timeouts": null,
            "writer": false
          },
          "sensitive_attributes": [],
          "private": "eyJlMmJmYjczMC1lY2FhLTExZTYtOGY4OC0zNDM2M2JjN2M0YzAiOnsiY3JlYXRlIjo1NDAwMDAwMDAwMDAwLCJkZWxldGUiOjU0MDAwMDAwMDAwMDAsInVwZGF0ZSI6NTQwMDAwMDAwMDAwMH19",
          "dependencies": [
            "module.aws-resources.aws_db_subnet_group.subnet_group",
            "module.aws-resources.aws_rds_cluster.aurora-postgresql-cluster",
            "module.aws-resources.aws_security_group.rds_cluster_sg",
            "module.aws-resources.aws_subnet.private-subnet-1a",
            "module.aws-resources.aws_subnet.private-subnet-1b",
            "module.aws-resources.aws_subnet.private-subnet-1c",
            "module.aws-resources.aws_subnet.public-subnet-1a",
            "module.aws-resources.aws_vpc.vpc-main"
          ]
        },
        {
          "index_key": "us-east-1b",
          "schema_version": 0,
          "attributes": {
            "apply_immediately": null,
            "arn": "arn:aws:rds:us-east-1:846338211683:db:instance-us-east-1b",
            "auto_minor_version_upgrade": true,
            "availability_zone": "us-east-1b",
            "ca_cert_identifier": "rds-ca-rsa2048-g1",
            "cluster_identifier": "aurora-postgresql-cluster",
            "copy_tags_to_snapshot": false,
            "custom_iam_instance_profile": "",
            "db_parameter_group_name": "default.aurora-postgresql13",
            "db_subnet_group_name": "rds-subnet-group",
            "dbi_resource_id": "db-RNOLLUPV5MU3GEH3R2NTJXAMLE",
            "endpoint": "instance-us-east-1b.cfoke28w2qup.us-east-1.rds.amazonaws.com",
            "engine": "aurora-postgresql",
            "engine_version": "13.7",
            "engine_version_actual": "13.7",
            "id": "instance-us-east-1b",
            "identifier": "instance-us-east-1b",
            "identifier_prefix": "",
            "instance_class": "db.serverless",
            "kms_key_id": "arn:aws:kms:us-east-1:846338211683:key/127a74b0-9eb3-4f35-bf11-c4c71433efa7",
            "monitoring_interval": 0,
            "monitoring_role_arn": "",
            "network_type": "IPV4",
            "performance_insights_enabled": false,
            "performance_insights_kms_key_id": "",
            "performance_insights_retention_period": 0,
            "port": 5432,
            "preferred_backup_window": "09:18-09:48",
            "preferred_maintenance_window": "sun:09:47-sun:10:17",
            "promotion_tier": 0,
            "publicly_accessible": false,
            "storage_encrypted": true,
            "tags": null,
            "tags_all": {},
            "timeouts": null,
            "writer": true
          },
          "sensitive_attributes": [],
          "private": "eyJlMmJmYjczMC1lY2FhLTExZTYtOGY4OC0zNDM2M2JjN2M0YzAiOnsiY3JlYXRlIjo1NDAwMDAwMDAwMDAwLCJkZWxldGUiOjU0MDAwMDAwMDAwMDAsInVwZGF0ZSI6NTQwMDAwMDAwMDAwMH19",
          "dependencies": [
            "module.aws-resources.aws_db_subnet_group.subnet_group",
            "module.aws-resources.aws_rds_cluster.aurora-postgresql-cluster",
            "module.aws-resources.aws_security_group.rds_cluster_sg",
            "module.aws-resources.aws_subnet.private-subnet-1a",
            "module.aws-resources.aws_subnet.private-subnet-1b",
            "module.aws-resources.aws_subnet.private-subnet-1c",
            "module.aws-resources.aws_subnet.public-subnet-1a",
            "module.aws-resources.aws_vpc.vpc-main"
          ]
        },
        {
          "index_key": "us-east-1c",
          "schema_version": 0,
          "attributes": {
            "apply_immediately": null,
            "arn": "arn:aws:rds:us-east-1:846338211683:db:instance-us-east-1c",
            "auto_minor_version_upgrade": true,
            "availability_zone": "us-east-1c",
            "ca_cert_identifier": "rds-ca-rsa2048-g1",
            "cluster_identifier": "aurora-postgresql-cluster",
            "copy_tags_to_snapshot": false,
            "custom_iam_instance_profile": "",
            "db_parameter_group_name": "default.aurora-postgresql13",
            "db_subnet_group_name": "rds-subnet-group",
            "dbi_resource_id": "db-XSJM27T25SJ3FQQCTTZOIWJ544",
            "endpoint": "instance-us-east-1c.cfoke28w2qup.us-east-1.rds.amazonaws.com",
            "engine": "aurora-postgresql",
            "engine_version": "13.7",
            "engine_version_actual": "13.7",
            "id": "instance-us-east-1c",
            "identifier": "instance-us-east-1c",
            "identifier_prefix": "",
            "instance_class": "db.serverless",
            "kms_key_id": "arn:aws:kms:us-east-1:846338211683:key/127a74b0-9eb3-4f35-bf11-c4c71433efa7",
            "monitoring_interval": 0,
            "monitoring_role_arn": "",
            "network_type": "IPV4",
            "performance_insights_enabled": false,
            "performance_insights_kms_key_id": "",
            "performance_insights_retention_period": 0,
            "port": 5432,
            "preferred_backup_window": "09:18-09:48",
            "preferred_maintenance_window": "fri:07:46-fri:08:16",
            "promotion_tier": 0,
            "publicly_accessible": false,
            "storage_encrypted": true,
            "tags": null,
            "tags_all": {},
            "timeouts": null,
            "writer": false
          },
          "sensitive_attributes": [],
          "private": "eyJlMmJmYjczMC1lY2FhLTExZTYtOGY4OC0zNDM2M2JjN2M0YzAiOnsiY3JlYXRlIjo1NDAwMDAwMDAwMDAwLCJkZWxldGUiOjU0MDAwMDAwMDAwMDAsInVwZGF0ZSI6NTQwMDAwMDAwMDAwMH19",
          "dependencies": [
            "module.aws-resources.aws_db_subnet_group.subnet_group",
            "module.aws-resources.aws_rds_cluster.aurora-postgresql-cluster",
            "module.aws-resources.aws_security_group.rds_cluster_sg",
            "module.aws-resources.aws_subnet.private-subnet-1a",
            "module.aws-resources.aws_subnet.private-subnet-1b",
            "module.aws-resources.aws_subnet.private-subnet-1c",
            "module.aws-resources.aws_subnet.public-subnet-1a",
            "module.aws-resources.aws_vpc.vpc-main"
          ]
        }
      ]
    },
    {
      "module": "module.aws-resources",
      "mode": "managed",
      "type": "aws_route_table",
      "name": "rtb-internal",
      "provider": "module.aws-resources.provider[\"registry.terraform.io/hashicorp/aws\"]",
      "instances": [
        {
          "schema_version": 0,
          "attributes": {
            "arn": "arn:aws:ec2:us-east-1:846338211683:route-table/rtb-0575f4e618782d37a",
            "id": "rtb-0575f4e618782d37a",
            "owner_id": "846338211683",
            "propagating_vgws": [],
            "route": [
              {
                "carrier_gateway_id": "",
                "cidr_block": "0.0.0.0/0",
                "core_network_arn": "",
                "destination_prefix_list_id": "",
                "egress_only_gateway_id": "",
                "gateway_id": "",
                "ipv6_cidr_block": "",
                "local_gateway_id": "",
                "nat_gateway_id": "nat-0a693d2a523985a2d",
                "network_interface_id": "",
                "transit_gateway_id": "",
                "vpc_endpoint_id": "",
                "vpc_peering_connection_id": ""
              }
            ],
            "tags": null,
            "tags_all": {},
            "timeouts": null,
            "vpc_id": "vpc-0954cb3aa7ea18f30"
          },
          "sensitive_attributes": [],
          "private": "eyJlMmJmYjczMC1lY2FhLTExZTYtOGY4OC0zNDM2M2JjN2M0YzAiOnsiY3JlYXRlIjozMDAwMDAwMDAwMDAsImRlbGV0ZSI6MzAwMDAwMDAwMDAwLCJ1cGRhdGUiOjEyMDAwMDAwMDAwMH19",
          "dependencies": [
            "module.aws-resources.aws_eip.nat-eip",
            "module.aws-resources.aws_internet_gateway.gw",
            "module.aws-resources.aws_nat_gateway.nat-gw",
            "module.aws-resources.aws_subnet.public-subnet-1a",
            "module.aws-resources.aws_vpc.vpc-main"
          ]
        }
      ]
    },
    {
      "module": "module.aws-resources",
      "mode": "managed",
      "type": "aws_route_table",
      "name": "rtb-public",
      "provider": "module.aws-resources.provider[\"registry.terraform.io/hashicorp/aws\"]",
      "instances": [
        {
          "schema_version": 0,
          "attributes": {
            "arn": "arn:aws:ec2:us-east-1:846338211683:route-table/rtb-015eb060076d77beb",
            "id": "rtb-015eb060076d77beb",
            "owner_id": "846338211683",
            "propagating_vgws": [],
            "route": [
              {
                "carrier_gateway_id": "",
                "cidr_block": "0.0.0.0/0",
                "core_network_arn": "",
                "destination_prefix_list_id": "",
                "egress_only_gateway_id": "",
                "gateway_id": "igw-06e2c78a3261fabca",
                "ipv6_cidr_block": "",
                "local_gateway_id": "",
                "nat_gateway_id": "",
                "network_interface_id": "",
                "transit_gateway_id": "",
                "vpc_endpoint_id": "",
                "vpc_peering_connection_id": ""
              }
            ],
            "tags": null,
            "tags_all": {},
            "timeouts": null,
            "vpc_id": "vpc-0954cb3aa7ea18f30"
          },
          "sensitive_attributes": [],
          "private": "eyJlMmJmYjczMC1lY2FhLTExZTYtOGY4OC0zNDM2M2JjN2M0YzAiOnsiY3JlYXRlIjozMDAwMDAwMDAwMDAsImRlbGV0ZSI6MzAwMDAwMDAwMDAwLCJ1cGRhdGUiOjEyMDAwMDAwMDAwMH19",
          "dependencies": [
            "module.aws-resources.aws_internet_gateway.gw",
            "module.aws-resources.aws_vpc.vpc-main"
          ]
        }
      ]
    },
    {
      "module": "module.aws-resources",
      "mode": "managed",
      "type": "aws_route_table_association",
      "name": "associate_private_1a",
      "provider": "module.aws-resources.provider[\"registry.terraform.io/hashicorp/aws\"]",
      "instances": [
        {
          "schema_version": 0,
          "attributes": {
            "gateway_id": "",
            "id": "rtbassoc-0b88124007237df0f",
            "route_table_id": "rtb-0575f4e618782d37a",
            "subnet_id": "subnet-0d218e535e4e8b734",
            "timeouts": null
          },
          "sensitive_attributes": [],
          "private": "eyJlMmJmYjczMC1lY2FhLTExZTYtOGY4OC0zNDM2M2JjN2M0YzAiOnsiY3JlYXRlIjozMDAwMDAwMDAwMDAsImRlbGV0ZSI6MzAwMDAwMDAwMDAwLCJ1cGRhdGUiOjEyMDAwMDAwMDAwMH19",
          "dependencies": [
            "module.aws-resources.aws_eip.nat-eip",
            "module.aws-resources.aws_internet_gateway.gw",
            "module.aws-resources.aws_nat_gateway.nat-gw",
            "module.aws-resources.aws_route_table.rtb-internal",
            "module.aws-resources.aws_subnet.private-subnet-1a",
            "module.aws-resources.aws_subnet.public-subnet-1a",
            "module.aws-resources.aws_vpc.vpc-main"
          ]
        }
      ]
    },
    {
      "module": "module.aws-resources",
      "mode": "managed",
      "type": "aws_route_table_association",
      "name": "associate_private_1b",
      "provider": "module.aws-resources.provider[\"registry.terraform.io/hashicorp/aws\"]",
      "instances": [
        {
          "schema_version": 0,
          "attributes": {
            "gateway_id": "",
            "id": "rtbassoc-020e1fe834f4fc11e",
            "route_table_id": "rtb-0575f4e618782d37a",
            "subnet_id": "subnet-0ff24730dea3b68a3",
            "timeouts": null
          },
          "sensitive_attributes": [],
          "private": "eyJlMmJmYjczMC1lY2FhLTExZTYtOGY4OC0zNDM2M2JjN2M0YzAiOnsiY3JlYXRlIjozMDAwMDAwMDAwMDAsImRlbGV0ZSI6MzAwMDAwMDAwMDAwLCJ1cGRhdGUiOjEyMDAwMDAwMDAwMH19",
          "dependencies": [
            "module.aws-resources.aws_eip.nat-eip",
            "module.aws-resources.aws_internet_gateway.gw",
            "module.aws-resources.aws_nat_gateway.nat-gw",
            "module.aws-resources.aws_route_table.rtb-internal",
            "module.aws-resources.aws_subnet.private-subnet-1b",
            "module.aws-resources.aws_subnet.public-subnet-1a",
            "module.aws-resources.aws_vpc.vpc-main"
          ]
        }
      ]
    },
    {
      "module": "module.aws-resources",
      "mode": "managed",
      "type": "aws_route_table_association",
      "name": "associate_private_1c",
      "provider": "module.aws-resources.provider[\"registry.terraform.io/hashicorp/aws\"]",
      "instances": [
        {
          "schema_version": 0,
          "attributes": {
            "gateway_id": "",
            "id": "rtbassoc-02e460c6b2c86d572",
            "route_table_id": "rtb-0575f4e618782d37a",
            "subnet_id": "subnet-01bb4c2e05e8beead",
            "timeouts": null
          },
          "sensitive_attributes": [],
          "private": "eyJlMmJmYjczMC1lY2FhLTExZTYtOGY4OC0zNDM2M2JjN2M0YzAiOnsiY3JlYXRlIjozMDAwMDAwMDAwMDAsImRlbGV0ZSI6MzAwMDAwMDAwMDAwLCJ1cGRhdGUiOjEyMDAwMDAwMDAwMH19",
          "dependencies": [
            "module.aws-resources.aws_eip.nat-eip",
            "module.aws-resources.aws_internet_gateway.gw",
            "module.aws-resources.aws_nat_gateway.nat-gw",
            "module.aws-resources.aws_route_table.rtb-internal",
            "module.aws-resources.aws_subnet.private-subnet-1c",
            "module.aws-resources.aws_subnet.public-subnet-1a",
            "module.aws-resources.aws_vpc.vpc-main"
          ]
        }
      ]
    },
    {
      "module": "module.aws-resources",
      "mode": "managed",
      "type": "aws_route_table_association",
      "name": "associate_public_1a",
      "provider": "module.aws-resources.provider[\"registry.terraform.io/hashicorp/aws\"]",
      "instances": [
        {
          "schema_version": 0,
          "attributes": {
            "gateway_id": "",
            "id": "rtbassoc-011d9c76abbc3b919",
            "route_table_id": "rtb-015eb060076d77beb",
            "subnet_id": "subnet-006c4a1bc996b82f9",
            "timeouts": null
          },
          "sensitive_attributes": [],
          "private": "eyJlMmJmYjczMC1lY2FhLTExZTYtOGY4OC0zNDM2M2JjN2M0YzAiOnsiY3JlYXRlIjozMDAwMDAwMDAwMDAsImRlbGV0ZSI6MzAwMDAwMDAwMDAwLCJ1cGRhdGUiOjEyMDAwMDAwMDAwMH19",
          "dependencies": [
            "module.aws-resources.aws_internet_gateway.gw",
            "module.aws-resources.aws_route_table.rtb-public",
            "module.aws-resources.aws_subnet.public-subnet-1a",
            "module.aws-resources.aws_vpc.vpc-main"
          ]
        }
      ]
    },
    {
      "module": "module.aws-resources",
      "mode": "managed",
      "type": "aws_s3_bucket",
      "name": "eks-project-bucket-data",
      "provider": "module.aws-resources.provider[\"registry.terraform.io/hashicorp/aws\"]",
      "instances": [
        {
          "schema_version": 0,
          "attributes": {
            "acceleration_status": "",
            "acl": null,
            "arn": "arn:aws:s3:::eks-project-bucket-data",
            "bucket": "eks-project-bucket-data",
            "bucket_domain_name": "eks-project-bucket-data.s3.amazonaws.com",
            "bucket_prefix": "",
            "bucket_regional_domain_name": "eks-project-bucket-data.s3.us-east-1.amazonaws.com",
            "cors_rule": [],
            "force_destroy": false,
            "grant": [
              {
                "id": "e9fe803ea2f5298169d730e309ca283cbb326fe82a9cad53313b01b4818bb915",
                "permissions": [
                  "FULL_CONTROL"
                ],
                "type": "CanonicalUser",
                "uri": ""
              }
            ],
            "hosted_zone_id": "Z3AQBSTGFYJSTF",
            "id": "eks-project-bucket-data",
            "lifecycle_rule": [],
            "logging": [],
            "object_lock_configuration": [],
            "object_lock_enabled": false,
            "policy": "",
            "region": "us-east-1",
            "replication_configuration": [],
            "request_payer": "BucketOwner",
            "server_side_encryption_configuration": [
              {
                "rule": [
                  {
                    "apply_server_side_encryption_by_default": [
                      {
                        "kms_master_key_id": "",
                        "sse_algorithm": "AES256"
                      }
                    ],
                    "bucket_key_enabled": false
                  }
                ]
              }
            ],
            "tags": null,
            "tags_all": {},
            "timeouts": null,
            "versioning": [
              {
                "enabled": false,
                "mfa_delete": false
              }
            ],
            "website": [],
            "website_domain": null,
            "website_endpoint": null
          },
          "sensitive_attributes": [],
          "private": "eyJlMmJmYjczMC1lY2FhLTExZTYtOGY4OC0zNDM2M2JjN2M0YzAiOnsiY3JlYXRlIjoxMjAwMDAwMDAwMDAwLCJkZWxldGUiOjM2MDAwMDAwMDAwMDAsInJlYWQiOjEyMDAwMDAwMDAwMDAsInVwZGF0ZSI6MTIwMDAwMDAwMDAwMH19"
        }
      ]
    },
    {
      "module": "module.aws-resources",
      "mode": "managed",
      "type": "aws_s3_bucket",
      "name": "eks-project-front-end-source",
      "provider": "module.aws-resources.provider[\"registry.terraform.io/hashicorp/aws\"]",
      "instances": [
        {
          "schema_version": 0,
          "attributes": {
            "acceleration_status": "",
            "acl": null,
            "arn": "arn:aws:s3:::eks-project-front-end-source",
            "bucket": "eks-project-front-end-source",
            "bucket_domain_name": "eks-project-front-end-source.s3.amazonaws.com",
            "bucket_prefix": "",
            "bucket_regional_domain_name": "eks-project-front-end-source.s3.us-east-1.amazonaws.com",
            "cors_rule": [],
            "force_destroy": false,
            "grant": [
              {
                "id": "e9fe803ea2f5298169d730e309ca283cbb326fe82a9cad53313b01b4818bb915",
                "permissions": [
                  "FULL_CONTROL"
                ],
                "type": "CanonicalUser",
                "uri": ""
              }
            ],
            "hosted_zone_id": "Z3AQBSTGFYJSTF",
            "id": "eks-project-front-end-source",
            "lifecycle_rule": [],
            "logging": [],
            "object_lock_configuration": [],
            "object_lock_enabled": false,
            "policy": "",
            "region": "us-east-1",
            "replication_configuration": [],
            "request_payer": "BucketOwner",
            "server_side_encryption_configuration": [
              {
                "rule": [
                  {
                    "apply_server_side_encryption_by_default": [
                      {
                        "kms_master_key_id": "",
                        "sse_algorithm": "AES256"
                      }
                    ],
                    "bucket_key_enabled": false
                  }
                ]
              }
            ],
            "tags": null,
            "tags_all": {},
            "timeouts": null,
            "versioning": [
              {
                "enabled": false,
                "mfa_delete": false
              }
            ],
            "website": [],
            "website_domain": null,
            "website_endpoint": null
          },
          "sensitive_attributes": [],
          "private": "eyJlMmJmYjczMC1lY2FhLTExZTYtOGY4OC0zNDM2M2JjN2M0YzAiOnsiY3JlYXRlIjoxMjAwMDAwMDAwMDAwLCJkZWxldGUiOjM2MDAwMDAwMDAwMDAsInJlYWQiOjEyMDAwMDAwMDAwMDAsInVwZGF0ZSI6MTIwMDAwMDAwMDAwMH19"
        }
      ]
    },
    {
      "module": "module.aws-resources",
      "mode": "managed",
      "type": "aws_security_group",
      "name": "alb_sg",
      "provider": "module.aws-resources.provider[\"registry.terraform.io/hashicorp/aws\"]",
      "instances": [
        {
          "schema_version": 1,
          "attributes": {
            "arn": "arn:aws:ec2:us-east-1:846338211683:security-group/sg-0fe42b1481472b56f",
            "description": "Managed by Terraform",
            "egress": [
              {
                "cidr_blocks": [
                  "0.0.0.0/0"
                ],
                "description": "",
                "from_port": 0,
                "ipv6_cidr_blocks": [],
                "prefix_list_ids": [],
                "protocol": "-1",
                "security_groups": [],
                "self": false,
                "to_port": 0
              }
            ],
            "id": "sg-0fe42b1481472b56f",
            "ingress": [
              {
                "cidr_blocks": [
                  "0.0.0.0/0"
                ],
                "description": "",
                "from_port": 0,
                "ipv6_cidr_blocks": [],
                "prefix_list_ids": [],
                "protocol": "-1",
                "security_groups": [],
                "self": false,
                "to_port": 0
              }
            ],
            "name": "application_loadbalancer_sg",
            "name_prefix": "",
            "owner_id": "846338211683",
            "revoke_rules_on_delete": false,
            "tags": {
              "description": "managed by terraform provisioning",
              "name": "terraform project"
            },
            "tags_all": {
              "description": "managed by terraform provisioning",
              "name": "terraform project"
            },
            "timeouts": null,
            "vpc_id": "vpc-0954cb3aa7ea18f30"
          },
          "sensitive_attributes": [],
          "private": "eyJlMmJmYjczMC1lY2FhLTExZTYtOGY4OC0zNDM2M2JjN2M0YzAiOnsiY3JlYXRlIjo2MDAwMDAwMDAwMDAsImRlbGV0ZSI6OTAwMDAwMDAwMDAwfSwic2NoZW1hX3ZlcnNpb24iOiIxIn0=",
          "dependencies": [
            "module.aws-resources.aws_vpc.vpc-main"
          ]
        }
      ]
    },
    {
      "module": "module.aws-resources",
      "mode": "managed",
      "type": "aws_security_group",
      "name": "bastion_sg",
      "provider": "module.aws-resources.provider[\"registry.terraform.io/hashicorp/aws\"]",
      "instances": [
        {
          "schema_version": 1,
          "attributes": {
            "arn": "arn:aws:ec2:us-east-1:846338211683:security-group/sg-0ecbc9d13e888de9b",
            "description": "Allow SSH inbound traffic bastion_sg",
            "egress": [
              {
                "cidr_blocks": [
                  "0.0.0.0/0"
                ],
                "description": "",
                "from_port": 0,
                "ipv6_cidr_blocks": [],
                "prefix_list_ids": [],
                "protocol": "-1",
                "security_groups": [],
                "self": false,
                "to_port": 0
              }
            ],
            "id": "sg-0ecbc9d13e888de9b",
            "ingress": [
              {
                "cidr_blocks": [
                  "0.0.0.0/0",
                  "10.0.64.0/18",
                  "10.0.128.0/18",
                  "10.0.192.0/18",
                  "10.0.0.0/18"
                ],
                "description": "",
                "from_port": 22,
                "ipv6_cidr_blocks": [],
                "prefix_list_ids": [],
                "protocol": "tcp",
                "security_groups": [],
                "self": false,
                "to_port": 22
              }
            ],
            "name": "bastion_security_group",
            "name_prefix": "",
            "owner_id": "846338211683",
            "revoke_rules_on_delete": false,
            "tags": {
              "description": "managed by terraform provisioning",
              "name": "terraform project"
            },
            "tags_all": {
              "description": "managed by terraform provisioning",
              "name": "terraform project"
            },
            "timeouts": null,
            "vpc_id": "vpc-0954cb3aa7ea18f30"
          },
          "sensitive_attributes": [],
          "private": "eyJlMmJmYjczMC1lY2FhLTExZTYtOGY4OC0zNDM2M2JjN2M0YzAiOnsiY3JlYXRlIjo2MDAwMDAwMDAwMDAsImRlbGV0ZSI6OTAwMDAwMDAwMDAwfSwic2NoZW1hX3ZlcnNpb24iOiIxIn0=",
          "dependencies": [
            "module.aws-resources.aws_subnet.private-subnet-1a",
            "module.aws-resources.aws_subnet.private-subnet-1b",
            "module.aws-resources.aws_subnet.private-subnet-1c",
            "module.aws-resources.aws_subnet.public-subnet-1a",
            "module.aws-resources.aws_vpc.vpc-main"
          ]
        }
      ]
    },
    {
      "module": "module.aws-resources",
      "mode": "managed",
      "type": "aws_security_group",
      "name": "nlb_targets_sg",
      "provider": "module.aws-resources.provider[\"registry.terraform.io/hashicorp/aws\"]",
      "instances": [
        {
          "schema_version": 1,
          "attributes": {
            "arn": "arn:aws:ec2:us-east-1:846338211683:security-group/sg-0e3b081e5b85c320d",
            "description": "Allow traffic from NLB",
            "egress": [
              {
                "cidr_blocks": [
                  "0.0.0.0/0"
                ],
                "description": "",
                "from_port": 0,
                "ipv6_cidr_blocks": [],
                "prefix_list_ids": [],
                "protocol": "-1",
                "security_groups": [],
                "self": false,
                "to_port": 0
              }
            ],
            "id": "sg-0e3b081e5b85c320d",
            "ingress": [
              {
                "cidr_blocks": [
                  "10.0.0.0/16"
                ],
                "description": "",
                "from_port": 0,
                "ipv6_cidr_blocks": [],
                "prefix_list_ids": [],
                "protocol": "-1",
                "security_groups": [],
                "self": false,
                "to_port": 0
              }
            ],
            "name": "nlb_targets_security_group",
            "name_prefix": "",
            "owner_id": "846338211683",
            "revoke_rules_on_delete": false,
            "tags": {
              "description": "managed by terraform provisioning",
              "name": "terraform project"
            },
            "tags_all": {
              "description": "managed by terraform provisioning",
              "name": "terraform project"
            },
            "timeouts": null,
            "vpc_id": "vpc-0954cb3aa7ea18f30"
          },
          "sensitive_attributes": [],
          "private": "eyJlMmJmYjczMC1lY2FhLTExZTYtOGY4OC0zNDM2M2JjN2M0YzAiOnsiY3JlYXRlIjo2MDAwMDAwMDAwMDAsImRlbGV0ZSI6OTAwMDAwMDAwMDAwfSwic2NoZW1hX3ZlcnNpb24iOiIxIn0=",
          "dependencies": [
            "module.aws-resources.aws_vpc.vpc-main"
          ]
        }
      ]
    },
    {
      "module": "module.aws-resources",
      "mode": "managed",
      "type": "aws_security_group",
      "name": "rds_cluster_sg",
      "provider": "module.aws-resources.provider[\"registry.terraform.io/hashicorp/aws\"]",
      "instances": [
        {
          "schema_version": 1,
          "attributes": {
            "arn": "arn:aws:ec2:us-east-1:846338211683:security-group/sg-0d22ddf2819bd396a",
            "description": "Managed by Terraform",
            "egress": [],
            "id": "sg-0d22ddf2819bd396a",
            "ingress": [
              {
                "cidr_blocks": [
                  "10.0.0.0/16",
                  "10.0.64.0/18",
                  "10.0.128.0/18",
                  "10.0.192.0/18",
                  "10.0.0.0/18"
                ],
                "description": "",
                "from_port": 6739,
                "ipv6_cidr_blocks": [],
                "prefix_list_ids": [],
                "protocol": "tcp",
                "security_groups": [],
                "self": false,
                "to_port": 6739
              }
            ],
            "name": "security_rds_cluster",
            "name_prefix": "",
            "owner_id": "846338211683",
            "revoke_rules_on_delete": false,
            "tags": {
              "description": "managed by terraform provisioning",
              "name": "terraform project"
            },
            "tags_all": {
              "description": "managed by terraform provisioning",
              "name": "terraform project"
            },
            "timeouts": null,
            "vpc_id": "vpc-0954cb3aa7ea18f30"
          },
          "sensitive_attributes": [],
          "private": "eyJlMmJmYjczMC1lY2FhLTExZTYtOGY4OC0zNDM2M2JjN2M0YzAiOnsiY3JlYXRlIjo2MDAwMDAwMDAwMDAsImRlbGV0ZSI6OTAwMDAwMDAwMDAwfSwic2NoZW1hX3ZlcnNpb24iOiIxIn0=",
          "dependencies": [
            "module.aws-resources.aws_subnet.private-subnet-1a",
            "module.aws-resources.aws_subnet.private-subnet-1b",
            "module.aws-resources.aws_subnet.private-subnet-1c",
            "module.aws-resources.aws_subnet.public-subnet-1a",
            "module.aws-resources.aws_vpc.vpc-main"
          ]
        }
      ]
    },
    {
      "module": "module.aws-resources",
      "mode": "managed",
      "type": "aws_security_group",
      "name": "redis_sg",
      "provider": "module.aws-resources.provider[\"registry.terraform.io/hashicorp/aws\"]",
      "instances": [
        {
          "schema_version": 1,
          "attributes": {
            "arn": "arn:aws:ec2:us-east-1:846338211683:security-group/sg-0ded5fa1c8fe86929",
            "description": "Managed by Terraform",
            "egress": [],
            "id": "sg-0ded5fa1c8fe86929",
            "ingress": [
              {
                "cidr_blocks": [
                  "10.0.0.0/16",
                  "10.0.64.0/18",
                  "10.0.128.0/18",
                  "10.0.192.0/18",
                  "10.0.0.0/18"
                ],
                "description": "",
                "from_port": 6739,
                "ipv6_cidr_blocks": [],
                "prefix_list_ids": [],
                "protocol": "tcp",
                "security_groups": [],
                "self": false,
                "to_port": 6739
              }
            ],
            "name": "redis_sg",
            "name_prefix": "",
            "owner_id": "846338211683",
            "revoke_rules_on_delete": false,
            "tags": {
              "description": "managed by terraform provisioning",
              "name": "terraform project"
            },
            "tags_all": {
              "description": "managed by terraform provisioning",
              "name": "terraform project"
            },
            "timeouts": null,
            "vpc_id": "vpc-0954cb3aa7ea18f30"
          },
          "sensitive_attributes": [],
          "private": "eyJlMmJmYjczMC1lY2FhLTExZTYtOGY4OC0zNDM2M2JjN2M0YzAiOnsiY3JlYXRlIjo2MDAwMDAwMDAwMDAsImRlbGV0ZSI6OTAwMDAwMDAwMDAwfSwic2NoZW1hX3ZlcnNpb24iOiIxIn0=",
          "dependencies": [
            "module.aws-resources.aws_subnet.private-subnet-1a",
            "module.aws-resources.aws_subnet.private-subnet-1b",
            "module.aws-resources.aws_subnet.private-subnet-1c",
            "module.aws-resources.aws_subnet.public-subnet-1a",
            "module.aws-resources.aws_vpc.vpc-main"
          ]
        }
      ]
    },
    {
      "module": "module.aws-resources",
      "mode": "managed",
      "type": "aws_security_group",
      "name": "sg_private_eks_node",
      "provider": "module.aws-resources.provider[\"registry.terraform.io/hashicorp/aws\"]",
      "instances": [
        {
          "schema_version": 1,
          "attributes": {
            "arn": "arn:aws:ec2:us-east-1:846338211683:security-group/sg-0d0f9f67a78577256",
            "description": "Managed by Terraform",
            "egress": [
              {
                "cidr_blocks": [
                  "0.0.0.0/0"
                ],
                "description": "",
                "from_port": 0,
                "ipv6_cidr_blocks": [],
                "prefix_list_ids": [],
                "protocol": "-1",
                "security_groups": [],
                "self": false,
                "to_port": 0
              }
            ],
            "id": "sg-0d0f9f67a78577256",
            "ingress": [
              {
                "cidr_blocks": [
                  "10.0.0.0/16",
                  "10.0.64.0/18",
                  "10.0.128.0/18",
                  "10.0.192.0/18"
                ],
                "description": "",
                "from_port": 22,
                "ipv6_cidr_blocks": [],
                "prefix_list_ids": [],
                "protocol": "tcp",
                "security_groups": [],
                "self": false,
                "to_port": 22
              }
            ],
            "name": "Security group private eks node",
            "name_prefix": "",
            "owner_id": "846338211683",
            "revoke_rules_on_delete": false,
            "tags": null,
            "tags_all": {},
            "timeouts": null,
            "vpc_id": "vpc-0954cb3aa7ea18f30"
          },
          "sensitive_attributes": [],
          "private": "eyJlMmJmYjczMC1lY2FhLTExZTYtOGY4OC0zNDM2M2JjN2M0YzAiOnsiY3JlYXRlIjo2MDAwMDAwMDAwMDAsImRlbGV0ZSI6OTAwMDAwMDAwMDAwfSwic2NoZW1hX3ZlcnNpb24iOiIxIn0=",
          "dependencies": [
            "module.aws-resources.aws_subnet.private-subnet-1a",
            "module.aws-resources.aws_subnet.private-subnet-1b",
            "module.aws-resources.aws_subnet.private-subnet-1c",
            "module.aws-resources.aws_vpc.vpc-main"
          ]
        }
      ]
    },
    {
      "module": "module.aws-resources",
      "mode": "managed",
      "type": "aws_sqs_queue",
      "name": "sqs_iaac",
      "provider": "module.aws-resources.provider[\"registry.terraform.io/hashicorp/aws\"]",
      "instances": [
        {
          "schema_version": 0,
          "attributes": {
            "arn": "arn:aws:sqs:us-east-1:846338211683:sqs_queue",
            "content_based_deduplication": false,
            "deduplication_scope": "",
            "delay_seconds": 9,
            "fifo_queue": false,
            "fifo_throughput_limit": "",
            "id": "https://sqs.us-east-1.amazonaws.com/846338211683/sqs_queue",
            "kms_data_key_reuse_period_seconds": 300,
            "kms_master_key_id": "",
            "max_message_size": 2048,
            "message_retention_seconds": 86400,
            "name": "sqs_queue",
            "name_prefix": "",
            "policy": "",
            "receive_wait_time_seconds": 10,
            "redrive_allow_policy": "",
            "redrive_policy": "",
            "sqs_managed_sse_enabled": true,
            "tags": {
              "description": "managed by terraform provisioning",
              "name": "terraform project"
            },
            "tags_all": {
              "description": "managed by terraform provisioning",
              "name": "terraform project"
            },
            "url": "https://sqs.us-east-1.amazonaws.com/846338211683/sqs_queue",
            "visibility_timeout_seconds": 30
          },
          "sensitive_attributes": [],
          "private": "bnVsbA=="
        }
      ]
    },
    {
      "module": "module.aws-resources",
      "mode": "managed",
      "type": "aws_subnet",
      "name": "private-subnet-1a",
      "provider": "module.aws-resources.provider[\"registry.terraform.io/hashicorp/aws\"]",
      "instances": [
        {
          "schema_version": 1,
          "attributes": {
            "arn": "arn:aws:ec2:us-east-1:846338211683:subnet/subnet-0d218e535e4e8b734",
            "assign_ipv6_address_on_creation": false,
            "availability_zone": "us-east-1a",
            "availability_zone_id": "use1-az4",
            "cidr_block": "10.0.64.0/18",
            "customer_owned_ipv4_pool": "",
            "enable_dns64": false,
            "enable_lni_at_device_index": 0,
            "enable_resource_name_dns_a_record_on_launch": false,
            "enable_resource_name_dns_aaaa_record_on_launch": false,
            "id": "subnet-0d218e535e4e8b734",
            "ipv6_cidr_block": "",
            "ipv6_cidr_block_association_id": "",
            "ipv6_native": false,
            "map_customer_owned_ip_on_launch": false,
            "map_public_ip_on_launch": false,
            "outpost_arn": "",
            "owner_id": "846338211683",
            "private_dns_hostname_type_on_launch": "ip-name",
            "tags": {
              "description": "managed by terraform provisioning",
              "name": "terraform project"
            },
            "tags_all": {
              "description": "managed by terraform provisioning",
              "name": "terraform project"
            },
            "timeouts": null,
            "vpc_id": "vpc-0954cb3aa7ea18f30"
          },
          "sensitive_attributes": [],
          "private": "eyJlMmJmYjczMC1lY2FhLTExZTYtOGY4OC0zNDM2M2JjN2M0YzAiOnsiY3JlYXRlIjo2MDAwMDAwMDAwMDAsImRlbGV0ZSI6MTIwMDAwMDAwMDAwMH0sInNjaGVtYV92ZXJzaW9uIjoiMSJ9",
          "dependencies": [
            "module.aws-resources.aws_vpc.vpc-main"
          ]
        }
      ]
    },
    {
      "module": "module.aws-resources",
      "mode": "managed",
      "type": "aws_subnet",
      "name": "private-subnet-1b",
      "provider": "module.aws-resources.provider[\"registry.terraform.io/hashicorp/aws\"]",
      "instances": [
        {
          "schema_version": 1,
          "attributes": {
            "arn": "arn:aws:ec2:us-east-1:846338211683:subnet/subnet-0ff24730dea3b68a3",
            "assign_ipv6_address_on_creation": false,
            "availability_zone": "us-east-1b",
            "availability_zone_id": "use1-az6",
            "cidr_block": "10.0.128.0/18",
            "customer_owned_ipv4_pool": "",
            "enable_dns64": false,
            "enable_lni_at_device_index": 0,
            "enable_resource_name_dns_a_record_on_launch": false,
            "enable_resource_name_dns_aaaa_record_on_launch": false,
            "id": "subnet-0ff24730dea3b68a3",
            "ipv6_cidr_block": "",
            "ipv6_cidr_block_association_id": "",
            "ipv6_native": false,
            "map_customer_owned_ip_on_launch": false,
            "map_public_ip_on_launch": false,
            "outpost_arn": "",
            "owner_id": "846338211683",
            "private_dns_hostname_type_on_launch": "ip-name",
            "tags": {
              "description": "managed by terraform provisioning",
              "name": "terraform project"
            },
            "tags_all": {
              "description": "managed by terraform provisioning",
              "name": "terraform project"
            },
            "timeouts": null,
            "vpc_id": "vpc-0954cb3aa7ea18f30"
          },
          "sensitive_attributes": [],
          "private": "eyJlMmJmYjczMC1lY2FhLTExZTYtOGY4OC0zNDM2M2JjN2M0YzAiOnsiY3JlYXRlIjo2MDAwMDAwMDAwMDAsImRlbGV0ZSI6MTIwMDAwMDAwMDAwMH0sInNjaGVtYV92ZXJzaW9uIjoiMSJ9",
          "dependencies": [
            "module.aws-resources.aws_vpc.vpc-main"
          ]
        }
      ]
    },
    {
      "module": "module.aws-resources",
      "mode": "managed",
      "type": "aws_subnet",
      "name": "private-subnet-1c",
      "provider": "module.aws-resources.provider[\"registry.terraform.io/hashicorp/aws\"]",
      "instances": [
        {
          "schema_version": 1,
          "attributes": {
            "arn": "arn:aws:ec2:us-east-1:846338211683:subnet/subnet-01bb4c2e05e8beead",
            "assign_ipv6_address_on_creation": false,
            "availability_zone": "us-east-1c",
            "availability_zone_id": "use1-az1",
            "cidr_block": "10.0.192.0/18",
            "customer_owned_ipv4_pool": "",
            "enable_dns64": false,
            "enable_lni_at_device_index": 0,
            "enable_resource_name_dns_a_record_on_launch": false,
            "enable_resource_name_dns_aaaa_record_on_launch": false,
            "id": "subnet-01bb4c2e05e8beead",
            "ipv6_cidr_block": "",
            "ipv6_cidr_block_association_id": "",
            "ipv6_native": false,
            "map_customer_owned_ip_on_launch": false,
            "map_public_ip_on_launch": false,
            "outpost_arn": "",
            "owner_id": "846338211683",
            "private_dns_hostname_type_on_launch": "ip-name",
            "tags": {
              "description": "managed by terraform provisioning",
              "name": "terraform project"
            },
            "tags_all": {
              "description": "managed by terraform provisioning",
              "name": "terraform project"
            },
            "timeouts": null,
            "vpc_id": "vpc-0954cb3aa7ea18f30"
          },
          "sensitive_attributes": [],
          "private": "eyJlMmJmYjczMC1lY2FhLTExZTYtOGY4OC0zNDM2M2JjN2M0YzAiOnsiY3JlYXRlIjo2MDAwMDAwMDAwMDAsImRlbGV0ZSI6MTIwMDAwMDAwMDAwMH0sInNjaGVtYV92ZXJzaW9uIjoiMSJ9",
          "dependencies": [
            "module.aws-resources.aws_vpc.vpc-main"
          ]
        }
      ]
    },
    {
      "module": "module.aws-resources",
      "mode": "managed",
      "type": "aws_subnet",
      "name": "public-subnet-1a",
      "provider": "module.aws-resources.provider[\"registry.terraform.io/hashicorp/aws\"]",
      "instances": [
        {
          "schema_version": 1,
          "attributes": {
            "arn": "arn:aws:ec2:us-east-1:846338211683:subnet/subnet-006c4a1bc996b82f9",
            "assign_ipv6_address_on_creation": false,
            "availability_zone": "us-east-1a",
            "availability_zone_id": "use1-az4",
            "cidr_block": "10.0.0.0/18",
            "customer_owned_ipv4_pool": "",
            "enable_dns64": false,
            "enable_lni_at_device_index": 0,
            "enable_resource_name_dns_a_record_on_launch": false,
            "enable_resource_name_dns_aaaa_record_on_launch": false,
            "id": "subnet-006c4a1bc996b82f9",
            "ipv6_cidr_block": "",
            "ipv6_cidr_block_association_id": "",
            "ipv6_native": false,
            "map_customer_owned_ip_on_launch": false,
            "map_public_ip_on_launch": true,
            "outpost_arn": "",
            "owner_id": "846338211683",
            "private_dns_hostname_type_on_launch": "ip-name",
            "tags": {
              "description": "managed by terraform provisioning",
              "name": "terraform project"
            },
            "tags_all": {
              "description": "managed by terraform provisioning",
              "name": "terraform project"
            },
            "timeouts": null,
            "vpc_id": "vpc-0954cb3aa7ea18f30"
          },
          "sensitive_attributes": [],
          "private": "eyJlMmJmYjczMC1lY2FhLTExZTYtOGY4OC0zNDM2M2JjN2M0YzAiOnsiY3JlYXRlIjo2MDAwMDAwMDAwMDAsImRlbGV0ZSI6MTIwMDAwMDAwMDAwMH0sInNjaGVtYV92ZXJzaW9uIjoiMSJ9",
          "dependencies": [
            "module.aws-resources.aws_vpc.vpc-main"
          ]
        }
      ]
    },
    {
      "module": "module.aws-resources",
      "mode": "managed",
      "type": "aws_vpc",
      "name": "vpc-main",
      "provider": "module.aws-resources.provider[\"registry.terraform.io/hashicorp/aws\"]",
      "instances": [
        {
          "schema_version": 1,
          "attributes": {
            "arn": "arn:aws:ec2:us-east-1:846338211683:vpc/vpc-0954cb3aa7ea18f30",
            "assign_generated_ipv6_cidr_block": false,
            "cidr_block": "10.0.0.0/16",
            "default_network_acl_id": "acl-03d9dc43d6d56b678",
            "default_route_table_id": "rtb-0cff6e28bea66cf4f",
            "default_security_group_id": "sg-02a438d679b04bf1f",
            "dhcp_options_id": "dopt-045b51ee7bb08e632",
            "enable_dns_hostnames": true,
            "enable_dns_support": true,
            "enable_network_address_usage_metrics": false,
            "id": "vpc-0954cb3aa7ea18f30",
            "instance_tenancy": "default",
            "ipv4_ipam_pool_id": null,
            "ipv4_netmask_length": null,
            "ipv6_association_id": "",
            "ipv6_cidr_block": "",
            "ipv6_cidr_block_network_border_group": "",
            "ipv6_ipam_pool_id": "",
            "ipv6_netmask_length": 0,
            "main_route_table_id": "rtb-0cff6e28bea66cf4f",
            "owner_id": "846338211683",
            "tags": {
              "description": "managed by terraform provisioning",
              "name": "terraform project"
            },
            "tags_all": {
              "description": "managed by terraform provisioning",
              "name": "terraform project"
            }
          },
          "sensitive_attributes": [],
          "private": "eyJzY2hlbWFfdmVyc2lvbiI6IjEifQ=="
        }
      ]
    },
    {
      "module": "module.aws-resources",
      "mode": "managed",
      "type": "aws_wafv2_web_acl",
      "name": "WafWebAcl",
      "provider": "module.aws-resources.provider[\"registry.terraform.io/hashicorp/aws\"]",
      "instances": [
        {
          "schema_version": 0,
          "attributes": {
            "application_integration_url": "",
            "arn": "arn:aws:wafv2:us-east-1:846338211683:regional/webacl/wafv2-web-acl/ba3bcbd7-0bf1-4545-ad7c-c4be294f54e5",
            "association_config": [],
            "capacity": 1475,
            "captcha_config": [],
            "challenge_config": [],
            "custom_response_body": [],
            "default_action": [
              {
                "allow": [
                  {
                    "custom_request_handling": []
                  }
                ],
                "block": []
              }
            ],
            "description": "",
            "id": "ba3bcbd7-0bf1-4545-ad7c-c4be294f54e5",
            "lock_token": "af707271-0403-449f-a3fb-14615bec32cb",
            "name": "wafv2-web-acl",
            "rule": [
              {
                "action": [],
                "captcha_config": [],
                "name": "AWS-AWSManagedRulesAmazonIpReputationList",
                "override_action": [
                  {
                    "count": [],
                    "none": [
                      {}
                    ]
                  }
                ],
                "priority": 2,
                "rule_label": [],
                "statement": [
                  {
                    "and_statement": [],
                    "byte_match_statement": [],
                    "geo_match_statement": [],
                    "ip_set_reference_statement": [],
                    "label_match_statement": [],
                    "managed_rule_group_statement": [
                      {
                        "managed_rule_group_configs": [],
                        "name": "AWSManagedRulesAmazonIpReputationList",
                        "rule_action_override": [],
                        "scope_down_statement": [],
                        "vendor_name": "AWS",
                        "version": ""
                      }
                    ],
                    "not_statement": [],
                    "or_statement": [],
                    "rate_based_statement": [],
                    "regex_match_statement": [],
                    "regex_pattern_set_reference_statement": [],
                    "rule_group_reference_statement": [],
                    "size_constraint_statement": [],
                    "sqli_match_statement": [],
                    "xss_match_statement": []
                  }
                ],
                "visibility_config": [
                  {
                    "cloudwatch_metrics_enabled": true,
                    "metric_name": "AWS-AWSManagedRulesAmazonIpReputationList",
                    "sampled_requests_enabled": true
                  }
                ]
              },
              {
                "action": [],
                "captcha_config": [],
                "name": "AWS-AWSManagedRulesAnonymousIpList",
                "override_action": [
                  {
                    "count": [],
                    "none": [
                      {}
                    ]
                  }
                ],
                "priority": 3,
                "rule_label": [],
                "statement": [
                  {
                    "and_statement": [],
                    "byte_match_statement": [],
                    "geo_match_statement": [],
                    "ip_set_reference_statement": [],
                    "label_match_statement": [],
                    "managed_rule_group_statement": [
                      {
                        "managed_rule_group_configs": [],
                        "name": "AWSManagedRulesAnonymousIpList",
                        "rule_action_override": [],
                        "scope_down_statement": [],
                        "vendor_name": "AWS",
                        "version": ""
                      }
                    ],
                    "not_statement": [],
                    "or_statement": [],
                    "rate_based_statement": [],
                    "regex_match_statement": [],
                    "regex_pattern_set_reference_statement": [],
                    "rule_group_reference_statement": [],
                    "size_constraint_statement": [],
                    "sqli_match_statement": [],
                    "xss_match_statement": []
                  }
                ],
                "visibility_config": [
                  {
                    "cloudwatch_metrics_enabled": true,
                    "metric_name": "AWS-AWSManagedRulesAnonymousIpList",
                    "sampled_requests_enabled": true
                  }
                ]
              },
              {
                "action": [],
                "captcha_config": [],
                "name": "AWS-AWSManagedRulesCommonRuleSet",
                "override_action": [
                  {
                    "count": [],
                    "none": [
                      {}
                    ]
                  }
                ],
                "priority": 0,
                "rule_label": [],
                "statement": [
                  {
                    "and_statement": [],
                    "byte_match_statement": [],
                    "geo_match_statement": [],
                    "ip_set_reference_statement": [],
                    "label_match_statement": [],
                    "managed_rule_group_statement": [
                      {
                        "managed_rule_group_configs": [],
                        "name": "AWSManagedRulesCommonRuleSet",
                        "rule_action_override": [],
                        "scope_down_statement": [],
                        "vendor_name": "AWS",
                        "version": ""
                      }
                    ],
                    "not_statement": [],
                    "or_statement": [],
                    "rate_based_statement": [],
                    "regex_match_statement": [],
                    "regex_pattern_set_reference_statement": [],
                    "rule_group_reference_statement": [],
                    "size_constraint_statement": [],
                    "sqli_match_statement": [],
                    "xss_match_statement": []
                  }
                ],
                "visibility_config": [
                  {
                    "cloudwatch_metrics_enabled": true,
                    "metric_name": "AWS-AWSManagedRulesCommonRuleSet",
                    "sampled_requests_enabled": true
                  }
                ]
              },
              {
                "action": [],
                "captcha_config": [],
                "name": "AWS-AWSManagedRulesKnownBadInputsRuleSet",
                "override_action": [
                  {
                    "count": [],
                    "none": [
                      {}
                    ]
                  }
                ],
                "priority": 4,
                "rule_label": [],
                "statement": [
                  {
                    "and_statement": [],
                    "byte_match_statement": [],
                    "geo_match_statement": [],
                    "ip_set_reference_statement": [],
                    "label_match_statement": [],
                    "managed_rule_group_statement": [
                      {
                        "managed_rule_group_configs": [],
                        "name": "AWSManagedRulesKnownBadInputsRuleSet",
                        "rule_action_override": [],
                        "scope_down_statement": [],
                        "vendor_name": "AWS",
                        "version": ""
                      }
                    ],
                    "not_statement": [],
                    "or_statement": [],
                    "rate_based_statement": [],
                    "regex_match_statement": [],
                    "regex_pattern_set_reference_statement": [],
                    "rule_group_reference_statement": [],
                    "size_constraint_statement": [],
                    "sqli_match_statement": [],
                    "xss_match_statement": []
                  }
                ],
                "visibility_config": [
                  {
                    "cloudwatch_metrics_enabled": true,
                    "metric_name": "AWS-AWSManagedRulesKnownBadInputsRuleSet",
                    "sampled_requests_enabled": true
                  }
                ]
              },
              {
                "action": [],
                "captcha_config": [],
                "name": "AWS-AWSManagedRulesLinuxRuleSet",
                "override_action": [
                  {
                    "count": [],
                    "none": [
                      {}
                    ]
                  }
                ],
                "priority": 1,
                "rule_label": [],
                "statement": [
                  {
                    "and_statement": [],
                    "byte_match_statement": [],
                    "geo_match_statement": [],
                    "ip_set_reference_statement": [],
                    "label_match_statement": [],
                    "managed_rule_group_statement": [
                      {
                        "managed_rule_group_configs": [],
                        "name": "AWSManagedRulesLinuxRuleSet",
                        "rule_action_override": [],
                        "scope_down_statement": [],
                        "vendor_name": "AWS",
                        "version": ""
                      }
                    ],
                    "not_statement": [],
                    "or_statement": [],
                    "rate_based_statement": [],
                    "regex_match_statement": [],
                    "regex_pattern_set_reference_statement": [],
                    "rule_group_reference_statement": [],
                    "size_constraint_statement": [],
                    "sqli_match_statement": [],
                    "xss_match_statement": []
                  }
                ],
                "visibility_config": [
                  {
                    "cloudwatch_metrics_enabled": true,
                    "metric_name": "AWS-AWSManagedRulesLinuxRuleSet",
                    "sampled_requests_enabled": true
                  }
                ]
              },
              {
                "action": [],
                "captcha_config": [],
                "name": "AWS-AWSManagedRulesUnixRuleSet",
                "override_action": [
                  {
                    "count": [],
                    "none": [
                      {}
                    ]
                  }
                ],
                "priority": 5,
                "rule_label": [],
                "statement": [
                  {
                    "and_statement": [],
                    "byte_match_statement": [],
                    "geo_match_statement": [],
                    "ip_set_reference_statement": [],
                    "label_match_statement": [],
                    "managed_rule_group_statement": [
                      {
                        "managed_rule_group_configs": [],
                        "name": "AWSManagedRulesUnixRuleSet",
                        "rule_action_override": [],
                        "scope_down_statement": [],
                        "vendor_name": "AWS",
                        "version": ""
                      }
                    ],
                    "not_statement": [],
                    "or_statement": [],
                    "rate_based_statement": [],
                    "regex_match_statement": [],
                    "regex_pattern_set_reference_statement": [],
                    "rule_group_reference_statement": [],
                    "size_constraint_statement": [],
                    "sqli_match_statement": [],
                    "xss_match_statement": []
                  }
                ],
                "visibility_config": [
                  {
                    "cloudwatch_metrics_enabled": true,
                    "metric_name": "AWS-AWSManagedRulesUnixRuleSet",
                    "sampled_requests_enabled": true
                  }
                ]
              },
              {
                "action": [],
                "captcha_config": [],
                "name": "AWS-AWSManagedRulesWindowsRuleSet",
                "override_action": [
                  {
                    "count": [],
                    "none": [
                      {}
                    ]
                  }
                ],
                "priority": 6,
                "rule_label": [],
                "statement": [
                  {
                    "and_statement": [],
                    "byte_match_statement": [],
                    "geo_match_statement": [],
                    "ip_set_reference_statement": [],
                    "label_match_statement": [],
                    "managed_rule_group_statement": [
                      {
                        "managed_rule_group_configs": [],
                        "name": "AWSManagedRulesWindowsRuleSet",
                        "rule_action_override": [],
                        "scope_down_statement": [],
                        "vendor_name": "AWS",
                        "version": ""
                      }
                    ],
                    "not_statement": [],
                    "or_statement": [],
                    "rate_based_statement": [],
                    "regex_match_statement": [],
                    "regex_pattern_set_reference_statement": [],
                    "rule_group_reference_statement": [],
                    "size_constraint_statement": [],
                    "sqli_match_statement": [],
                    "xss_match_statement": []
                  }
                ],
                "visibility_config": [
                  {
                    "cloudwatch_metrics_enabled": true,
                    "metric_name": "AWS-AWSManagedRulesWindowsRuleSet",
                    "sampled_requests_enabled": true
                  }
                ]
              }
            ],
            "scope": "REGIONAL",
            "tags": {
              "description": "managed by terraform provisioning",
              "name": "terraform project"
            },
            "tags_all": {
              "description": "managed by terraform provisioning",
              "name": "terraform project"
            },
            "token_domains": null,
            "visibility_config": [
              {
                "cloudwatch_metrics_enabled": true,
                "metric_name": "WAF_Common_Protections",
                "sampled_requests_enabled": true
              }
            ]
          },
          "sensitive_attributes": [],
          "private": "bnVsbA=="
        }
      ]
    },
    {
      "module": "module.aws-resources",
      "mode": "managed",
      "type": "aws_wafv2_web_acl_association",
      "name": "WafWebAclAssociation",
      "provider": "module.aws-resources.provider[\"registry.terraform.io/hashicorp/aws\"]",
      "instances": [
        {
          "schema_version": 0,
          "attributes": {
            "id": "arn:aws:wafv2:us-east-1:846338211683:regional/webacl/wafv2-web-acl/ba3bcbd7-0bf1-4545-ad7c-c4be294f54e5,arn:aws:elasticloadbalancing:us-east-1:846338211683:loadbalancer/app/application-loadbalancer/0b9a90a8932e2214",
            "resource_arn": "arn:aws:elasticloadbalancing:us-east-1:846338211683:loadbalancer/app/application-loadbalancer/0b9a90a8932e2214",
            "timeouts": null,
            "web_acl_arn": "arn:aws:wafv2:us-east-1:846338211683:regional/webacl/wafv2-web-acl/ba3bcbd7-0bf1-4545-ad7c-c4be294f54e5"
          },
          "sensitive_attributes": [],
          "private": "eyJlMmJmYjczMC1lY2FhLTExZTYtOGY4OC0zNDM2M2JjN2M0YzAiOnsiY3JlYXRlIjozMDAwMDAwMDAwMDB9fQ==",
          "dependencies": [
            "module.aws-resources.aws_cloudwatch_log_group.WafWebAclLoggroup",
            "module.aws-resources.aws_lb.alb",
            "module.aws-resources.aws_security_group.alb_sg",
            "module.aws-resources.aws_subnet.private-subnet-1b",
            "module.aws-resources.aws_subnet.private-subnet-1c",
            "module.aws-resources.aws_subnet.public-subnet-1a",
            "module.aws-resources.aws_vpc.vpc-main",
            "module.aws-resources.aws_wafv2_web_acl.WafWebAcl"
          ]
        }
      ]
    },
    {
      "module": "module.aws-resources",
      "mode": "managed",
      "type": "aws_wafv2_web_acl_logging_configuration",
      "name": "WafWebAclLogging",
      "provider": "module.aws-resources.provider[\"registry.terraform.io/hashicorp/aws\"]",
      "instances": [
        {
          "schema_version": 0,
          "attributes": {
            "id": "arn:aws:wafv2:us-east-1:846338211683:regional/webacl/wafv2-web-acl/ba3bcbd7-0bf1-4545-ad7c-c4be294f54e5",
            "log_destination_configs": [
              "arn:aws:logs:us-east-1:846338211683:log-group:aws-waf-logs-wafv2-web-acl"
            ],
            "logging_filter": [],
            "redacted_fields": [],
            "resource_arn": "arn:aws:wafv2:us-east-1:846338211683:regional/webacl/wafv2-web-acl/ba3bcbd7-0bf1-4545-ad7c-c4be294f54e5"
          },
          "sensitive_attributes": [],
          "private": "bnVsbA==",
          "dependencies": [
            "module.aws-resources.aws_cloudwatch_log_group.WafWebAclLoggroup",
            "module.aws-resources.aws_wafv2_web_acl.WafWebAcl"
          ]
        }
      ]
    }
  ],
  "check_results": null
}
