{
  "version": 4,
  "terraform_version": "1.7.4",
  "serial": 1439,
  "lineage": "77804ff6-2705-ef4e-0c4f-74fd7c1edc76",
  "outputs": {},
  "resources": [
    {
      "module": "module.aws-resources",
      "mode": "managed",
      "type": "aws_cloudfront_distribution",
      "name": "cloudfront_s3_distribution",
      "provider": "module.aws-resources.provider[\"registry.terraform.io/hashicorp/aws\"]",
      "instances": [
        {
          "schema_version": 1,
          "attributes": {
            "aliases": null,
            "arn": "arn:aws:cloudfront::846338211683:distribution/E1R8IZDI3093Z9",
            "caller_reference": "terraform-20240405142403935900000006",
            "comment": null,
            "custom_error_response": [],
            "default_cache_behavior": [
              {
                "allowed_methods": [
                  "GET",
                  "HEAD"
                ],
                "cache_policy_id": "",
                "cached_methods": [
                  "GET",
                  "HEAD"
                ],
                "compress": false,
                "default_ttl": 3600,
                "field_level_encryption_id": "",
                "forwarded_values": [
                  {
                    "cookies": [
                      {
                        "forward": "none",
                        "whitelisted_names": []
                      }
                    ],
                    "headers": [],
                    "query_string": true,
                    "query_string_cache_keys": []
                  }
                ],
                "function_association": [],
                "lambda_function_association": [],
                "max_ttl": 86400,
                "min_ttl": 0,
                "origin_request_policy_id": "",
                "realtime_log_config_arn": "",
                "response_headers_policy_id": "",
                "smooth_streaming": false,
                "target_origin_id": "eks-project-front-end-source",
                "trusted_key_groups": [],
                "trusted_signers": [],
                "viewer_protocol_policy": "https-only"
              }
            ],
            "default_root_object": "index.html",
            "domain_name": "de8ag7pkv26kq.cloudfront.net",
            "enabled": true,
            "etag": "EKMHAIYTH5LUV",
            "hosted_zone_id": "Z2FDTNDATAQYW2",
            "http_version": "http2",
            "id": "E1R8IZDI3093Z9",
            "in_progress_validation_batches": 0,
            "is_ipv6_enabled": false,
            "last_modified_time": "2024-04-05 14:24:04.965 +0000 UTC",
            "logging_config": [],
            "ordered_cache_behavior": [],
            "origin": [
              {
                "connection_attempts": 3,
                "connection_timeout": 10,
                "custom_header": [],
                "custom_origin_config": [
                  {
                    "http_port": 80,
                    "https_port": 443,
                    "origin_keepalive_timeout": 5,
                    "origin_protocol_policy": "https-only",
                    "origin_read_timeout": 30,
                    "origin_ssl_protocols": [
                      "TLSv1.2"
                    ]
                  }
                ],
                "domain_name": "internal-application-loadbalancer-913494691.us-east-1.elb.amazonaws.com",
                "origin_id": "arn:aws:elasticloadbalancing:us-east-1:846338211683:loadbalancer/app/application-loadbalancer/73a672aeee1dcebb",
                "origin_path": "",
                "origin_shield": [],
                "s3_origin_config": []
              },
              {
                "connection_attempts": 3,
                "connection_timeout": 10,
                "custom_header": [],
                "custom_origin_config": [],
                "domain_name": "eks-project-front-end-source.s3.amazonaws.com",
                "origin_id": "eks-project-front-end-source",
                "origin_path": "",
                "origin_shield": [],
                "s3_origin_config": [
                  {
                    "origin_access_identity": "origin-access-identity/cloudfront/ETW18OGVJX9ZZ"
                  }
                ]
              }
            ],
            "origin_group": [],
            "price_class": "PriceClass_100",
            "restrictions": [
              {
                "geo_restriction": [
                  {
                    "locations": [],
                    "restriction_type": "none"
                  }
                ]
              }
            ],
            "retain_on_delete": false,
            "status": "Deployed",
            "tags": {
              "description": "managed by terraform provisioning",
              "name": "terraform project"
            },
            "tags_all": {
              "description": "managed by terraform provisioning",
              "name": "terraform project"
            },
            "trusted_key_groups": [
              {
                "enabled": false,
                "items": []
              }
            ],
            "trusted_signers": [
              {
                "enabled": false,
                "items": []
              }
            ],
            "viewer_certificate": [
              {
                "acm_certificate_arn": "",
                "cloudfront_default_certificate": true,
                "iam_certificate_id": "",
                "minimum_protocol_version": "TLSv1",
                "ssl_support_method": ""
              }
            ],
            "wait_for_deployment": true,
            "web_acl_id": ""
          },
          "sensitive_attributes": [],
          "private": "eyJzY2hlbWFfdmVyc2lvbiI6IjEifQ==",
          "dependencies": [
            "module.aws-resources.aws_cloudfront_origin_access_identity.cloudfront_s3",
            "module.aws-resources.aws_lb.alb",
            "module.aws-resources.aws_s3_bucket.eks-project-front-end-source",
            "module.aws-resources.aws_security_group.alb_sg",
            "module.aws-resources.aws_subnet.private-subnet-1b",
            "module.aws-resources.aws_subnet.private-subnet-1c",
            "module.aws-resources.aws_subnet.public-subnet-1a",
            "module.aws-resources.aws_vpc.vpc-main"
          ]
        }
      ]
    },
    {
      "module": "module.aws-resources",
      "mode": "managed",
      "type": "aws_cloudfront_origin_access_identity",
      "name": "cloudfront_s3",
      "provider": "module.aws-resources.provider[\"registry.terraform.io/hashicorp/aws\"]",
      "instances": [
        {
          "schema_version": 0,
          "attributes": {
            "caller_reference": "terraform-20240405142047749900000001",
            "cloudfront_access_identity_path": "origin-access-identity/cloudfront/ETW18OGVJX9ZZ",
            "comment": "Cloudfront distribution",
            "etag": "E1AKHEFV8651SR",
            "iam_arn": "arn:aws:iam::cloudfront:user/CloudFront Origin Access Identity ETW18OGVJX9ZZ",
            "id": "ETW18OGVJX9ZZ",
            "s3_canonical_user_id": "12aa0440ee7ea5e685bf19f362af01c9d13b32ffa1947ff1d4a09f893bb402eb94d0f9917154b8802e5aad1b775505d9"
          },
          "sensitive_attributes": [],
          "private": "bnVsbA=="
        }
      ]
    },
    {
      "module": "module.aws-resources",
      "mode": "managed",
      "type": "aws_cloudwatch_log_group",
      "name": "WafWebAclLoggroup",
      "provider": "module.aws-resources.provider[\"registry.terraform.io/hashicorp/aws\"]",
      "instances": [
        {
          "schema_version": 0,
          "attributes": {
            "arn": "arn:aws:logs:us-east-1:846338211683:log-group:aws-waf-logs-wafv2-web-acl",
            "id": "aws-waf-logs-wafv2-web-acl",
            "kms_key_id": "",
            "name": "aws-waf-logs-wafv2-web-acl",
            "name_prefix": null,
            "retention_in_days": 30,
            "tags": {
              "description": "managed by terraform provisioning",
              "name": "terraform project"
            },
            "tags_all": {
              "description": "managed by terraform provisioning",
              "name": "terraform project"
            }
          },
          "sensitive_attributes": [],
          "private": "bnVsbA=="
        }
      ]
    },
    {
      "module": "module.aws-resources",
      "mode": "managed",
      "type": "aws_db_subnet_group",
      "name": "subnet_group",
      "provider": "module.aws-resources.provider[\"registry.terraform.io/hashicorp/aws\"]",
      "instances": [
        {
          "schema_version": 0,
          "attributes": {
            "arn": "arn:aws:rds:us-east-1:846338211683:subgrp:rds-subnet-group",
            "description": "Managed by Terraform",
            "id": "rds-subnet-group",
            "name": "rds-subnet-group",
            "name_prefix": null,
            "subnet_ids": [
              "subnet-00ade3a7d0fe1dc9e",
              "subnet-03819140b8ec29d07",
              "subnet-06ad6da39457ca814"
            ],
            "tags": {
              "description": "managed by terraform provisioning",
              "name": "terraform project"
            },
            "tags_all": {
              "description": "managed by terraform provisioning",
              "name": "terraform project"
            }
          },
          "sensitive_attributes": [],
          "private": "bnVsbA==",
          "dependencies": [
            "module.aws-resources.aws_subnet.private-subnet-1a",
            "module.aws-resources.aws_subnet.private-subnet-1b",
            "module.aws-resources.aws_subnet.private-subnet-1c",
            "module.aws-resources.aws_vpc.vpc-main"
          ]
        }
      ]
    },
    {
      "module": "module.aws-resources",
      "mode": "managed",
      "type": "aws_ecr_repository",
      "name": "ecr_repository",
      "provider": "module.aws-resources.provider[\"registry.terraform.io/hashicorp/aws\"]",
      "instances": [
        {
          "schema_version": 0,
          "attributes": {
            "arn": "arn:aws:ecr:us-east-1:846338211683:repository/eks-project",
            "encryption_configuration": [
              {
                "encryption_type": "AES256",
                "kms_key": ""
              }
            ],
            "id": "eks-project",
            "image_scanning_configuration": [
              {
                "scan_on_push": false
              }
            ],
            "image_tag_mutability": "MUTABLE",
            "name": "eks-project",
            "registry_id": "846338211683",
            "repository_url": "846338211683.dkr.ecr.us-east-1.amazonaws.com/eks-project",
            "tags": {
              "description": "managed by terraform provisioning",
              "name": "terraform project"
            },
            "tags_all": {
              "description": "managed by terraform provisioning",
              "name": "terraform project"
            },
            "timeouts": null
          },
          "sensitive_attributes": [],
          "private": "eyJlMmJmYjczMC1lY2FhLTExZTYtOGY4OC0zNDM2M2JjN2M0YzAiOnsiZGVsZXRlIjoxMjAwMDAwMDAwMDAwfX0="
        }
      ]
    },
    {
      "module": "module.aws-resources",
      "mode": "managed",
      "type": "aws_eip",
      "name": "nat-eip",
      "provider": "module.aws-resources.provider[\"registry.terraform.io/hashicorp/aws\"]",
      "instances": [
        {
          "schema_version": 0,
          "attributes": {
            "address": null,
            "allocation_id": "eipalloc-0ddac3fa31b5aaf18",
            "associate_with_private_ip": null,
            "association_id": "",
            "carrier_ip": "",
            "customer_owned_ip": "",
            "customer_owned_ipv4_pool": "",
            "domain": "vpc",
            "id": "eipalloc-0ddac3fa31b5aaf18",
            "instance": "",
            "network_border_group": "us-east-1",
            "network_interface": "",
            "private_dns": null,
            "private_ip": "",
            "public_dns": "ec2-54-158-188-38.compute-1.amazonaws.com",
            "public_ip": "54.158.188.38",
            "public_ipv4_pool": "amazon",
            "tags": {
              "description": "managed by terraform provisioning",
              "name": "terraform project"
            },
            "tags_all": {
              "description": "managed by terraform provisioning",
              "name": "terraform project"
            },
            "timeouts": null,
            "vpc": true
          },
          "sensitive_attributes": [],
          "private": "eyJlMmJmYjczMC1lY2FhLTExZTYtOGY4OC0zNDM2M2JjN2M0YzAiOnsiZGVsZXRlIjoxODAwMDAwMDAwMDAsInJlYWQiOjkwMDAwMDAwMDAwMCwidXBkYXRlIjozMDAwMDAwMDAwMDB9fQ=="
        }
      ]
    },
    {
      "module": "module.aws-resources",
      "mode": "managed",
      "type": "aws_eks_cluster",
      "name": "eks_cluster",
      "provider": "module.aws-resources.provider[\"registry.terraform.io/hashicorp/aws\"]",
      "instances": [
        {
          "schema_version": 0,
          "attributes": {
            "arn": "arn:aws:eks:us-east-1:846338211683:cluster/Eks-cluster",
            "certificate_authority": [
              {
                "data": "LS0tLS1CRUdJTiBDRVJUSUZJQ0FURS0tLS0tCk1JSURCVENDQWUyZ0F3SUJBZ0lJWmtERVlkaXJnSEV3RFFZSktvWklodmNOQVFFTEJRQXdGVEVUTUJFR0ExVUUKQXhNS2EzVmlaWEp1WlhSbGN6QWVGdzB5TkRBME1EVXhOREl4TURWYUZ3MHpOREEwTURNeE5ESTJNRFZhTUJVeApFekFSQmdOVkJBTVRDbXQxWW1WeWJtVjBaWE13Z2dFaU1BMEdDU3FHU0liM0RRRUJBUVVBQTRJQkR3QXdnZ0VLCkFvSUJBUURnZjlkL3B5LzQvRmYxZ2JOSWh1REU3Y0tCaXM3MlNtTVVTN3pNcDd3VkdBVFVkY2JJb3NBYjhodUUKTlhKTmNzbXVkSVR3TzNFQk85cXY1SjZWRXp2cXYwMW8zTTdVQUtoTCs5Y1I5TTBsTFhJdG9NR2M3UFErSVkyRQp0OEwvWGtHWHVtQ24ycWhXS0VCK3pPVkZzVUVKdkpwdkpkWlQxK0QvNnEwS21ZY1ZueThwYWJFTTg4c21WTnluCnBOMVRsRDZHODlITWQxSjE2dW9pak96UGpZc1Y4eDhMSzg3SEZZK093cWd1Y25zR2s5RVpwbkd2ZlN2RGxDamIKZTNKVGZZN09YemFkdVVLcXowTStpYTZlT3pVanJ3TEJ2V1lUWklHUTZiUFZVdzg1MmdqRXl5UjhZZmQxVkYzNApJR21nN2JHc0hUakFEcXc0V1l4clZZSEdSaFRIQWdNQkFBR2pXVEJYTUE0R0ExVWREd0VCL3dRRUF3SUNwREFQCkJnTlZIUk1CQWY4RUJUQURBUUgvTUIwR0ExVWREZ1FXQkJSQ1MxSndCNHZ5L3ZJREM0RHVUWmFnRmNla0VUQVYKQmdOVkhSRUVEakFNZ2dwcmRXSmxjbTVsZEdWek1BMEdDU3FHU0liM0RRRUJDd1VBQTRJQkFRQWlqN3M0b0NXWApWY0EzRTAvNDdIbjh6Q0FCUGZYWS9OL2U5alNJNkNqVDlZcDU4L3lrT0ZVSXFwd2JPeXJ2SU5uU3VpRWVDRFNpCkVRMzJEZ1ducytUY2wwTEpNMFcyTmh0L0VxOHdycmZGNnFXOGNsZFNmMi9hWnMvREJ2WGlyQWJkMk02U3dDanAKb0h5TFJ3ZjRocWdaeG9WNXNLUDFOQW1WajcyYk1sN3NuTHJ1L3pmRXZlLzlCWHFGM3owekJWZ2xyN3pmZzRUSgo2N1dxK0k5QUV3RkVGQWJ2dGZCY1FKNy9XVVBUVUtsMllaWDY2SUNnUytzd0gyY09RQTVMbThsTXRCeTdvV0RSCkZkK01MUmsyL09kQzhqQVkwRk5kc2huZS8zRTNFano3Q1dEWWdBTG9aWXZXWktneWx6azVOQ2J0STVrb3JSYmoKVVpPNitCVkxDREZxCi0tLS0tRU5EIENFUlRJRklDQVRFLS0tLS0K"
              }
            ],
            "created_at": "2024-04-05 14:21:18.298 +0000 UTC",
            "enabled_cluster_log_types": null,
            "encryption_config": [],
            "endpoint": "https://88B1B9BD0433CD16D4EA572A8F7F8BC4.gr7.us-east-1.eks.amazonaws.com",
            "id": "Eks-cluster",
            "identity": [
              {
                "oidc": [
                  {
                    "issuer": "https://oidc.eks.us-east-1.amazonaws.com/id/88B1B9BD0433CD16D4EA572A8F7F8BC4"
                  }
                ]
              }
            ],
            "kubernetes_network_config": [
              {
                "ip_family": "ipv4",
                "service_ipv4_cidr": "172.20.0.0/16"
              }
            ],
            "name": "Eks-cluster",
            "platform_version": "eks.5",
            "role_arn": "arn:aws:iam::846338211683:role/eks_role",
            "status": "ACTIVE",
            "tags": {
              "description": "managed by terraform provisioning",
              "name": "terraform project"
            },
            "tags_all": {
              "description": "managed by terraform provisioning",
              "name": "terraform project"
            },
            "timeouts": null,
            "version": "1.29",
            "vpc_config": [
              {
                "cluster_security_group_id": "sg-0111b0bcebbe0ca97",
                "endpoint_private_access": false,
                "endpoint_public_access": true,
                "public_access_cidrs": [
                  "0.0.0.0/0"
                ],
                "security_group_ids": null,
                "subnet_ids": [
                  "subnet-00ade3a7d0fe1dc9e",
                  "subnet-03819140b8ec29d07",
                  "subnet-06ad6da39457ca814"
                ],
                "vpc_id": "vpc-0cb45755150e82ee6"
              }
            ]
          },
          "sensitive_attributes": [],
          "private": "eyJlMmJmYjczMC1lY2FhLTExZTYtOGY4OC0zNDM2M2JjN2M0YzAiOnsiY3JlYXRlIjoxODAwMDAwMDAwMDAwLCJkZWxldGUiOjkwMDAwMDAwMDAwMCwidXBkYXRlIjozNjAwMDAwMDAwMDAwfX0=",
          "dependencies": [
            "module.aws-resources.aws_iam_role.role-eks",
            "module.aws-resources.aws_iam_role_policy_attachment.eks_attach",
            "module.aws-resources.aws_subnet.private-subnet-1a",
            "module.aws-resources.aws_subnet.private-subnet-1b",
            "module.aws-resources.aws_subnet.private-subnet-1c",
            "module.aws-resources.aws_vpc.vpc-main"
          ]
        }
      ]
    },
    {
      "module": "module.aws-resources",
      "mode": "managed",
      "type": "aws_eks_node_group",
      "name": "private-nodes",
      "provider": "module.aws-resources.provider[\"registry.terraform.io/hashicorp/aws\"]",
      "instances": [
        {
          "schema_version": 0,
          "attributes": {
            "ami_type": "AL2_x86_64",
            "arn": "arn:aws:eks:us-east-1:846338211683:nodegroup/Eks-cluster/private-nodes/e4c75755-1afb-892d-026e-d6dd180f7af1",
            "capacity_type": "SPOT",
            "cluster_name": "Eks-cluster",
            "disk_size": 20,
            "force_update_version": null,
            "id": "Eks-cluster:private-nodes",
            "instance_types": [
              "t3.medium"
            ],
            "labels": {
              "role": "Eks-cluster"
            },
            "launch_template": [],
            "node_group_name": "private-nodes",
            "node_group_name_prefix": "",
            "node_role_arn": "arn:aws:iam::846338211683:role/eks-node-group-nodes",
            "release_version": "1.29.0-20240329",
            "remote_access": [
              {
                "ec2_ssh_key": "public-bastion-host",
                "source_security_group_ids": [
                  "sg-07ff10181a6e98e74"
                ]
              }
            ],
            "resources": [
              {
                "autoscaling_groups": [
                  {
                    "name": "eks-private-nodes-e4c75755-1afb-892d-026e-d6dd180f7af1"
                  }
                ],
                "remote_access_security_group_id": "sg-075a395f19748ae79"
              }
            ],
            "scaling_config": [
              {
                "desired_size": 1,
                "max_size": 5,
                "min_size": 0
              }
            ],
            "status": "ACTIVE",
            "subnet_ids": [
              "subnet-00ade3a7d0fe1dc9e",
              "subnet-03819140b8ec29d07",
              "subnet-06ad6da39457ca814"
            ],
            "tags": {
              "description": "managed by terraform provisioning",
              "name": "terraform project"
            },
            "tags_all": {
              "description": "managed by terraform provisioning",
              "name": "terraform project"
            },
            "taint": [],
            "timeouts": null,
            "update_config": [
              {
                "max_unavailable": 1,
                "max_unavailable_percentage": 0
              }
            ],
            "version": "1.29"
          },
          "sensitive_attributes": [],
          "private": "eyJlMmJmYjczMC1lY2FhLTExZTYtOGY4OC0zNDM2M2JjN2M0YzAiOnsiY3JlYXRlIjozNjAwMDAwMDAwMDAwLCJkZWxldGUiOjM2MDAwMDAwMDAwMDAsInVwZGF0ZSI6MzYwMDAwMDAwMDAwMH19",
          "dependencies": [
            "module.aws-resources.aws_eks_cluster.eks_cluster",
            "module.aws-resources.aws_iam_role.nodes",
            "module.aws-resources.aws_iam_role.role-eks",
            "module.aws-resources.aws_iam_role_policy_attachment.eks_attach",
            "module.aws-resources.aws_iam_role_policy_attachment.nodes-AmazonEC2ContainerRegistryReadOnly",
            "module.aws-resources.aws_iam_role_policy_attachment.nodes-AmazonEKSWorkerNodePolicy",
            "module.aws-resources.aws_iam_role_policy_attachment.nodes-AmazonEKS_CNI_Policy",
            "module.aws-resources.aws_security_group.bastion_sg",
            "module.aws-resources.aws_subnet.private-subnet-1a",
            "module.aws-resources.aws_subnet.private-subnet-1b",
            "module.aws-resources.aws_subnet.private-subnet-1c",
            "module.aws-resources.aws_vpc.vpc-main"
          ]
        }
      ]
    },
    {
      "module": "module.aws-resources",
      "mode": "managed",
      "type": "aws_elasticache_replication_group",
      "name": "redis",
      "provider": "module.aws-resources.provider[\"registry.terraform.io/hashicorp/aws\"]",
      "instances": [
        {
          "schema_version": 1,
          "attributes": {
            "apply_immediately": null,
            "arn": "arn:aws:elasticache:us-east-1:846338211683:replicationgroup:redis-cluster",
            "at_rest_encryption_enabled": true,
            "auth_token": "",
            "auto_minor_version_upgrade": "true",
            "automatic_failover_enabled": true,
            "availability_zones": null,
            "cluster_enabled": false,
            "cluster_mode": [
              {
                "num_node_groups": 1,
                "replicas_per_node_group": 2
              }
            ],
            "configuration_endpoint_address": null,
            "data_tiering_enabled": false,
            "description": "redis replication",
            "engine": "redis",
            "engine_version": "6.0",
            "engine_version_actual": "6.0.5",
            "final_snapshot_identifier": null,
            "global_replication_group_id": null,
            "id": "redis-cluster",
            "kms_key_id": "",
            "log_delivery_configuration": [],
            "maintenance_window": "tue:04:30-tue:05:30",
            "member_clusters": [
              "redis-cluster-001",
              "redis-cluster-002",
              "redis-cluster-003"
            ],
            "multi_az_enabled": false,
            "node_type": "cache.t3.micro",
            "notification_topic_arn": null,
            "num_cache_clusters": 3,
            "num_node_groups": 1,
            "number_cache_clusters": 3,
            "parameter_group_name": "default.redis6.x",
            "port": 6379,
            "preferred_cache_cluster_azs": null,
            "primary_endpoint_address": "master.redis-cluster.0szwfp.use1.cache.amazonaws.com",
            "reader_endpoint_address": "replica.redis-cluster.0szwfp.use1.cache.amazonaws.com",
            "replicas_per_node_group": 2,
            "replication_group_description": "redis replication",
            "replication_group_id": "redis-cluster",
            "security_group_ids": [
              "sg-0fabc96377d6887d0"
            ],
            "security_group_names": [],
            "snapshot_arns": null,
            "snapshot_name": null,
            "snapshot_retention_limit": 0,
            "snapshot_window": "06:30-07:30",
            "subnet_group_name": "redis-subnet-group",
            "tags": {
              "description": "managed by terraform provisioning",
              "name": "terraform project"
            },
            "tags_all": {
              "description": "managed by terraform provisioning",
              "name": "terraform project"
            },
            "timeouts": null,
            "transit_encryption_enabled": true,
            "user_group_ids": null
          },
          "sensitive_attributes": [],
          "private": "eyJlMmJmYjczMC1lY2FhLTExZTYtOGY4OC0zNDM2M2JjN2M0YzAiOnsiY3JlYXRlIjozNjAwMDAwMDAwMDAwLCJkZWxldGUiOjI0MDAwMDAwMDAwMDAsInVwZGF0ZSI6MjQwMDAwMDAwMDAwMH0sInNjaGVtYV92ZXJzaW9uIjoiMSJ9",
          "dependencies": [
            "module.aws-resources.aws_elasticache_subnet_group.redis_subnet_group",
            "module.aws-resources.aws_security_group.redis_sg",
            "module.aws-resources.aws_subnet.private-subnet-1a",
            "module.aws-resources.aws_subnet.private-subnet-1b",
            "module.aws-resources.aws_subnet.private-subnet-1c",
            "module.aws-resources.aws_vpc.vpc-main"
          ]
        }
      ]
    },
    {
      "module": "module.aws-resources",
      "mode": "managed",
      "type": "aws_elasticache_subnet_group",
      "name": "redis_subnet_group",
      "provider": "module.aws-resources.provider[\"registry.terraform.io/hashicorp/aws\"]",
      "instances": [
        {
          "schema_version": 0,
          "attributes": {
            "arn": "arn:aws:elasticache:us-east-1:846338211683:subnetgroup:redis-subnet-group",
            "description": "Managed by Terraform",
            "id": "redis-subnet-group",
            "name": "redis-subnet-group",
            "subnet_ids": [
              "subnet-00ade3a7d0fe1dc9e",
              "subnet-03819140b8ec29d07",
              "subnet-06ad6da39457ca814"
            ],
            "tags": {
              "description": "managed by terraform provisioning",
              "name": "terraform project"
            },
            "tags_all": {
              "description": "managed by terraform provisioning",
              "name": "terraform project"
            }
          },
          "sensitive_attributes": [],
          "private": "bnVsbA==",
          "dependencies": [
            "module.aws-resources.aws_subnet.private-subnet-1a",
            "module.aws-resources.aws_subnet.private-subnet-1b",
            "module.aws-resources.aws_subnet.private-subnet-1c",
            "module.aws-resources.aws_vpc.vpc-main"
          ]
        }
      ]
    },
    {
      "module": "module.aws-resources",
      "mode": "managed",
      "type": "aws_iam_role",
      "name": "nodes",
      "provider": "module.aws-resources.provider[\"registry.terraform.io/hashicorp/aws\"]",
      "instances": [
        {
          "schema_version": 0,
          "attributes": {
            "arn": "arn:aws:iam::846338211683:role/eks-node-group-nodes",
            "assume_role_policy": "{\"Version\":\"2012-10-17\",\"Statement\":[{\"Effect\":\"Allow\",\"Principal\":{\"Service\":\"ec2.amazonaws.com\"},\"Action\":\"sts:AssumeRole\"}]}",
            "create_date": "2024-04-05T14:20:48Z",
            "description": "",
            "force_detach_policies": false,
            "id": "eks-node-group-nodes",
            "inline_policy": [
              {
                "name": "",
                "policy": ""
              }
            ],
            "managed_policy_arns": [],
            "max_session_duration": 3600,
            "name": "eks-node-group-nodes",
            "name_prefix": "",
            "path": "/",
            "permissions_boundary": null,
            "tags": null,
            "tags_all": {},
            "unique_id": "AROA4KDNQH5RRSK3N7SXQ"
          },
          "sensitive_attributes": [],
          "private": "bnVsbA=="
        }
      ]
    },
    {
      "module": "module.aws-resources",
      "mode": "managed",
      "type": "aws_iam_role",
      "name": "role-eks",
      "provider": "module.aws-resources.provider[\"registry.terraform.io/hashicorp/aws\"]",
      "instances": [
        {
          "schema_version": 0,
          "attributes": {
            "arn": "arn:aws:iam::846338211683:role/eks_role",
            "assume_role_policy": "{\"Version\":\"2012-10-17\",\"Statement\":[{\"Effect\":\"Allow\",\"Principal\":{\"Service\":\"eks.amazonaws.com\"},\"Action\":\"sts:AssumeRole\"}]}",
            "create_date": "2024-04-05T14:20:48Z",
            "description": "",
            "force_detach_policies": false,
            "id": "eks_role",
            "inline_policy": [
              {
                "name": "",
                "policy": ""
              }
            ],
            "managed_policy_arns": [],
            "max_session_duration": 3600,
            "name": "eks_role",
            "name_prefix": "",
            "path": "/",
            "permissions_boundary": null,
            "tags": null,
            "tags_all": {},
            "unique_id": "AROA4KDNQH5R46NUOZ7MV"
          },
          "sensitive_attributes": [],
          "private": "bnVsbA=="
        }
      ]
    },
    {
      "module": "module.aws-resources",
      "mode": "managed",
      "type": "aws_iam_role_policy_attachment",
      "name": "eks_attach",
      "provider": "module.aws-resources.provider[\"registry.terraform.io/hashicorp/aws\"]",
      "instances": [
        {
          "schema_version": 0,
          "attributes": {
            "id": "eks_role-20240405142050831300000005",
            "policy_arn": "arn:aws:iam::aws:policy/AmazonEKSClusterPolicy",
            "role": "eks_role"
          },
          "sensitive_attributes": [],
          "private": "bnVsbA==",
          "dependencies": [
            "module.aws-resources.aws_iam_role.role-eks"
          ]
        }
      ]
    },
    {
      "module": "module.aws-resources",
      "mode": "managed",
      "type": "aws_iam_role_policy_attachment",
      "name": "nodes-AmazonEC2ContainerRegistryReadOnly",
      "provider": "module.aws-resources.provider[\"registry.terraform.io/hashicorp/aws\"]",
      "instances": [
        {
          "schema_version": 0,
          "attributes": {
            "id": "eks-node-group-nodes-20240405142050512100000003",
            "policy_arn": "arn:aws:iam::aws:policy/AmazonEC2ContainerRegistryReadOnly",
            "role": "eks-node-group-nodes"
          },
          "sensitive_attributes": [],
          "private": "bnVsbA==",
          "dependencies": [
            "module.aws-resources.aws_iam_role.nodes"
          ]
        }
      ]
    },
    {
      "module": "module.aws-resources",
      "mode": "managed",
      "type": "aws_iam_role_policy_attachment",
      "name": "nodes-AmazonEKSWorkerNodePolicy",
      "provider": "module.aws-resources.provider[\"registry.terraform.io/hashicorp/aws\"]",
      "instances": [
        {
          "schema_version": 0,
          "attributes": {
            "id": "eks-node-group-nodes-20240405142050507300000002",
            "policy_arn": "arn:aws:iam::aws:policy/AmazonEKSWorkerNodePolicy",
            "role": "eks-node-group-nodes"
          },
          "sensitive_attributes": [],
          "private": "bnVsbA==",
          "dependencies": [
            "module.aws-resources.aws_iam_role.nodes"
          ]
        }
      ]
    },
    {
      "module": "module.aws-resources",
      "mode": "managed",
      "type": "aws_iam_role_policy_attachment",
      "name": "nodes-AmazonEKS_CNI_Policy",
      "provider": "module.aws-resources.provider[\"registry.terraform.io/hashicorp/aws\"]",
      "instances": [
        {
          "schema_version": 0,
          "attributes": {
            "id": "eks-node-group-nodes-20240405142050827500000004",
            "policy_arn": "arn:aws:iam::aws:policy/AmazonEKS_CNI_Policy",
            "role": "eks-node-group-nodes"
          },
          "sensitive_attributes": [],
          "private": "bnVsbA==",
          "dependencies": [
            "module.aws-resources.aws_iam_role.nodes"
          ]
        }
      ]
    },
    {
      "module": "module.aws-resources",
      "mode": "managed",
      "type": "aws_instance",
      "name": "bastion_host",
      "provider": "module.aws-resources.provider[\"registry.terraform.io/hashicorp/aws\"]",
      "instances": [
        {
          "schema_version": 1,
          "attributes": {
            "ami": "ami-0c101f26f147fa7fd",
            "arn": "arn:aws:ec2:us-east-1:846338211683:instance/i-0c91a95022340f390",
            "associate_public_ip_address": true,
            "availability_zone": "us-east-1a",
            "capacity_reservation_specification": [
              {
                "capacity_reservation_preference": "open",
                "capacity_reservation_target": []
              }
            ],
            "cpu_core_count": 1,
            "cpu_threads_per_core": 1,
            "credit_specification": [
              {
                "cpu_credits": "standard"
              }
            ],
            "disable_api_termination": false,
            "ebs_block_device": [],
            "ebs_optimized": false,
            "enclave_options": [
              {
                "enabled": false
              }
            ],
            "ephemeral_block_device": [],
            "get_password_data": false,
            "hibernation": false,
            "host_id": null,
            "iam_instance_profile": "",
            "id": "i-0c91a95022340f390",
            "instance_initiated_shutdown_behavior": "stop",
            "instance_state": "running",
            "instance_type": "t2.micro",
            "ipv6_address_count": 0,
            "ipv6_addresses": [],
            "key_name": "public-bastion-host",
            "launch_template": [],
            "maintenance_options": [
              {
                "auto_recovery": "default"
              }
            ],
            "metadata_options": [
              {
                "http_endpoint": "enabled",
                "http_put_response_hop_limit": 2,
                "http_tokens": "required",
                "instance_metadata_tags": "disabled"
              }
            ],
            "monitoring": false,
            "network_interface": [],
            "outpost_arn": "",
            "password_data": "",
            "placement_group": "",
            "placement_partition_number": null,
            "primary_network_interface_id": "eni-08c68cde25436bda0",
            "private_dns": "ip-10-0-12-151.ec2.internal",
            "private_ip": "10.0.12.151",
            "public_dns": "ec2-54-91-78-130.compute-1.amazonaws.com",
            "public_ip": "54.91.78.130",
            "root_block_device": [
              {
                "delete_on_termination": true,
                "device_name": "/dev/xvda",
                "encrypted": false,
                "iops": 3000,
                "kms_key_id": "",
                "tags": {},
                "throughput": 125,
                "volume_id": "vol-09f3a49f03a059d9b",
                "volume_size": 8,
                "volume_type": "gp3"
              }
            ],
            "secondary_private_ips": [],
            "security_groups": [
              "sg-07ff10181a6e98e74"
            ],
            "source_dest_check": true,
            "subnet_id": "subnet-01b97fa166ff416c6",
            "tags": {
              "description": "managed by terraform provisioning",
              "name": "terraform project"
            },
            "tags_all": {
              "description": "managed by terraform provisioning",
              "name": "terraform project"
            },
            "tenancy": "default",
            "timeouts": null,
            "user_data": null,
            "user_data_base64": null,
            "user_data_replace_on_change": false,
            "volume_tags": null,
            "vpc_security_group_ids": [
              "sg-07ff10181a6e98e74"
            ]
          },
          "sensitive_attributes": [],
          "private": "eyJlMmJmYjczMC1lY2FhLTExZTYtOGY4OC0zNDM2M2JjN2M0YzAiOnsiY3JlYXRlIjo2MDAwMDAwMDAwMDAsImRlbGV0ZSI6MTIwMDAwMDAwMDAwMCwidXBkYXRlIjo2MDAwMDAwMDAwMDB9LCJzY2hlbWFfdmVyc2lvbiI6IjEifQ==",
          "dependencies": [
            "module.aws-resources.aws_security_group.bastion_sg",
            "module.aws-resources.aws_subnet.public-subnet-1a",
            "module.aws-resources.aws_vpc.vpc-main"
          ]
        }
      ]
    },
    {
      "module": "module.aws-resources",
      "mode": "managed",
      "type": "aws_internet_gateway",
      "name": "gw",
      "provider": "module.aws-resources.provider[\"registry.terraform.io/hashicorp/aws\"]",
      "instances": [
        {
          "schema_version": 0,
          "attributes": {
            "arn": "arn:aws:ec2:us-east-1:846338211683:internet-gateway/igw-0fd637b4b48e261d1",
            "id": "igw-0fd637b4b48e261d1",
            "owner_id": "846338211683",
            "tags": {
              "description": "managed by terraform provisioning",
              "name": "terraform project"
            },
            "tags_all": {
              "description": "managed by terraform provisioning",
              "name": "terraform project"
            },
            "vpc_id": "vpc-0cb45755150e82ee6"
          },
          "sensitive_attributes": [],
          "private": "bnVsbA==",
          "dependencies": [
            "module.aws-resources.aws_vpc.vpc-main"
          ]
        }
      ]
    },
    {
      "module": "module.aws-resources",
      "mode": "managed",
      "type": "aws_lb",
      "name": "alb",
      "provider": "module.aws-resources.provider[\"registry.terraform.io/hashicorp/aws\"]",
      "instances": [
        {
          "schema_version": 0,
          "attributes": {
            "access_logs": [
              {
                "bucket": "",
                "enabled": false,
                "prefix": ""
              }
            ],
            "arn": "arn:aws:elasticloadbalancing:us-east-1:846338211683:loadbalancer/app/application-loadbalancer/73a672aeee1dcebb",
            "arn_suffix": "app/application-loadbalancer/73a672aeee1dcebb",
            "customer_owned_ipv4_pool": "",
            "desync_mitigation_mode": "defensive",
            "dns_name": "internal-application-loadbalancer-913494691.us-east-1.elb.amazonaws.com",
            "drop_invalid_header_fields": false,
            "enable_cross_zone_load_balancing": true,
            "enable_deletion_protection": false,
            "enable_http2": true,
            "enable_waf_fail_open": false,
            "id": "arn:aws:elasticloadbalancing:us-east-1:846338211683:loadbalancer/app/application-loadbalancer/73a672aeee1dcebb",
            "idle_timeout": 60,
            "internal": true,
            "ip_address_type": "ipv4",
            "load_balancer_type": "application",
            "name": "application-loadbalancer",
            "name_prefix": null,
            "security_groups": [
              "sg-091cbed64b90bac16"
            ],
            "subnet_mapping": [
              {
                "allocation_id": "",
                "ipv6_address": "",
                "outpost_id": "",
                "private_ipv4_address": "",
                "subnet_id": "subnet-00ade3a7d0fe1dc9e"
              },
              {
                "allocation_id": "",
                "ipv6_address": "",
                "outpost_id": "",
                "private_ipv4_address": "",
                "subnet_id": "subnet-01b97fa166ff416c6"
              },
              {
                "allocation_id": "",
                "ipv6_address": "",
                "outpost_id": "",
                "private_ipv4_address": "",
                "subnet_id": "subnet-06ad6da39457ca814"
              }
            ],
            "subnets": [
              "subnet-00ade3a7d0fe1dc9e",
              "subnet-01b97fa166ff416c6",
              "subnet-06ad6da39457ca814"
            ],
            "tags": {
              "description": "managed by terraform provisioning",
              "name": "terraform project"
            },
            "tags_all": {
              "description": "managed by terraform provisioning",
              "name": "terraform project"
            },
            "timeouts": null,
            "vpc_id": "vpc-0cb45755150e82ee6",
            "zone_id": "Z35SXDOTRQ7X7K"
          },
          "sensitive_attributes": [],
          "private": "eyJlMmJmYjczMC1lY2FhLTExZTYtOGY4OC0zNDM2M2JjN2M0YzAiOnsiY3JlYXRlIjo2MDAwMDAwMDAwMDAsImRlbGV0ZSI6NjAwMDAwMDAwMDAwLCJ1cGRhdGUiOjYwMDAwMDAwMDAwMH19",
          "dependencies": [
            "module.aws-resources.aws_security_group.alb_sg",
            "module.aws-resources.aws_subnet.private-subnet-1b",
            "module.aws-resources.aws_subnet.private-subnet-1c",
            "module.aws-resources.aws_subnet.public-subnet-1a",
            "module.aws-resources.aws_vpc.vpc-main"
          ]
        }
      ]
    },
    {
      "module": "module.aws-resources",
      "mode": "managed",
      "type": "aws_lb",
      "name": "network_lb",
      "provider": "module.aws-resources.provider[\"registry.terraform.io/hashicorp/aws\"]",
      "instances": [
        {
          "schema_version": 0,
          "attributes": {
            "access_logs": [
              {
                "bucket": "",
                "enabled": false,
                "prefix": ""
              }
            ],
            "arn": "arn:aws:elasticloadbalancing:us-east-1:846338211683:loadbalancer/net/network-lb/9d8c55fde33ca0c9",
            "arn_suffix": "net/network-lb/9d8c55fde33ca0c9",
            "customer_owned_ipv4_pool": "",
            "desync_mitigation_mode": null,
            "dns_name": "network-lb-9d8c55fde33ca0c9.elb.us-east-1.amazonaws.com",
            "drop_invalid_header_fields": null,
            "enable_cross_zone_load_balancing": true,
            "enable_deletion_protection": false,
            "enable_http2": null,
            "enable_waf_fail_open": null,
            "id": "arn:aws:elasticloadbalancing:us-east-1:846338211683:loadbalancer/net/network-lb/9d8c55fde33ca0c9",
            "idle_timeout": null,
            "internal": true,
            "ip_address_type": "ipv4",
            "load_balancer_type": "network",
            "name": "network-lb",
            "name_prefix": null,
            "security_groups": [],
            "subnet_mapping": [
              {
                "allocation_id": "",
                "ipv6_address": "",
                "outpost_id": "",
                "private_ipv4_address": "",
                "subnet_id": "subnet-00ade3a7d0fe1dc9e"
              },
              {
                "allocation_id": "",
                "ipv6_address": "",
                "outpost_id": "",
                "private_ipv4_address": "",
                "subnet_id": "subnet-03819140b8ec29d07"
              },
              {
                "allocation_id": "",
                "ipv6_address": "",
                "outpost_id": "",
                "private_ipv4_address": "",
                "subnet_id": "subnet-06ad6da39457ca814"
              }
            ],
            "subnets": [
              "subnet-00ade3a7d0fe1dc9e",
              "subnet-03819140b8ec29d07",
              "subnet-06ad6da39457ca814"
            ],
            "tags": {
              "description": "managed by terraform provisioning",
              "name": "terraform project"
            },
            "tags_all": {
              "description": "managed by terraform provisioning",
              "name": "terraform project"
            },
            "timeouts": null,
            "vpc_id": "vpc-0cb45755150e82ee6",
            "zone_id": "Z26RNL4JYFTOTI"
          },
          "sensitive_attributes": [],
          "private": "eyJlMmJmYjczMC1lY2FhLTExZTYtOGY4OC0zNDM2M2JjN2M0YzAiOnsiY3JlYXRlIjo2MDAwMDAwMDAwMDAsImRlbGV0ZSI6NjAwMDAwMDAwMDAwLCJ1cGRhdGUiOjYwMDAwMDAwMDAwMH19",
          "dependencies": [
            "module.aws-resources.aws_subnet.private-subnet-1a",
            "module.aws-resources.aws_subnet.private-subnet-1b",
            "module.aws-resources.aws_subnet.private-subnet-1c",
            "module.aws-resources.aws_vpc.vpc-main"
          ]
        }
      ]
    },
    {
      "module": "module.aws-resources",
      "mode": "managed",
      "type": "aws_lb_listener",
      "name": "listener",
      "provider": "module.aws-resources.provider[\"registry.terraform.io/hashicorp/aws\"]",
      "instances": [
        {
          "schema_version": 0,
          "attributes": {
            "alpn_policy": null,
            "arn": "arn:aws:elasticloadbalancing:us-east-1:846338211683:listener/net/network-lb/9d8c55fde33ca0c9/17ae383dc561e060",
            "certificate_arn": null,
            "default_action": [
              {
                "authenticate_cognito": [],
                "authenticate_oidc": [],
                "fixed_response": [],
                "forward": [],
                "order": 1,
                "redirect": [],
                "target_group_arn": "arn:aws:elasticloadbalancing:us-east-1:846338211683:targetgroup/target-group/a78008d4be53c47e",
                "type": "forward"
              }
            ],
            "id": "arn:aws:elasticloadbalancing:us-east-1:846338211683:listener/net/network-lb/9d8c55fde33ca0c9/17ae383dc561e060",
            "load_balancer_arn": "arn:aws:elasticloadbalancing:us-east-1:846338211683:loadbalancer/net/network-lb/9d8c55fde33ca0c9",
            "port": 80,
            "protocol": "TCP",
            "ssl_policy": "",
            "tags": {
              "description": "managed by terraform provisioning",
              "name": "terraform project"
            },
            "tags_all": {
              "description": "managed by terraform provisioning",
              "name": "terraform project"
            },
            "timeouts": null
          },
          "sensitive_attributes": [],
          "private": "eyJlMmJmYjczMC1lY2FhLTExZTYtOGY4OC0zNDM2M2JjN2M0YzAiOnsicmVhZCI6NjAwMDAwMDAwMDAwfX0=",
          "dependencies": [
            "module.aws-resources.aws_lb.network_lb",
            "module.aws-resources.aws_lb_target_group.target_group",
            "module.aws-resources.aws_subnet.private-subnet-1a",
            "module.aws-resources.aws_subnet.private-subnet-1b",
            "module.aws-resources.aws_subnet.private-subnet-1c",
            "module.aws-resources.aws_vpc.vpc-main"
          ]
        }
      ]
    },
    {
      "module": "module.aws-resources",
      "mode": "managed",
      "type": "aws_lb_target_group",
      "name": "target_group",
      "provider": "module.aws-resources.provider[\"registry.terraform.io/hashicorp/aws\"]",
      "instances": [
        {
          "schema_version": 0,
          "attributes": {
            "arn": "arn:aws:elasticloadbalancing:us-east-1:846338211683:targetgroup/target-group/a78008d4be53c47e",
            "arn_suffix": "targetgroup/target-group/a78008d4be53c47e",
            "connection_termination": false,
            "deregistration_delay": "300",
            "health_check": [
              {
                "enabled": true,
                "healthy_threshold": 5,
                "interval": 30,
                "matcher": "",
                "path": "",
                "port": "traffic-port",
                "protocol": "TCP",
                "timeout": 10,
                "unhealthy_threshold": 2
              }
            ],
            "id": "arn:aws:elasticloadbalancing:us-east-1:846338211683:targetgroup/target-group/a78008d4be53c47e",
            "lambda_multi_value_headers_enabled": false,
            "load_balancing_algorithm_type": null,
            "name": "target-group",
            "name_prefix": null,
            "port": 80,
            "preserve_client_ip": "true",
            "protocol": "TCP",
            "protocol_version": null,
            "proxy_protocol_v2": false,
            "slow_start": 0,
            "stickiness": [
              {
                "cookie_duration": 0,
                "cookie_name": "",
                "enabled": false,
                "type": "source_ip"
              }
            ],
            "tags": {
              "description": "managed by terraform provisioning",
              "name": "terraform project"
            },
            "tags_all": {
              "description": "managed by terraform provisioning",
              "name": "terraform project"
            },
            "target_type": "instance",
            "vpc_id": "vpc-0cb45755150e82ee6"
          },
          "sensitive_attributes": [],
          "private": "bnVsbA==",
          "dependencies": [
            "module.aws-resources.aws_vpc.vpc-main"
          ]
        }
      ]
    },
    {
      "module": "module.aws-resources",
      "mode": "managed",
      "type": "aws_nat_gateway",
      "name": "nat-gw",
      "provider": "module.aws-resources.provider[\"registry.terraform.io/hashicorp/aws\"]",
      "instances": [
        {
          "schema_version": 0,
          "attributes": {
            "allocation_id": "eipalloc-0ddac3fa31b5aaf18",
            "connectivity_type": "public",
            "id": "nat-0f535fca21d03a74c",
            "network_interface_id": "eni-0f8a8bc41fdb94985",
            "private_ip": "10.0.19.255",
            "public_ip": "54.158.188.38",
            "subnet_id": "subnet-01b97fa166ff416c6",
            "tags": {
              "description": "managed by terraform provisioning",
              "name": "terraform project"
            },
            "tags_all": {
              "description": "managed by terraform provisioning",
              "name": "terraform project"
            }
          },
          "sensitive_attributes": [],
          "private": "bnVsbA==",
          "dependencies": [
            "module.aws-resources.aws_eip.nat-eip",
            "module.aws-resources.aws_internet_gateway.gw",
            "module.aws-resources.aws_subnet.public-subnet-1a",
            "module.aws-resources.aws_vpc.vpc-main"
          ]
        }
      ]
    },
    {
      "module": "module.aws-resources",
      "mode": "managed",
      "type": "aws_route_table",
      "name": "rtb-internal",
      "provider": "module.aws-resources.provider[\"registry.terraform.io/hashicorp/aws\"]",
      "instances": [
        {
          "schema_version": 0,
          "attributes": {
            "arn": "arn:aws:ec2:us-east-1:846338211683:route-table/rtb-005bf67935cda46fd",
            "id": "rtb-005bf67935cda46fd",
            "owner_id": "846338211683",
            "propagating_vgws": [],
            "route": [
              {
                "carrier_gateway_id": "",
                "cidr_block": "0.0.0.0/0",
                "core_network_arn": "",
                "destination_prefix_list_id": "",
                "egress_only_gateway_id": "",
                "gateway_id": "igw-0fd637b4b48e261d1",
                "instance_id": "",
                "ipv6_cidr_block": "",
                "local_gateway_id": "",
                "nat_gateway_id": "",
                "network_interface_id": "",
                "transit_gateway_id": "",
                "vpc_endpoint_id": "",
                "vpc_peering_connection_id": ""
              }
            ],
            "tags": null,
            "tags_all": {},
            "timeouts": null,
            "vpc_id": "vpc-0cb45755150e82ee6"
          },
          "sensitive_attributes": [],
          "private": "eyJlMmJmYjczMC1lY2FhLTExZTYtOGY4OC0zNDM2M2JjN2M0YzAiOnsiY3JlYXRlIjozMDAwMDAwMDAwMDAsImRlbGV0ZSI6MzAwMDAwMDAwMDAwLCJ1cGRhdGUiOjEyMDAwMDAwMDAwMH19",
          "dependencies": [
            "module.aws-resources.aws_internet_gateway.gw",
            "module.aws-resources.aws_vpc.vpc-main"
          ]
        }
      ]
    },
    {
      "module": "module.aws-resources",
      "mode": "managed",
      "type": "aws_route_table_association",
      "name": "associate_private_1a",
      "provider": "module.aws-resources.provider[\"registry.terraform.io/hashicorp/aws\"]",
      "instances": [
        {
          "schema_version": 0,
          "attributes": {
            "gateway_id": "",
            "id": "rtbassoc-095e334350ef43d59",
            "route_table_id": "rtb-005bf67935cda46fd",
            "subnet_id": "subnet-03819140b8ec29d07"
          },
          "sensitive_attributes": [],
          "private": "bnVsbA==",
          "dependencies": [
            "module.aws-resources.aws_internet_gateway.gw",
            "module.aws-resources.aws_route_table.rtb-internal",
            "module.aws-resources.aws_subnet.private-subnet-1a",
            "module.aws-resources.aws_vpc.vpc-main"
          ]
        }
      ]
    },
    {
      "module": "module.aws-resources",
      "mode": "managed",
      "type": "aws_route_table_association",
      "name": "associate_private_1b",
      "provider": "module.aws-resources.provider[\"registry.terraform.io/hashicorp/aws\"]",
      "instances": [
        {
          "schema_version": 0,
          "attributes": {
            "gateway_id": "",
            "id": "rtbassoc-075ce88a08b416afa",
            "route_table_id": "rtb-005bf67935cda46fd",
            "subnet_id": "subnet-00ade3a7d0fe1dc9e"
          },
          "sensitive_attributes": [],
          "private": "bnVsbA==",
          "dependencies": [
            "module.aws-resources.aws_internet_gateway.gw",
            "module.aws-resources.aws_route_table.rtb-internal",
            "module.aws-resources.aws_subnet.private-subnet-1b",
            "module.aws-resources.aws_vpc.vpc-main"
          ]
        }
      ]
    },
    {
      "module": "module.aws-resources",
      "mode": "managed",
      "type": "aws_route_table_association",
      "name": "associate_private_1c",
      "provider": "module.aws-resources.provider[\"registry.terraform.io/hashicorp/aws\"]",
      "instances": [
        {
          "schema_version": 0,
          "attributes": {
            "gateway_id": "",
            "id": "rtbassoc-02230367644627509",
            "route_table_id": "rtb-005bf67935cda46fd",
            "subnet_id": "subnet-06ad6da39457ca814"
          },
          "sensitive_attributes": [],
          "private": "bnVsbA==",
          "dependencies": [
            "module.aws-resources.aws_internet_gateway.gw",
            "module.aws-resources.aws_route_table.rtb-internal",
            "module.aws-resources.aws_subnet.private-subnet-1c",
            "module.aws-resources.aws_vpc.vpc-main"
          ]
        }
      ]
    },
    {
      "module": "module.aws-resources",
      "mode": "managed",
      "type": "aws_route_table_association",
      "name": "associate_public_1a",
      "provider": "module.aws-resources.provider[\"registry.terraform.io/hashicorp/aws\"]",
      "instances": [
        {
          "schema_version": 0,
          "attributes": {
            "gateway_id": "",
            "id": "rtbassoc-0734b1d8d487f0b1c",
            "route_table_id": "rtb-005bf67935cda46fd",
            "subnet_id": "subnet-01b97fa166ff416c6"
          },
          "sensitive_attributes": [],
          "private": "bnVsbA==",
          "dependencies": [
            "module.aws-resources.aws_internet_gateway.gw",
            "module.aws-resources.aws_route_table.rtb-internal",
            "module.aws-resources.aws_subnet.public-subnet-1a",
            "module.aws-resources.aws_vpc.vpc-main"
          ]
        }
      ]
    },
    {
      "module": "module.aws-resources",
      "mode": "managed",
      "type": "aws_s3_bucket",
      "name": "eks-project-bucket-data",
      "provider": "module.aws-resources.provider[\"registry.terraform.io/hashicorp/aws\"]",
      "instances": [
        {
          "schema_version": 0,
          "attributes": {
            "acceleration_status": "",
            "acl": null,
            "arn": "arn:aws:s3:::eks-project-bucket-data",
            "bucket": "eks-project-bucket-data",
            "bucket_domain_name": "eks-project-bucket-data.s3.amazonaws.com",
            "bucket_prefix": null,
            "bucket_regional_domain_name": "eks-project-bucket-data.s3.amazonaws.com",
            "cors_rule": [],
            "force_destroy": false,
            "grant": [
              {
                "id": "e9fe803ea2f5298169d730e309ca283cbb326fe82a9cad53313b01b4818bb915",
                "permissions": [
                  "FULL_CONTROL"
                ],
                "type": "CanonicalUser",
                "uri": ""
              }
            ],
            "hosted_zone_id": "Z3AQBSTGFYJSTF",
            "id": "eks-project-bucket-data",
            "lifecycle_rule": [],
            "logging": [],
            "object_lock_configuration": [],
            "object_lock_enabled": false,
            "policy": "",
            "region": "us-east-1",
            "replication_configuration": [],
            "request_payer": "BucketOwner",
            "server_side_encryption_configuration": [
              {
                "rule": [
                  {
                    "apply_server_side_encryption_by_default": [
                      {
                        "kms_master_key_id": "",
                        "sse_algorithm": "AES256"
                      }
                    ],
                    "bucket_key_enabled": false
                  }
                ]
              }
            ],
            "tags": null,
            "tags_all": {},
            "versioning": [
              {
                "enabled": false,
                "mfa_delete": false
              }
            ],
            "website": [],
            "website_domain": null,
            "website_endpoint": null
          },
          "sensitive_attributes": [],
          "private": "bnVsbA=="
        }
      ]
    },
    {
      "module": "module.aws-resources",
      "mode": "managed",
      "type": "aws_s3_bucket",
      "name": "eks-project-front-end-source",
      "provider": "module.aws-resources.provider[\"registry.terraform.io/hashicorp/aws\"]",
      "instances": [
        {
          "schema_version": 0,
          "attributes": {
            "acceleration_status": "",
            "acl": null,
            "arn": "arn:aws:s3:::eks-project-front-end-source",
            "bucket": "eks-project-front-end-source",
            "bucket_domain_name": "eks-project-front-end-source.s3.amazonaws.com",
            "bucket_prefix": null,
            "bucket_regional_domain_name": "eks-project-front-end-source.s3.amazonaws.com",
            "cors_rule": [],
            "force_destroy": false,
            "grant": [
              {
                "id": "e9fe803ea2f5298169d730e309ca283cbb326fe82a9cad53313b01b4818bb915",
                "permissions": [
                  "FULL_CONTROL"
                ],
                "type": "CanonicalUser",
                "uri": ""
              }
            ],
            "hosted_zone_id": "Z3AQBSTGFYJSTF",
            "id": "eks-project-front-end-source",
            "lifecycle_rule": [],
            "logging": [],
            "object_lock_configuration": [],
            "object_lock_enabled": false,
            "policy": "",
            "region": "us-east-1",
            "replication_configuration": [],
            "request_payer": "BucketOwner",
            "server_side_encryption_configuration": [
              {
                "rule": [
                  {
                    "apply_server_side_encryption_by_default": [
                      {
                        "kms_master_key_id": "",
                        "sse_algorithm": "AES256"
                      }
                    ],
                    "bucket_key_enabled": false
                  }
                ]
              }
            ],
            "tags": null,
            "tags_all": {},
            "versioning": [
              {
                "enabled": false,
                "mfa_delete": false
              }
            ],
            "website": [],
            "website_domain": null,
            "website_endpoint": null
          },
          "sensitive_attributes": [],
          "private": "bnVsbA=="
        }
      ]
    },
    {
      "module": "module.aws-resources",
      "mode": "managed",
      "type": "aws_security_group",
      "name": "alb_sg",
      "provider": "module.aws-resources.provider[\"registry.terraform.io/hashicorp/aws\"]",
      "instances": [
        {
          "schema_version": 1,
          "attributes": {
            "arn": "arn:aws:ec2:us-east-1:846338211683:security-group/sg-091cbed64b90bac16",
            "description": "Managed by Terraform",
            "egress": [],
            "id": "sg-091cbed64b90bac16",
            "ingress": [],
            "name": "application_loadbalancer_sg",
            "name_prefix": "",
            "owner_id": "846338211683",
            "revoke_rules_on_delete": false,
            "tags": {
              "description": "managed by terraform provisioning",
              "name": "terraform project"
            },
            "tags_all": {
              "description": "managed by terraform provisioning",
              "name": "terraform project"
            },
            "timeouts": null,
            "vpc_id": "vpc-0cb45755150e82ee6"
          },
          "sensitive_attributes": [],
          "private": "eyJlMmJmYjczMC1lY2FhLTExZTYtOGY4OC0zNDM2M2JjN2M0YzAiOnsiY3JlYXRlIjo2MDAwMDAwMDAwMDAsImRlbGV0ZSI6OTAwMDAwMDAwMDAwfSwic2NoZW1hX3ZlcnNpb24iOiIxIn0=",
          "dependencies": [
            "module.aws-resources.aws_vpc.vpc-main"
          ]
        }
      ]
    },
    {
      "module": "module.aws-resources",
      "mode": "managed",
      "type": "aws_security_group",
      "name": "bastion_sg",
      "provider": "module.aws-resources.provider[\"registry.terraform.io/hashicorp/aws\"]",
      "instances": [
        {
          "schema_version": 1,
          "attributes": {
            "arn": "arn:aws:ec2:us-east-1:846338211683:security-group/sg-07ff10181a6e98e74",
            "description": "Allow SSH inbound traffic",
            "egress": [],
            "id": "sg-07ff10181a6e98e74",
            "ingress": [
              {
                "cidr_blocks": [
                  "0.0.0.0/0"
                ],
                "description": "",
                "from_port": 22,
                "ipv6_cidr_blocks": [],
                "prefix_list_ids": [],
                "protocol": "tcp",
                "security_groups": [],
                "self": false,
                "to_port": 22
              }
            ],
            "name": "bastion_security_group",
            "name_prefix": "",
            "owner_id": "846338211683",
            "revoke_rules_on_delete": false,
            "tags": {
              "description": "managed by terraform provisioning",
              "name": "terraform project"
            },
            "tags_all": {
              "description": "managed by terraform provisioning",
              "name": "terraform project"
            },
            "timeouts": null,
            "vpc_id": "vpc-0cb45755150e82ee6"
          },
          "sensitive_attributes": [],
          "private": "eyJlMmJmYjczMC1lY2FhLTExZTYtOGY4OC0zNDM2M2JjN2M0YzAiOnsiY3JlYXRlIjo2MDAwMDAwMDAwMDAsImRlbGV0ZSI6OTAwMDAwMDAwMDAwfSwic2NoZW1hX3ZlcnNpb24iOiIxIn0=",
          "dependencies": [
            "module.aws-resources.aws_vpc.vpc-main"
          ]
        }
      ]
    },
    {
      "module": "module.aws-resources",
      "mode": "managed",
      "type": "aws_security_group",
      "name": "nlb_targets_sg",
      "provider": "module.aws-resources.provider[\"registry.terraform.io/hashicorp/aws\"]",
      "instances": [
        {
          "schema_version": 1,
          "attributes": {
            "arn": "arn:aws:ec2:us-east-1:846338211683:security-group/sg-0b117488c2ad117cc",
            "description": "Allow traffic from NLB",
            "egress": [],
            "id": "sg-0b117488c2ad117cc",
            "ingress": [],
            "name": "nlb_targets_security_group",
            "name_prefix": "",
            "owner_id": "846338211683",
            "revoke_rules_on_delete": false,
            "tags": {
              "description": "managed by terraform provisioning",
              "name": "terraform project"
            },
            "tags_all": {
              "description": "managed by terraform provisioning",
              "name": "terraform project"
            },
            "timeouts": null,
            "vpc_id": "vpc-0cb45755150e82ee6"
          },
          "sensitive_attributes": [],
          "private": "eyJlMmJmYjczMC1lY2FhLTExZTYtOGY4OC0zNDM2M2JjN2M0YzAiOnsiY3JlYXRlIjo2MDAwMDAwMDAwMDAsImRlbGV0ZSI6OTAwMDAwMDAwMDAwfSwic2NoZW1hX3ZlcnNpb24iOiIxIn0=",
          "dependencies": [
            "module.aws-resources.aws_vpc.vpc-main"
          ]
        }
      ]
    },
    {
      "module": "module.aws-resources",
      "mode": "managed",
      "type": "aws_security_group",
      "name": "rds_cluster_sg",
      "provider": "module.aws-resources.provider[\"registry.terraform.io/hashicorp/aws\"]",
      "instances": [
        {
          "schema_version": 1,
          "attributes": {
            "arn": "arn:aws:ec2:us-east-1:846338211683:security-group/sg-00b80bdcfbe3b3307",
            "description": "Managed by Terraform",
            "egress": [],
            "id": "sg-00b80bdcfbe3b3307",
            "ingress": [
              {
                "cidr_blocks": [
                  "10.0.0.0/16"
                ],
                "description": "",
                "from_port": 5432,
                "ipv6_cidr_blocks": [],
                "prefix_list_ids": [],
                "protocol": "tcp",
                "security_groups": [],
                "self": false,
                "to_port": 5432
              }
            ],
            "name": "security_rds_cluster",
            "name_prefix": "",
            "owner_id": "846338211683",
            "revoke_rules_on_delete": false,
            "tags": {
              "description": "managed by terraform provisioning",
              "name": "terraform project"
            },
            "tags_all": {
              "description": "managed by terraform provisioning",
              "name": "terraform project"
            },
            "timeouts": null,
            "vpc_id": "vpc-0cb45755150e82ee6"
          },
          "sensitive_attributes": [],
          "private": "eyJlMmJmYjczMC1lY2FhLTExZTYtOGY4OC0zNDM2M2JjN2M0YzAiOnsiY3JlYXRlIjo2MDAwMDAwMDAwMDAsImRlbGV0ZSI6OTAwMDAwMDAwMDAwfSwic2NoZW1hX3ZlcnNpb24iOiIxIn0=",
          "dependencies": [
            "module.aws-resources.aws_vpc.vpc-main"
          ]
        }
      ]
    },
    {
      "module": "module.aws-resources",
      "mode": "managed",
      "type": "aws_security_group",
      "name": "redis_sg",
      "provider": "module.aws-resources.provider[\"registry.terraform.io/hashicorp/aws\"]",
      "instances": [
        {
          "schema_version": 1,
          "attributes": {
            "arn": "arn:aws:ec2:us-east-1:846338211683:security-group/sg-0fabc96377d6887d0",
            "description": "Managed by Terraform",
            "egress": [],
            "id": "sg-0fabc96377d6887d0",
            "ingress": [],
            "name": "redis_sg",
            "name_prefix": "",
            "owner_id": "846338211683",
            "revoke_rules_on_delete": false,
            "tags": {
              "description": "managed by terraform provisioning",
              "name": "terraform project"
            },
            "tags_all": {
              "description": "managed by terraform provisioning",
              "name": "terraform project"
            },
            "timeouts": null,
            "vpc_id": "vpc-0cb45755150e82ee6"
          },
          "sensitive_attributes": [],
          "private": "eyJlMmJmYjczMC1lY2FhLTExZTYtOGY4OC0zNDM2M2JjN2M0YzAiOnsiY3JlYXRlIjo2MDAwMDAwMDAwMDAsImRlbGV0ZSI6OTAwMDAwMDAwMDAwfSwic2NoZW1hX3ZlcnNpb24iOiIxIn0=",
          "dependencies": [
            "module.aws-resources.aws_vpc.vpc-main"
          ]
        }
      ]
    },
    {
      "module": "module.aws-resources",
      "mode": "managed",
      "type": "aws_sqs_queue",
      "name": "sqs_iaac",
      "provider": "module.aws-resources.provider[\"registry.terraform.io/hashicorp/aws\"]",
      "instances": [
        {
          "schema_version": 0,
          "attributes": {
            "arn": "arn:aws:sqs:us-east-1:846338211683:sqs_queue",
            "content_based_deduplication": false,
            "deduplication_scope": "",
            "delay_seconds": 9,
            "fifo_queue": false,
            "fifo_throughput_limit": "",
            "id": "https://sqs.us-east-1.amazonaws.com/846338211683/sqs_queue",
            "kms_data_key_reuse_period_seconds": 300,
            "kms_master_key_id": "",
            "max_message_size": 2048,
            "message_retention_seconds": 86400,
            "name": "sqs_queue",
            "name_prefix": "",
            "policy": "",
            "receive_wait_time_seconds": 10,
            "redrive_allow_policy": "",
            "redrive_policy": "",
            "sqs_managed_sse_enabled": true,
            "tags": {
              "description": "managed by terraform provisioning",
              "name": "terraform project"
            },
            "tags_all": {
              "description": "managed by terraform provisioning",
              "name": "terraform project"
            },
            "url": "https://sqs.us-east-1.amazonaws.com/846338211683/sqs_queue",
            "visibility_timeout_seconds": 30
          },
          "sensitive_attributes": [],
          "private": "bnVsbA=="
        }
      ]
    },
    {
      "module": "module.aws-resources",
      "mode": "managed",
      "type": "aws_subnet",
      "name": "private-subnet-1a",
      "provider": "module.aws-resources.provider[\"registry.terraform.io/hashicorp/aws\"]",
      "instances": [
        {
          "schema_version": 1,
          "attributes": {
            "arn": "arn:aws:ec2:us-east-1:846338211683:subnet/subnet-03819140b8ec29d07",
            "assign_ipv6_address_on_creation": false,
            "availability_zone": "us-east-1a",
            "availability_zone_id": "use1-az4",
            "cidr_block": "10.0.64.0/18",
            "customer_owned_ipv4_pool": "",
            "enable_dns64": false,
            "enable_resource_name_dns_a_record_on_launch": false,
            "enable_resource_name_dns_aaaa_record_on_launch": false,
            "id": "subnet-03819140b8ec29d07",
            "ipv6_cidr_block": "",
            "ipv6_cidr_block_association_id": "",
            "ipv6_native": false,
            "map_customer_owned_ip_on_launch": false,
            "map_public_ip_on_launch": true,
            "outpost_arn": "",
            "owner_id": "846338211683",
            "private_dns_hostname_type_on_launch": "ip-name",
            "tags": {
              "description": "managed by terraform provisioning",
              "name": "terraform project"
            },
            "tags_all": {
              "description": "managed by terraform provisioning",
              "name": "terraform project"
            },
            "timeouts": null,
            "vpc_id": "vpc-0cb45755150e82ee6"
          },
          "sensitive_attributes": [],
          "private": "eyJlMmJmYjczMC1lY2FhLTExZTYtOGY4OC0zNDM2M2JjN2M0YzAiOnsiY3JlYXRlIjo2MDAwMDAwMDAwMDAsImRlbGV0ZSI6MTIwMDAwMDAwMDAwMH0sInNjaGVtYV92ZXJzaW9uIjoiMSJ9",
          "dependencies": [
            "module.aws-resources.aws_vpc.vpc-main"
          ]
        }
      ]
    },
    {
      "module": "module.aws-resources",
      "mode": "managed",
      "type": "aws_subnet",
      "name": "private-subnet-1b",
      "provider": "module.aws-resources.provider[\"registry.terraform.io/hashicorp/aws\"]",
      "instances": [
        {
          "schema_version": 1,
          "attributes": {
            "arn": "arn:aws:ec2:us-east-1:846338211683:subnet/subnet-00ade3a7d0fe1dc9e",
            "assign_ipv6_address_on_creation": false,
            "availability_zone": "us-east-1b",
            "availability_zone_id": "use1-az6",
            "cidr_block": "10.0.128.0/18",
            "customer_owned_ipv4_pool": "",
            "enable_dns64": false,
            "enable_resource_name_dns_a_record_on_launch": false,
            "enable_resource_name_dns_aaaa_record_on_launch": false,
            "id": "subnet-00ade3a7d0fe1dc9e",
            "ipv6_cidr_block": "",
            "ipv6_cidr_block_association_id": "",
            "ipv6_native": false,
            "map_customer_owned_ip_on_launch": false,
            "map_public_ip_on_launch": true,
            "outpost_arn": "",
            "owner_id": "846338211683",
            "private_dns_hostname_type_on_launch": "ip-name",
            "tags": {
              "description": "managed by terraform provisioning",
              "name": "terraform project"
            },
            "tags_all": {
              "description": "managed by terraform provisioning",
              "name": "terraform project"
            },
            "timeouts": null,
            "vpc_id": "vpc-0cb45755150e82ee6"
          },
          "sensitive_attributes": [],
          "private": "eyJlMmJmYjczMC1lY2FhLTExZTYtOGY4OC0zNDM2M2JjN2M0YzAiOnsiY3JlYXRlIjo2MDAwMDAwMDAwMDAsImRlbGV0ZSI6MTIwMDAwMDAwMDAwMH0sInNjaGVtYV92ZXJzaW9uIjoiMSJ9",
          "dependencies": [
            "module.aws-resources.aws_vpc.vpc-main"
          ]
        }
      ]
    },
    {
      "module": "module.aws-resources",
      "mode": "managed",
      "type": "aws_subnet",
      "name": "private-subnet-1c",
      "provider": "module.aws-resources.provider[\"registry.terraform.io/hashicorp/aws\"]",
      "instances": [
        {
          "schema_version": 1,
          "attributes": {
            "arn": "arn:aws:ec2:us-east-1:846338211683:subnet/subnet-06ad6da39457ca814",
            "assign_ipv6_address_on_creation": false,
            "availability_zone": "us-east-1c",
            "availability_zone_id": "use1-az1",
            "cidr_block": "10.0.192.0/18",
            "customer_owned_ipv4_pool": "",
            "enable_dns64": false,
            "enable_resource_name_dns_a_record_on_launch": false,
            "enable_resource_name_dns_aaaa_record_on_launch": false,
            "id": "subnet-06ad6da39457ca814",
            "ipv6_cidr_block": "",
            "ipv6_cidr_block_association_id": "",
            "ipv6_native": false,
            "map_customer_owned_ip_on_launch": false,
            "map_public_ip_on_launch": true,
            "outpost_arn": "",
            "owner_id": "846338211683",
            "private_dns_hostname_type_on_launch": "ip-name",
            "tags": {
              "description": "managed by terraform provisioning",
              "name": "terraform project"
            },
            "tags_all": {
              "description": "managed by terraform provisioning",
              "name": "terraform project"
            },
            "timeouts": null,
            "vpc_id": "vpc-0cb45755150e82ee6"
          },
          "sensitive_attributes": [],
          "private": "eyJlMmJmYjczMC1lY2FhLTExZTYtOGY4OC0zNDM2M2JjN2M0YzAiOnsiY3JlYXRlIjo2MDAwMDAwMDAwMDAsImRlbGV0ZSI6MTIwMDAwMDAwMDAwMH0sInNjaGVtYV92ZXJzaW9uIjoiMSJ9",
          "dependencies": [
            "module.aws-resources.aws_vpc.vpc-main"
          ]
        }
      ]
    },
    {
      "module": "module.aws-resources",
      "mode": "managed",
      "type": "aws_subnet",
      "name": "public-subnet-1a",
      "provider": "module.aws-resources.provider[\"registry.terraform.io/hashicorp/aws\"]",
      "instances": [
        {
          "schema_version": 1,
          "attributes": {
            "arn": "arn:aws:ec2:us-east-1:846338211683:subnet/subnet-01b97fa166ff416c6",
            "assign_ipv6_address_on_creation": false,
            "availability_zone": "us-east-1a",
            "availability_zone_id": "use1-az4",
            "cidr_block": "10.0.0.0/18",
            "customer_owned_ipv4_pool": "",
            "enable_dns64": false,
            "enable_resource_name_dns_a_record_on_launch": false,
            "enable_resource_name_dns_aaaa_record_on_launch": false,
            "id": "subnet-01b97fa166ff416c6",
            "ipv6_cidr_block": "",
            "ipv6_cidr_block_association_id": "",
            "ipv6_native": false,
            "map_customer_owned_ip_on_launch": false,
            "map_public_ip_on_launch": true,
            "outpost_arn": "",
            "owner_id": "846338211683",
            "private_dns_hostname_type_on_launch": "ip-name",
            "tags": {
              "description": "managed by terraform provisioning",
              "name": "terraform project"
            },
            "tags_all": {
              "description": "managed by terraform provisioning",
              "name": "terraform project"
            },
            "timeouts": null,
            "vpc_id": "vpc-0cb45755150e82ee6"
          },
          "sensitive_attributes": [],
          "private": "eyJlMmJmYjczMC1lY2FhLTExZTYtOGY4OC0zNDM2M2JjN2M0YzAiOnsiY3JlYXRlIjo2MDAwMDAwMDAwMDAsImRlbGV0ZSI6MTIwMDAwMDAwMDAwMH0sInNjaGVtYV92ZXJzaW9uIjoiMSJ9",
          "dependencies": [
            "module.aws-resources.aws_vpc.vpc-main"
          ]
        }
      ]
    },
    {
      "module": "module.aws-resources",
      "mode": "managed",
      "type": "aws_vpc",
      "name": "vpc-main",
      "provider": "module.aws-resources.provider[\"registry.terraform.io/hashicorp/aws\"]",
      "instances": [
        {
          "schema_version": 1,
          "attributes": {
            "arn": "arn:aws:ec2:us-east-1:846338211683:vpc/vpc-0cb45755150e82ee6",
            "assign_generated_ipv6_cidr_block": false,
            "cidr_block": "10.0.0.0/16",
            "default_network_acl_id": "acl-014b728c1ebd63de6",
            "default_route_table_id": "rtb-0b9f1094e65b79390",
            "default_security_group_id": "sg-0bdf494a63813ad07",
            "dhcp_options_id": "dopt-045b51ee7bb08e632",
            "enable_classiclink": false,
            "enable_classiclink_dns_support": false,
            "enable_dns_hostnames": true,
            "enable_dns_support": true,
            "id": "vpc-0cb45755150e82ee6",
            "instance_tenancy": "default",
            "ipv4_ipam_pool_id": null,
            "ipv4_netmask_length": null,
            "ipv6_association_id": "",
            "ipv6_cidr_block": "",
            "ipv6_cidr_block_network_border_group": "",
            "ipv6_ipam_pool_id": "",
            "ipv6_netmask_length": 0,
            "main_route_table_id": "rtb-0b9f1094e65b79390",
            "owner_id": "846338211683",
            "tags": {
              "description": "managed by terraform provisioning",
              "name": "terraform project"
            },
            "tags_all": {
              "description": "managed by terraform provisioning",
              "name": "terraform project"
            }
          },
          "sensitive_attributes": [],
          "private": "eyJzY2hlbWFfdmVyc2lvbiI6IjEifQ=="
        }
      ]
    },
    {
      "module": "module.aws-resources",
      "mode": "managed",
      "type": "aws_wafv2_web_acl",
      "name": "WafWebAcl",
      "provider": "module.aws-resources.provider[\"registry.terraform.io/hashicorp/aws\"]",
      "instances": [
        {
          "schema_version": 0,
          "attributes": {
            "arn": "arn:aws:wafv2:us-east-1:846338211683:regional/webacl/wafv2-web-acl/ec32d780-eac7-4699-ac48-5cdc10af8ea0",
            "capacity": 1475,
            "custom_response_body": [],
            "default_action": [
              {
                "allow": [
                  {
                    "custom_request_handling": []
                  }
                ],
                "block": []
              }
            ],
            "description": "",
            "id": "ec32d780-eac7-4699-ac48-5cdc10af8ea0",
            "lock_token": "b1ee4d04-bef0-4f42-8c0a-edc6993f44aa",
            "name": "wafv2-web-acl",
            "rule": [
              {
                "action": [],
                "name": "AWS-AWSManagedRulesAmazonIpReputationList",
                "override_action": [
                  {
                    "count": [],
                    "none": [
                      {}
                    ]
                  }
                ],
                "priority": 2,
                "rule_label": [],
                "statement": [
                  {
                    "and_statement": [],
                    "byte_match_statement": [],
                    "geo_match_statement": [],
                    "ip_set_reference_statement": [],
                    "label_match_statement": [],
                    "managed_rule_group_statement": [
                      {
                        "excluded_rule": [],
                        "name": "AWSManagedRulesAmazonIpReputationList",
                        "scope_down_statement": [],
                        "vendor_name": "AWS",
                        "version": ""
                      }
                    ],
                    "not_statement": [],
                    "or_statement": [],
                    "rate_based_statement": [],
                    "regex_pattern_set_reference_statement": [],
                    "rule_group_reference_statement": [],
                    "size_constraint_statement": [],
                    "sqli_match_statement": [],
                    "xss_match_statement": []
                  }
                ],
                "visibility_config": [
                  {
                    "cloudwatch_metrics_enabled": true,
                    "metric_name": "AWS-AWSManagedRulesAmazonIpReputationList",
                    "sampled_requests_enabled": true
                  }
                ]
              },
              {
                "action": [],
                "name": "AWS-AWSManagedRulesAnonymousIpList",
                "override_action": [
                  {
                    "count": [],
                    "none": [
                      {}
                    ]
                  }
                ],
                "priority": 3,
                "rule_label": [],
                "statement": [
                  {
                    "and_statement": [],
                    "byte_match_statement": [],
                    "geo_match_statement": [],
                    "ip_set_reference_statement": [],
                    "label_match_statement": [],
                    "managed_rule_group_statement": [
                      {
                        "excluded_rule": [],
                        "name": "AWSManagedRulesAnonymousIpList",
                        "scope_down_statement": [],
                        "vendor_name": "AWS",
                        "version": ""
                      }
                    ],
                    "not_statement": [],
                    "or_statement": [],
                    "rate_based_statement": [],
                    "regex_pattern_set_reference_statement": [],
                    "rule_group_reference_statement": [],
                    "size_constraint_statement": [],
                    "sqli_match_statement": [],
                    "xss_match_statement": []
                  }
                ],
                "visibility_config": [
                  {
                    "cloudwatch_metrics_enabled": true,
                    "metric_name": "AWS-AWSManagedRulesAnonymousIpList",
                    "sampled_requests_enabled": true
                  }
                ]
              },
              {
                "action": [],
                "name": "AWS-AWSManagedRulesCommonRuleSet",
                "override_action": [
                  {
                    "count": [],
                    "none": [
                      {}
                    ]
                  }
                ],
                "priority": 0,
                "rule_label": [],
                "statement": [
                  {
                    "and_statement": [],
                    "byte_match_statement": [],
                    "geo_match_statement": [],
                    "ip_set_reference_statement": [],
                    "label_match_statement": [],
                    "managed_rule_group_statement": [
                      {
                        "excluded_rule": [],
                        "name": "AWSManagedRulesCommonRuleSet",
                        "scope_down_statement": [],
                        "vendor_name": "AWS",
                        "version": ""
                      }
                    ],
                    "not_statement": [],
                    "or_statement": [],
                    "rate_based_statement": [],
                    "regex_pattern_set_reference_statement": [],
                    "rule_group_reference_statement": [],
                    "size_constraint_statement": [],
                    "sqli_match_statement": [],
                    "xss_match_statement": []
                  }
                ],
                "visibility_config": [
                  {
                    "cloudwatch_metrics_enabled": true,
                    "metric_name": "AWS-AWSManagedRulesCommonRuleSet",
                    "sampled_requests_enabled": true
                  }
                ]
              },
              {
                "action": [],
                "name": "AWS-AWSManagedRulesKnownBadInputsRuleSet",
                "override_action": [
                  {
                    "count": [],
                    "none": [
                      {}
                    ]
                  }
                ],
                "priority": 4,
                "rule_label": [],
                "statement": [
                  {
                    "and_statement": [],
                    "byte_match_statement": [],
                    "geo_match_statement": [],
                    "ip_set_reference_statement": [],
                    "label_match_statement": [],
                    "managed_rule_group_statement": [
                      {
                        "excluded_rule": [],
                        "name": "AWSManagedRulesKnownBadInputsRuleSet",
                        "scope_down_statement": [],
                        "vendor_name": "AWS",
                        "version": ""
                      }
                    ],
                    "not_statement": [],
                    "or_statement": [],
                    "rate_based_statement": [],
                    "regex_pattern_set_reference_statement": [],
                    "rule_group_reference_statement": [],
                    "size_constraint_statement": [],
                    "sqli_match_statement": [],
                    "xss_match_statement": []
                  }
                ],
                "visibility_config": [
                  {
                    "cloudwatch_metrics_enabled": true,
                    "metric_name": "AWS-AWSManagedRulesKnownBadInputsRuleSet",
                    "sampled_requests_enabled": true
                  }
                ]
              },
              {
                "action": [],
                "name": "AWS-AWSManagedRulesLinuxRuleSet",
                "override_action": [
                  {
                    "count": [],
                    "none": [
                      {}
                    ]
                  }
                ],
                "priority": 1,
                "rule_label": [],
                "statement": [
                  {
                    "and_statement": [],
                    "byte_match_statement": [],
                    "geo_match_statement": [],
                    "ip_set_reference_statement": [],
                    "label_match_statement": [],
                    "managed_rule_group_statement": [
                      {
                        "excluded_rule": [],
                        "name": "AWSManagedRulesLinuxRuleSet",
                        "scope_down_statement": [],
                        "vendor_name": "AWS",
                        "version": ""
                      }
                    ],
                    "not_statement": [],
                    "or_statement": [],
                    "rate_based_statement": [],
                    "regex_pattern_set_reference_statement": [],
                    "rule_group_reference_statement": [],
                    "size_constraint_statement": [],
                    "sqli_match_statement": [],
                    "xss_match_statement": []
                  }
                ],
                "visibility_config": [
                  {
                    "cloudwatch_metrics_enabled": true,
                    "metric_name": "AWS-AWSManagedRulesLinuxRuleSet",
                    "sampled_requests_enabled": true
                  }
                ]
              },
              {
                "action": [],
                "name": "AWS-AWSManagedRulesUnixRuleSet",
                "override_action": [
                  {
                    "count": [],
                    "none": [
                      {}
                    ]
                  }
                ],
                "priority": 5,
                "rule_label": [],
                "statement": [
                  {
                    "and_statement": [],
                    "byte_match_statement": [],
                    "geo_match_statement": [],
                    "ip_set_reference_statement": [],
                    "label_match_statement": [],
                    "managed_rule_group_statement": [
                      {
                        "excluded_rule": [],
                        "name": "AWSManagedRulesUnixRuleSet",
                        "scope_down_statement": [],
                        "vendor_name": "AWS",
                        "version": ""
                      }
                    ],
                    "not_statement": [],
                    "or_statement": [],
                    "rate_based_statement": [],
                    "regex_pattern_set_reference_statement": [],
                    "rule_group_reference_statement": [],
                    "size_constraint_statement": [],
                    "sqli_match_statement": [],
                    "xss_match_statement": []
                  }
                ],
                "visibility_config": [
                  {
                    "cloudwatch_metrics_enabled": true,
                    "metric_name": "AWS-AWSManagedRulesUnixRuleSet",
                    "sampled_requests_enabled": true
                  }
                ]
              },
              {
                "action": [],
                "name": "AWS-AWSManagedRulesWindowsRuleSet",
                "override_action": [
                  {
                    "count": [],
                    "none": [
                      {}
                    ]
                  }
                ],
                "priority": 6,
                "rule_label": [],
                "statement": [
                  {
                    "and_statement": [],
                    "byte_match_statement": [],
                    "geo_match_statement": [],
                    "ip_set_reference_statement": [],
                    "label_match_statement": [],
                    "managed_rule_group_statement": [
                      {
                        "excluded_rule": [],
                        "name": "AWSManagedRulesWindowsRuleSet",
                        "scope_down_statement": [],
                        "vendor_name": "AWS",
                        "version": ""
                      }
                    ],
                    "not_statement": [],
                    "or_statement": [],
                    "rate_based_statement": [],
                    "regex_pattern_set_reference_statement": [],
                    "rule_group_reference_statement": [],
                    "size_constraint_statement": [],
                    "sqli_match_statement": [],
                    "xss_match_statement": []
                  }
                ],
                "visibility_config": [
                  {
                    "cloudwatch_metrics_enabled": true,
                    "metric_name": "AWS-AWSManagedRulesWindowsRuleSet",
                    "sampled_requests_enabled": true
                  }
                ]
              }
            ],
            "scope": "REGIONAL",
            "tags": {
              "description": "managed by terraform provisioning",
              "name": "terraform project"
            },
            "tags_all": {
              "description": "managed by terraform provisioning",
              "name": "terraform project"
            },
            "visibility_config": [
              {
                "cloudwatch_metrics_enabled": true,
                "metric_name": "WAF_Common_Protections",
                "sampled_requests_enabled": true
              }
            ]
          },
          "sensitive_attributes": [],
          "private": "bnVsbA=="
        }
      ]
    },
    {
      "module": "module.aws-resources",
      "mode": "managed",
      "type": "aws_wafv2_web_acl_association",
      "name": "WafWebAclAssociation",
      "provider": "module.aws-resources.provider[\"registry.terraform.io/hashicorp/aws\"]",
      "instances": [
        {
          "schema_version": 0,
          "attributes": {
            "id": "arn:aws:wafv2:us-east-1:846338211683:regional/webacl/wafv2-web-acl/ec32d780-eac7-4699-ac48-5cdc10af8ea0,arn:aws:elasticloadbalancing:us-east-1:846338211683:loadbalancer/app/application-loadbalancer/73a672aeee1dcebb",
            "resource_arn": "arn:aws:elasticloadbalancing:us-east-1:846338211683:loadbalancer/app/application-loadbalancer/73a672aeee1dcebb",
            "web_acl_arn": "arn:aws:wafv2:us-east-1:846338211683:regional/webacl/wafv2-web-acl/ec32d780-eac7-4699-ac48-5cdc10af8ea0"
          },
          "sensitive_attributes": [],
          "private": "bnVsbA==",
          "dependencies": [
            "module.aws-resources.aws_cloudwatch_log_group.WafWebAclLoggroup",
            "module.aws-resources.aws_lb.alb",
            "module.aws-resources.aws_security_group.alb_sg",
            "module.aws-resources.aws_subnet.private-subnet-1b",
            "module.aws-resources.aws_subnet.private-subnet-1c",
            "module.aws-resources.aws_subnet.public-subnet-1a",
            "module.aws-resources.aws_vpc.vpc-main",
            "module.aws-resources.aws_wafv2_web_acl.WafWebAcl"
          ]
        }
      ]
    },
    {
      "module": "module.aws-resources",
      "mode": "managed",
      "type": "aws_wafv2_web_acl_logging_configuration",
      "name": "WafWebAclLogging",
      "provider": "module.aws-resources.provider[\"registry.terraform.io/hashicorp/aws\"]",
      "instances": [
        {
          "schema_version": 0,
          "attributes": {
            "id": "arn:aws:wafv2:us-east-1:846338211683:regional/webacl/wafv2-web-acl/ec32d780-eac7-4699-ac48-5cdc10af8ea0",
            "log_destination_configs": [
              "arn:aws:logs:us-east-1:846338211683:log-group:aws-waf-logs-wafv2-web-acl"
            ],
            "logging_filter": [],
            "redacted_fields": [],
            "resource_arn": "arn:aws:wafv2:us-east-1:846338211683:regional/webacl/wafv2-web-acl/ec32d780-eac7-4699-ac48-5cdc10af8ea0"
          },
          "sensitive_attributes": [],
          "private": "bnVsbA==",
          "dependencies": [
            "module.aws-resources.aws_cloudwatch_log_group.WafWebAclLoggroup",
            "module.aws-resources.aws_wafv2_web_acl.WafWebAcl"
          ]
        }
      ]
    }
  ],
  "check_results": null
}
