{
  "version": 4,
  "terraform_version": "1.7.4",
  "serial": 2264,
  "lineage": "77804ff6-2705-ef4e-0c4f-74fd7c1edc76",
  "outputs": {},
  "resources": [
    {
      "module": "module.aws-resources",
      "mode": "managed",
      "type": "aws_db_subnet_group",
      "name": "subnet_group",
      "provider": "module.aws-resources.provider[\"registry.terraform.io/hashicorp/aws\"]",
      "instances": [
        {
          "schema_version": 0,
          "attributes": {
            "arn": "arn:aws:rds:us-east-1:846338211683:subgrp:rds-subnet-group",
            "description": "Managed by Terraform",
            "id": "rds-subnet-group",
            "name": "rds-subnet-group",
            "name_prefix": "",
            "subnet_ids": [
              "subnet-02773762477fb9048",
              "subnet-0e0cc3433d98df220",
              "subnet-0eed35f63017ddc42"
            ],
            "supported_network_types": [
              "IPV4"
            ],
            "tags": {
              "description": "managed by terraform provisioning",
              "name": "terraform project"
            },
            "tags_all": {
              "description": "managed by terraform provisioning",
              "name": "terraform project"
            },
            "vpc_id": "vpc-0e6400f9f6e87effc"
          },
          "sensitive_attributes": [],
          "private": "bnVsbA==",
          "dependencies": [
            "module.aws-resources.aws_subnet.private-subnet-1a",
            "module.aws-resources.aws_subnet.private-subnet-1b",
            "module.aws-resources.aws_subnet.private-subnet-1c",
            "module.aws-resources.aws_vpc.vpc-main"
          ]
        }
      ]
    },
    {
      "module": "module.aws-resources",
      "mode": "managed",
      "type": "aws_eip",
      "name": "nat-eip",
      "provider": "module.aws-resources.provider[\"registry.terraform.io/hashicorp/aws\"]",
      "instances": [
        {
          "schema_version": 0,
          "attributes": {
            "address": null,
            "allocation_id": "eipalloc-07d7384910d2d1446",
            "associate_with_private_ip": null,
            "association_id": "",
            "carrier_ip": "",
            "customer_owned_ip": "",
            "customer_owned_ipv4_pool": "",
            "domain": "vpc",
            "id": "eipalloc-07d7384910d2d1446",
            "instance": "",
            "network_border_group": "us-east-1",
            "network_interface": "",
            "private_dns": null,
            "private_ip": "",
            "public_dns": "ec2-54-236-219-122.compute-1.amazonaws.com",
            "public_ip": "54.236.219.122",
            "public_ipv4_pool": "amazon",
            "tags": {
              "description": "managed by terraform provisioning",
              "name": "terraform project"
            },
            "tags_all": {
              "description": "managed by terraform provisioning",
              "name": "terraform project"
            },
            "timeouts": null,
            "vpc": true
          },
          "sensitive_attributes": [],
          "private": "eyJlMmJmYjczMC1lY2FhLTExZTYtOGY4OC0zNDM2M2JjN2M0YzAiOnsiZGVsZXRlIjoxODAwMDAwMDAwMDAsInJlYWQiOjkwMDAwMDAwMDAwMCwidXBkYXRlIjozMDAwMDAwMDAwMDB9fQ=="
        }
      ]
    },
    {
      "module": "module.aws-resources",
      "mode": "managed",
      "type": "aws_eks_cluster",
      "name": "eks_cluster",
      "provider": "module.aws-resources.provider[\"registry.terraform.io/hashicorp/aws\"]",
      "instances": [
        {
          "schema_version": 0,
          "attributes": {
            "access_config": [
              {
                "authentication_mode": "CONFIG_MAP",
                "bootstrap_cluster_creator_admin_permissions": false
              }
            ],
            "arn": "arn:aws:eks:us-east-1:846338211683:cluster/Eks-cluster",
            "certificate_authority": [
              {
                "data": "LS0tLS1CRUdJTiBDRVJUSUZJQ0FURS0tLS0tCk1JSURCVENDQWUyZ0F3SUJBZ0lJWTdQKzlwbC9Dc013RFFZSktvWklodmNOQVFFTEJRQXdGVEVUTUJFR0ExVUUKQXhNS2EzVmlaWEp1WlhSbGN6QWVGdzB5TkRBME1EZ3hOakE0TXpkYUZ3MHpOREEwTURZeE5qRXpNemRhTUJVeApFekFSQmdOVkJBTVRDbXQxWW1WeWJtVjBaWE13Z2dFaU1BMEdDU3FHU0liM0RRRUJBUVVBQTRJQkR3QXdnZ0VLCkFvSUJBUURXa3RtRVA1NmdYQkVDc2FIQ1hiOHEva3F3eThOa3pFVXRqNlY1WUR4ZUpvRVBDc0NkenFrVklPTGQKNlRCZXkwL2pVTUtELzF6V0pVbUlLNnU3VlZaRGVaOGhvQ2lnamZ5UFNGTUE0WXUxTjY0RStkMVlSaE53QzNzRQpYNGpXR3ZvWE1LY0NTSTNzbUJFSjZRZGRMSnFOcjB6cHNGS0Z6S2wyeXlhekEwQ0VBTzhzR2ZLTm9pd2NQbjZvCjZVUWJ2K3NyOVhkRUxmNWo4ZkhmMnM0TFhjUkIxWW8zRTArZnd4VDBaMDB3Y09RbXFTeE9yWnU2SGsvcTdGTHUKRVBmSHhQZVJ0V1ZnZFpObktPeUJhWUphRDBBU21rQnVJdW5ZYmFMRmFXZGVMcE9jeG82UldVdkNmYWtnSTNDNgoydVg2a2NrQjBYNlBSMURmTFNuWm9HUVIwVTlIQWdNQkFBR2pXVEJYTUE0R0ExVWREd0VCL3dRRUF3SUNwREFQCkJnTlZIUk1CQWY4RUJUQURBUUgvTUIwR0ExVWREZ1FXQkJUNEE4dkpNYWpFcUEwS05DakVFZHJsWG4xMWRUQVYKQmdOVkhSRUVEakFNZ2dwcmRXSmxjbTVsZEdWek1BMEdDU3FHU0liM0RRRUJDd1VBQTRJQkFRQUZoeGpTeXRzZgpDUmUxeTNiM0lJNUNoOUovcm43OEl0aXduN3RUblJJMm5lM0pLZ1VibVNLNzJhcXRMR3M3U1l4L0pwOURZY0ZZCndGRmVpMkh5dU12Y05mb2dVeWUrbDZKUkpwempJcXFUZUJqeFRrS2hKK0dLL3VPOEZlRFhYY29uc1hLQ0xRRHIKYy9xVmNBOEZNejFhUEFDbWtibnY4Ny9IZWJYUmZTM2dIOFR6S0NneFlBQVpuOWdsSEQrTk92aGhoZ2dzOS92VQpZenRUeGpWM3dCeDNDNWwrdWRHY3BCSnBYcmFCQzN6QzJiNkxyTmRUYnZncEtmQm1VdFVXajF6Z1BvSVdTUHZSClNRYXMwWEgxL3FFaGl6TTNjU09iQlZaa0VNMlIwYUd3TjBvWmhzSE5LS2lSUU0yaFBTWTUwMW1EbEtJVE9NVWgKVEtEWHNLSlNhM1daCi0tLS0tRU5EIENFUlRJRklDQVRFLS0tLS0K"
              }
            ],
            "cluster_id": null,
            "created_at": "2024-04-08 16:09:21.561 +0000 UTC",
            "enabled_cluster_log_types": null,
            "encryption_config": [],
            "endpoint": "https://55D3CE3615393C0B5E1CA5EDB40DAD89.gr7.us-east-1.eks.amazonaws.com",
            "id": "Eks-cluster",
            "identity": [
              {
                "oidc": [
                  {
                    "issuer": "https://oidc.eks.us-east-1.amazonaws.com/id/55D3CE3615393C0B5E1CA5EDB40DAD89"
                  }
                ]
              }
            ],
            "kubernetes_network_config": [
              {
                "ip_family": "ipv4",
                "service_ipv4_cidr": "172.20.0.0/16",
                "service_ipv6_cidr": ""
              }
            ],
            "name": "Eks-cluster",
            "outpost_config": [],
            "platform_version": "eks.5",
            "role_arn": "arn:aws:iam::846338211683:role/eks_role",
            "status": "ACTIVE",
            "tags": {
              "description": "managed by terraform provisioning",
              "name": "terraform project"
            },
            "tags_all": {
              "description": "managed by terraform provisioning",
              "name": "terraform project"
            },
            "timeouts": null,
            "version": "1.29",
            "vpc_config": [
              {
                "cluster_security_group_id": "sg-04b451a075de1d6be",
                "endpoint_private_access": false,
                "endpoint_public_access": true,
                "public_access_cidrs": [
                  "0.0.0.0/0"
                ],
                "security_group_ids": null,
                "subnet_ids": [
                  "subnet-02773762477fb9048",
                  "subnet-0e0cc3433d98df220",
                  "subnet-0eed35f63017ddc42"
                ],
                "vpc_id": "vpc-0e6400f9f6e87effc"
              }
            ]
          },
          "sensitive_attributes": [],
          "private": "eyJlMmJmYjczMC1lY2FhLTExZTYtOGY4OC0zNDM2M2JjN2M0YzAiOnsiY3JlYXRlIjoxODAwMDAwMDAwMDAwLCJkZWxldGUiOjkwMDAwMDAwMDAwMCwidXBkYXRlIjozNjAwMDAwMDAwMDAwfX0=",
          "dependencies": [
            "module.aws-resources.aws_iam_role.role-eks",
            "module.aws-resources.aws_iam_role_policy_attachment.eks_attach",
            "module.aws-resources.aws_subnet.private-subnet-1a",
            "module.aws-resources.aws_subnet.private-subnet-1b",
            "module.aws-resources.aws_subnet.private-subnet-1c",
            "module.aws-resources.aws_vpc.vpc-main"
          ]
        }
      ]
    },
    {
      "module": "module.aws-resources",
      "mode": "managed",
      "type": "aws_eks_node_group",
      "name": "private-nodes",
      "provider": "module.aws-resources.provider[\"registry.terraform.io/hashicorp/aws\"]",
      "instances": [
        {
          "schema_version": 0,
          "attributes": {
            "ami_type": "AL2_x86_64",
            "arn": "arn:aws:eks:us-east-1:846338211683:nodegroup/Eks-cluster/private-nodes/2ac75f3f-a1c3-b8c2-6199-b0d3ca19f5a1",
            "capacity_type": "SPOT",
            "cluster_name": "Eks-cluster",
            "disk_size": 20,
            "force_update_version": null,
            "id": "Eks-cluster:private-nodes",
            "instance_types": [
              "t3.medium"
            ],
            "labels": {
              "role": "Eks-cluster"
            },
            "launch_template": [],
            "node_group_name": "private-nodes",
            "node_group_name_prefix": "",
            "node_role_arn": "arn:aws:iam::846338211683:role/eks-node-group-nodes",
            "release_version": "1.29.0-20240329",
            "remote_access": [
              {
                "ec2_ssh_key": "public-bastion-host",
                "source_security_group_ids": [
                  "sg-0f20cc8ceee442379"
                ]
              }
            ],
            "resources": [
              {
                "autoscaling_groups": [
                  {
                    "name": "eks-private-nodes-2ac75f3f-a1c3-b8c2-6199-b0d3ca19f5a1"
                  }
                ],
                "remote_access_security_group_id": "sg-0c190a8ec749ddbfb"
              }
            ],
            "scaling_config": [
              {
                "desired_size": 1,
                "max_size": 5,
                "min_size": 0
              }
            ],
            "status": "ACTIVE",
            "subnet_ids": [
              "subnet-02773762477fb9048",
              "subnet-0e0cc3433d98df220",
              "subnet-0eed35f63017ddc42"
            ],
            "tags": {
              "description": "managed by terraform provisioning",
              "name": "terraform project"
            },
            "tags_all": {
              "description": "managed by terraform provisioning",
              "name": "terraform project"
            },
            "taint": [],
            "timeouts": null,
            "update_config": [
              {
                "max_unavailable": 1,
                "max_unavailable_percentage": 0
              }
            ],
            "version": "1.29"
          },
          "sensitive_attributes": [],
          "private": "eyJlMmJmYjczMC1lY2FhLTExZTYtOGY4OC0zNDM2M2JjN2M0YzAiOnsiY3JlYXRlIjozNjAwMDAwMDAwMDAwLCJkZWxldGUiOjM2MDAwMDAwMDAwMDAsInVwZGF0ZSI6MzYwMDAwMDAwMDAwMH19",
          "dependencies": [
            "module.aws-resources.aws_eks_cluster.eks_cluster",
            "module.aws-resources.aws_iam_role.nodes",
            "module.aws-resources.aws_iam_role.role-eks",
            "module.aws-resources.aws_iam_role_policy_attachment.eks_attach",
            "module.aws-resources.aws_iam_role_policy_attachment.nodes-AmazonEC2ContainerRegistryReadOnly",
            "module.aws-resources.aws_iam_role_policy_attachment.nodes-AmazonEKSWorkerNodePolicy",
            "module.aws-resources.aws_iam_role_policy_attachment.nodes-AmazonEKS_CNI_Policy",
            "module.aws-resources.aws_security_group.sg_private_eks_node",
            "module.aws-resources.aws_subnet.private-subnet-1a",
            "module.aws-resources.aws_subnet.private-subnet-1b",
            "module.aws-resources.aws_subnet.private-subnet-1c",
            "module.aws-resources.aws_subnet.public-subnet-1a",
            "module.aws-resources.aws_vpc.vpc-main"
          ]
        }
      ]
    },
    {
      "module": "module.aws-resources",
      "mode": "managed",
      "type": "aws_elasticache_replication_group",
      "name": "redis",
      "provider": "module.aws-resources.provider[\"registry.terraform.io/hashicorp/aws\"]",
      "instances": [
        {
          "schema_version": 2,
          "attributes": {
            "apply_immediately": null,
            "arn": "arn:aws:elasticache:us-east-1:846338211683:replicationgroup:redis-cluster",
            "at_rest_encryption_enabled": false,
            "auth_token": "",
            "auth_token_update_strategy": "ROTATE",
            "auto_minor_version_upgrade": "true",
            "automatic_failover_enabled": false,
            "cluster_enabled": false,
            "configuration_endpoint_address": null,
            "data_tiering_enabled": false,
            "description": "redis replication",
            "engine": "redis",
            "engine_version": "6.0",
            "engine_version_actual": "6.0.5",
            "final_snapshot_identifier": null,
            "global_replication_group_id": null,
            "id": "redis-cluster",
            "ip_discovery": "ipv4",
            "kms_key_id": "",
            "log_delivery_configuration": [],
            "maintenance_window": "wed:07:30-wed:08:30",
            "member_clusters": [
              "redis-cluster-001"
            ],
            "multi_az_enabled": false,
            "network_type": "ipv4",
            "node_type": "cache.t3.micro",
            "notification_topic_arn": null,
            "num_cache_clusters": 1,
            "num_node_groups": 1,
            "parameter_group_name": "default.redis6.x",
            "port": 6379,
            "preferred_cache_cluster_azs": null,
            "primary_endpoint_address": "redis-cluster.0szwfp.ng.0001.use1.cache.amazonaws.com",
            "reader_endpoint_address": "redis-cluster-ro.0szwfp.ng.0001.use1.cache.amazonaws.com",
            "replicas_per_node_group": 0,
            "replication_group_id": "redis-cluster",
            "security_group_ids": [
              "sg-0c5e6efffa2a54608"
            ],
            "security_group_names": [],
            "snapshot_arns": null,
            "snapshot_name": null,
            "snapshot_retention_limit": 0,
            "snapshot_window": "06:00-07:00",
            "subnet_group_name": "redis-subnet-group",
            "tags": {
              "description": "managed by terraform provisioning",
              "name": "terraform project"
            },
            "tags_all": {
              "description": "managed by terraform provisioning",
              "name": "terraform project"
            },
            "timeouts": null,
            "transit_encryption_enabled": false,
            "user_group_ids": null
          },
          "sensitive_attributes": [],
          "private": "eyJlMmJmYjczMC1lY2FhLTExZTYtOGY4OC0zNDM2M2JjN2M0YzAiOnsiY3JlYXRlIjozNjAwMDAwMDAwMDAwLCJkZWxldGUiOjI0MDAwMDAwMDAwMDAsInVwZGF0ZSI6MjQwMDAwMDAwMDAwMH0sInNjaGVtYV92ZXJzaW9uIjoiMiJ9",
          "dependencies": [
            "module.aws-resources.aws_eks_cluster.eks_cluster",
            "module.aws-resources.aws_eks_node_group.private-nodes",
            "module.aws-resources.aws_elasticache_subnet_group.redis_subnet_group",
            "module.aws-resources.aws_iam_role.nodes",
            "module.aws-resources.aws_iam_role.role-eks",
            "module.aws-resources.aws_iam_role_policy_attachment.eks_attach",
            "module.aws-resources.aws_iam_role_policy_attachment.nodes-AmazonEC2ContainerRegistryReadOnly",
            "module.aws-resources.aws_iam_role_policy_attachment.nodes-AmazonEKSWorkerNodePolicy",
            "module.aws-resources.aws_iam_role_policy_attachment.nodes-AmazonEKS_CNI_Policy",
            "module.aws-resources.aws_security_group.bastion_sg",
            "module.aws-resources.aws_security_group.redis_sg",
            "module.aws-resources.aws_security_group.sg_private_eks_node",
            "module.aws-resources.aws_subnet.private-subnet-1a",
            "module.aws-resources.aws_subnet.private-subnet-1b",
            "module.aws-resources.aws_subnet.private-subnet-1c",
            "module.aws-resources.aws_subnet.public-subnet-1a",
            "module.aws-resources.aws_vpc.vpc-main"
          ]
        }
      ]
    },
    {
      "module": "module.aws-resources",
      "mode": "managed",
      "type": "aws_elasticache_subnet_group",
      "name": "redis_subnet_group",
      "provider": "module.aws-resources.provider[\"registry.terraform.io/hashicorp/aws\"]",
      "instances": [
        {
          "schema_version": 0,
          "attributes": {
            "arn": "arn:aws:elasticache:us-east-1:846338211683:subnetgroup:redis-subnet-group",
            "description": "Managed by Terraform",
            "id": "redis-subnet-group",
            "name": "redis-subnet-group",
            "subnet_ids": [
              "subnet-02773762477fb9048",
              "subnet-0e0cc3433d98df220",
              "subnet-0eed35f63017ddc42"
            ],
            "tags": {
              "description": "managed by terraform provisioning",
              "name": "terraform project"
            },
            "tags_all": {
              "description": "managed by terraform provisioning",
              "name": "terraform project"
            },
            "vpc_id": "vpc-0e6400f9f6e87effc"
          },
          "sensitive_attributes": [],
          "private": "bnVsbA==",
          "dependencies": [
            "module.aws-resources.aws_subnet.private-subnet-1a",
            "module.aws-resources.aws_subnet.private-subnet-1b",
            "module.aws-resources.aws_subnet.private-subnet-1c",
            "module.aws-resources.aws_vpc.vpc-main"
          ]
        }
      ]
    },
    {
      "module": "module.aws-resources",
      "mode": "managed",
      "type": "aws_iam_role",
      "name": "nodes",
      "provider": "module.aws-resources.provider[\"registry.terraform.io/hashicorp/aws\"]",
      "instances": [
        {
          "schema_version": 0,
          "attributes": {
            "arn": "arn:aws:iam::846338211683:role/eks-node-group-nodes",
            "assume_role_policy": "{\"Statement\":[{\"Action\":\"sts:AssumeRole\",\"Effect\":\"Allow\",\"Principal\":{\"Service\":\"ec2.amazonaws.com\"}}],\"Version\":\"2012-10-17\"}",
            "create_date": "2024-04-08T16:09:01Z",
            "description": "",
            "force_detach_policies": false,
            "id": "eks-node-group-nodes",
            "inline_policy": [],
            "managed_policy_arns": [],
            "max_session_duration": 3600,
            "name": "eks-node-group-nodes",
            "name_prefix": "",
            "path": "/",
            "permissions_boundary": "",
            "tags": null,
            "tags_all": {},
            "unique_id": "AROA4KDNQH5RXIBWHFFND"
          },
          "sensitive_attributes": [],
          "private": "bnVsbA=="
        }
      ]
    },
    {
      "module": "module.aws-resources",
      "mode": "managed",
      "type": "aws_iam_role",
      "name": "role-eks",
      "provider": "module.aws-resources.provider[\"registry.terraform.io/hashicorp/aws\"]",
      "instances": [
        {
          "schema_version": 0,
          "attributes": {
            "arn": "arn:aws:iam::846338211683:role/eks_role",
            "assume_role_policy": "{\"Statement\":[{\"Action\":\"sts:AssumeRole\",\"Effect\":\"Allow\",\"Principal\":{\"Service\":[\"eks.amazonaws.com\"]}}],\"Version\":\"2012-10-17\"}",
            "create_date": "2024-04-08T16:09:01Z",
            "description": "",
            "force_detach_policies": false,
            "id": "eks_role",
            "inline_policy": [],
            "managed_policy_arns": [],
            "max_session_duration": 3600,
            "name": "eks_role",
            "name_prefix": "",
            "path": "/",
            "permissions_boundary": "",
            "tags": null,
            "tags_all": {},
            "unique_id": "AROA4KDNQH5RTCE5H5ECU"
          },
          "sensitive_attributes": [],
          "private": "bnVsbA=="
        }
      ]
    },
    {
      "module": "module.aws-resources",
      "mode": "managed",
      "type": "aws_iam_role_policy_attachment",
      "name": "eks_attach",
      "provider": "module.aws-resources.provider[\"registry.terraform.io/hashicorp/aws\"]",
      "instances": [
        {
          "schema_version": 0,
          "attributes": {
            "id": "eks_role-20240408160903303300000004",
            "policy_arn": "arn:aws:iam::aws:policy/AmazonEKSClusterPolicy",
            "role": "eks_role"
          },
          "sensitive_attributes": [],
          "private": "bnVsbA==",
          "dependencies": [
            "module.aws-resources.aws_iam_role.role-eks"
          ]
        }
      ]
    },
    {
      "module": "module.aws-resources",
      "mode": "managed",
      "type": "aws_iam_role_policy_attachment",
      "name": "nodes-AmazonEC2ContainerRegistryReadOnly",
      "provider": "module.aws-resources.provider[\"registry.terraform.io/hashicorp/aws\"]",
      "instances": [
        {
          "schema_version": 0,
          "attributes": {
            "id": "eks-node-group-nodes-20240408160903299300000003",
            "policy_arn": "arn:aws:iam::aws:policy/AmazonEC2ContainerRegistryReadOnly",
            "role": "eks-node-group-nodes"
          },
          "sensitive_attributes": [],
          "private": "bnVsbA==",
          "dependencies": [
            "module.aws-resources.aws_iam_role.nodes"
          ]
        }
      ]
    },
    {
      "module": "module.aws-resources",
      "mode": "managed",
      "type": "aws_iam_role_policy_attachment",
      "name": "nodes-AmazonEKSWorkerNodePolicy",
      "provider": "module.aws-resources.provider[\"registry.terraform.io/hashicorp/aws\"]",
      "instances": [
        {
          "schema_version": 0,
          "attributes": {
            "id": "eks-node-group-nodes-20240408160902977800000002",
            "policy_arn": "arn:aws:iam::aws:policy/AmazonEKSWorkerNodePolicy",
            "role": "eks-node-group-nodes"
          },
          "sensitive_attributes": [],
          "private": "bnVsbA==",
          "dependencies": [
            "module.aws-resources.aws_iam_role.nodes"
          ]
        }
      ]
    },
    {
      "module": "module.aws-resources",
      "mode": "managed",
      "type": "aws_iam_role_policy_attachment",
      "name": "nodes-AmazonEKS_CNI_Policy",
      "provider": "module.aws-resources.provider[\"registry.terraform.io/hashicorp/aws\"]",
      "instances": [
        {
          "schema_version": 0,
          "attributes": {
            "id": "eks-node-group-nodes-20240408160902977800000001",
            "policy_arn": "arn:aws:iam::aws:policy/AmazonEKS_CNI_Policy",
            "role": "eks-node-group-nodes"
          },
          "sensitive_attributes": [],
          "private": "bnVsbA==",
          "dependencies": [
            "module.aws-resources.aws_iam_role.nodes"
          ]
        }
      ]
    },
    {
      "module": "module.aws-resources",
      "mode": "managed",
      "type": "aws_instance",
      "name": "bastion_host",
      "provider": "module.aws-resources.provider[\"registry.terraform.io/hashicorp/aws\"]",
      "instances": [
        {
          "schema_version": 1,
          "attributes": {
            "ami": "ami-0c101f26f147fa7fd",
            "arn": "arn:aws:ec2:us-east-1:846338211683:instance/i-04c6522ebe07b4e31",
            "associate_public_ip_address": true,
            "availability_zone": "us-east-1a",
            "capacity_reservation_specification": [
              {
                "capacity_reservation_preference": "open",
                "capacity_reservation_target": []
              }
            ],
            "cpu_core_count": 1,
            "cpu_options": [
              {
                "amd_sev_snp": "",
                "core_count": 1,
                "threads_per_core": 1
              }
            ],
            "cpu_threads_per_core": 1,
            "credit_specification": [
              {
                "cpu_credits": "standard"
              }
            ],
            "disable_api_stop": false,
            "disable_api_termination": false,
            "ebs_block_device": [],
            "ebs_optimized": false,
            "enclave_options": [
              {
                "enabled": false
              }
            ],
            "ephemeral_block_device": [],
            "get_password_data": false,
            "hibernation": false,
            "host_id": "",
            "host_resource_group_arn": null,
            "iam_instance_profile": "",
            "id": "i-04c6522ebe07b4e31",
            "instance_initiated_shutdown_behavior": "stop",
            "instance_lifecycle": "",
            "instance_market_options": [],
            "instance_state": "running",
            "instance_type": "t2.micro",
            "ipv6_address_count": 0,
            "ipv6_addresses": [],
            "key_name": "public-bastion-host",
            "launch_template": [],
            "maintenance_options": [
              {
                "auto_recovery": "default"
              }
            ],
            "metadata_options": [
              {
                "http_endpoint": "enabled",
                "http_protocol_ipv6": "disabled",
                "http_put_response_hop_limit": 2,
                "http_tokens": "required",
                "instance_metadata_tags": "disabled"
              }
            ],
            "monitoring": false,
            "network_interface": [],
            "outpost_arn": "",
            "password_data": "",
            "placement_group": "",
            "placement_partition_number": 0,
            "primary_network_interface_id": "eni-07e141e8c7fb16a69",
            "private_dns": "ip-10-0-1-61.ec2.internal",
            "private_dns_name_options": [
              {
                "enable_resource_name_dns_a_record": false,
                "enable_resource_name_dns_aaaa_record": false,
                "hostname_type": "ip-name"
              }
            ],
            "private_ip": "10.0.1.61",
            "public_dns": "ec2-54-209-23-44.compute-1.amazonaws.com",
            "public_ip": "54.209.23.44",
            "root_block_device": [
              {
                "delete_on_termination": true,
                "device_name": "/dev/xvda",
                "encrypted": false,
                "iops": 3000,
                "kms_key_id": "",
                "tags": {},
                "tags_all": {},
                "throughput": 125,
                "volume_id": "vol-029f5d8f9c8df54ba",
                "volume_size": 8,
                "volume_type": "gp3"
              }
            ],
            "secondary_private_ips": [],
            "security_groups": [
              "sg-0ec7ffa458185f558"
            ],
            "source_dest_check": true,
            "spot_instance_request_id": "",
            "subnet_id": "subnet-0c82b236ae88854af",
            "tags": {
              "description": "managed by terraform provisioning",
              "name": "terraform project"
            },
            "tags_all": {
              "description": "managed by terraform provisioning",
              "name": "terraform project"
            },
            "tenancy": "default",
            "timeouts": null,
            "user_data": "ae94f9bd117606bef4170408b239e31f4ed3dc3f",
            "user_data_base64": null,
            "user_data_replace_on_change": false,
            "volume_tags": null,
            "vpc_security_group_ids": [
              "sg-0ec7ffa458185f558"
            ]
          },
          "sensitive_attributes": [],
          "private": "eyJlMmJmYjczMC1lY2FhLTExZTYtOGY4OC0zNDM2M2JjN2M0YzAiOnsiY3JlYXRlIjo2MDAwMDAwMDAwMDAsImRlbGV0ZSI6MTIwMDAwMDAwMDAwMCwicmVhZCI6OTAwMDAwMDAwMDAwLCJ1cGRhdGUiOjYwMDAwMDAwMDAwMH0sInNjaGVtYV92ZXJzaW9uIjoiMSJ9",
          "dependencies": [
            "module.aws-resources.aws_security_group.bastion_sg",
            "module.aws-resources.aws_subnet.private-subnet-1a",
            "module.aws-resources.aws_subnet.private-subnet-1b",
            "module.aws-resources.aws_subnet.private-subnet-1c",
            "module.aws-resources.aws_subnet.public-subnet-1a",
            "module.aws-resources.aws_vpc.vpc-main"
          ]
        }
      ]
    },
    {
      "module": "module.aws-resources",
      "mode": "managed",
      "type": "aws_internet_gateway",
      "name": "gw",
      "provider": "module.aws-resources.provider[\"registry.terraform.io/hashicorp/aws\"]",
      "instances": [
        {
          "schema_version": 0,
          "attributes": {
            "arn": "arn:aws:ec2:us-east-1:846338211683:internet-gateway/igw-01f18a3131d49b5d1",
            "id": "igw-01f18a3131d49b5d1",
            "owner_id": "846338211683",
            "tags": {
              "description": "managed by terraform provisioning",
              "name": "terraform project"
            },
            "tags_all": {
              "description": "managed by terraform provisioning",
              "name": "terraform project"
            },
            "timeouts": null,
            "vpc_id": "vpc-0e6400f9f6e87effc"
          },
          "sensitive_attributes": [],
          "private": "eyJlMmJmYjczMC1lY2FhLTExZTYtOGY4OC0zNDM2M2JjN2M0YzAiOnsiY3JlYXRlIjoxMjAwMDAwMDAwMDAwLCJkZWxldGUiOjEyMDAwMDAwMDAwMDAsInVwZGF0ZSI6MTIwMDAwMDAwMDAwMH19",
          "dependencies": [
            "module.aws-resources.aws_vpc.vpc-main"
          ]
        }
      ]
    },
    {
      "module": "module.aws-resources",
      "mode": "managed",
      "type": "aws_nat_gateway",
      "name": "nat-gw",
      "provider": "module.aws-resources.provider[\"registry.terraform.io/hashicorp/aws\"]",
      "instances": [
        {
          "schema_version": 0,
          "attributes": {
            "allocation_id": "eipalloc-07d7384910d2d1446",
            "association_id": "eipassoc-034195e32615fbb5a",
            "connectivity_type": "public",
            "id": "nat-0212227f57dd4c854",
            "network_interface_id": "eni-0dcec5c8bb4deade4",
            "private_ip": "10.0.1.108",
            "public_ip": "54.236.219.122",
            "secondary_allocation_ids": null,
            "secondary_private_ip_address_count": 0,
            "secondary_private_ip_addresses": [],
            "subnet_id": "subnet-0c82b236ae88854af",
            "tags": {
              "description": "managed by terraform provisioning",
              "name": "terraform project"
            },
            "tags_all": {
              "description": "managed by terraform provisioning",
              "name": "terraform project"
            },
            "timeouts": null
          },
          "sensitive_attributes": [],
          "private": "eyJlMmJmYjczMC1lY2FhLTExZTYtOGY4OC0zNDM2M2JjN2M0YzAiOnsiY3JlYXRlIjo2MDAwMDAwMDAwMDAsImRlbGV0ZSI6MTgwMDAwMDAwMDAwMCwidXBkYXRlIjo2MDAwMDAwMDAwMDB9fQ==",
          "dependencies": [
            "module.aws-resources.aws_eip.nat-eip",
            "module.aws-resources.aws_internet_gateway.gw",
            "module.aws-resources.aws_subnet.public-subnet-1a",
            "module.aws-resources.aws_vpc.vpc-main"
          ]
        }
      ]
    },
    {
      "module": "module.aws-resources",
      "mode": "managed",
      "type": "aws_route_table",
      "name": "rtb-internal",
      "provider": "module.aws-resources.provider[\"registry.terraform.io/hashicorp/aws\"]",
      "instances": [
        {
          "schema_version": 0,
          "attributes": {
            "arn": "arn:aws:ec2:us-east-1:846338211683:route-table/rtb-0e1a048418accd5a9",
            "id": "rtb-0e1a048418accd5a9",
            "owner_id": "846338211683",
            "propagating_vgws": [],
            "route": [
              {
                "carrier_gateway_id": "",
                "cidr_block": "0.0.0.0/0",
                "core_network_arn": "",
                "destination_prefix_list_id": "",
                "egress_only_gateway_id": "",
                "gateway_id": "",
                "ipv6_cidr_block": "",
                "local_gateway_id": "",
                "nat_gateway_id": "nat-0212227f57dd4c854",
                "network_interface_id": "",
                "transit_gateway_id": "",
                "vpc_endpoint_id": "",
                "vpc_peering_connection_id": ""
              }
            ],
            "tags": null,
            "tags_all": {},
            "timeouts": null,
            "vpc_id": "vpc-0e6400f9f6e87effc"
          },
          "sensitive_attributes": [],
          "private": "eyJlMmJmYjczMC1lY2FhLTExZTYtOGY4OC0zNDM2M2JjN2M0YzAiOnsiY3JlYXRlIjozMDAwMDAwMDAwMDAsImRlbGV0ZSI6MzAwMDAwMDAwMDAwLCJ1cGRhdGUiOjEyMDAwMDAwMDAwMH19",
          "dependencies": [
            "module.aws-resources.aws_eip.nat-eip",
            "module.aws-resources.aws_internet_gateway.gw",
            "module.aws-resources.aws_nat_gateway.nat-gw",
            "module.aws-resources.aws_subnet.public-subnet-1a",
            "module.aws-resources.aws_vpc.vpc-main"
          ]
        }
      ]
    },
    {
      "module": "module.aws-resources",
      "mode": "managed",
      "type": "aws_route_table",
      "name": "rtb-public",
      "provider": "module.aws-resources.provider[\"registry.terraform.io/hashicorp/aws\"]",
      "instances": [
        {
          "schema_version": 0,
          "attributes": {
            "arn": "arn:aws:ec2:us-east-1:846338211683:route-table/rtb-02ad01cd6a1f67a8d",
            "id": "rtb-02ad01cd6a1f67a8d",
            "owner_id": "846338211683",
            "propagating_vgws": [],
            "route": [
              {
                "carrier_gateway_id": "",
                "cidr_block": "0.0.0.0/0",
                "core_network_arn": "",
                "destination_prefix_list_id": "",
                "egress_only_gateway_id": "",
                "gateway_id": "igw-01f18a3131d49b5d1",
                "ipv6_cidr_block": "",
                "local_gateway_id": "",
                "nat_gateway_id": "",
                "network_interface_id": "",
                "transit_gateway_id": "",
                "vpc_endpoint_id": "",
                "vpc_peering_connection_id": ""
              }
            ],
            "tags": null,
            "tags_all": {},
            "timeouts": null,
            "vpc_id": "vpc-0e6400f9f6e87effc"
          },
          "sensitive_attributes": [],
          "private": "eyJlMmJmYjczMC1lY2FhLTExZTYtOGY4OC0zNDM2M2JjN2M0YzAiOnsiY3JlYXRlIjozMDAwMDAwMDAwMDAsImRlbGV0ZSI6MzAwMDAwMDAwMDAwLCJ1cGRhdGUiOjEyMDAwMDAwMDAwMH19",
          "dependencies": [
            "module.aws-resources.aws_internet_gateway.gw",
            "module.aws-resources.aws_vpc.vpc-main"
          ]
        }
      ]
    },
    {
      "module": "module.aws-resources",
      "mode": "managed",
      "type": "aws_route_table_association",
      "name": "associate_private_1a",
      "provider": "module.aws-resources.provider[\"registry.terraform.io/hashicorp/aws\"]",
      "instances": [
        {
          "schema_version": 0,
          "attributes": {
            "gateway_id": "",
            "id": "rtbassoc-0ddf8fe1d5c8f795d",
            "route_table_id": "rtb-0e1a048418accd5a9",
            "subnet_id": "subnet-0eed35f63017ddc42",
            "timeouts": null
          },
          "sensitive_attributes": [],
          "private": "eyJlMmJmYjczMC1lY2FhLTExZTYtOGY4OC0zNDM2M2JjN2M0YzAiOnsiY3JlYXRlIjozMDAwMDAwMDAwMDAsImRlbGV0ZSI6MzAwMDAwMDAwMDAwLCJ1cGRhdGUiOjEyMDAwMDAwMDAwMH19",
          "dependencies": [
            "module.aws-resources.aws_eip.nat-eip",
            "module.aws-resources.aws_internet_gateway.gw",
            "module.aws-resources.aws_nat_gateway.nat-gw",
            "module.aws-resources.aws_route_table.rtb-internal",
            "module.aws-resources.aws_subnet.private-subnet-1a",
            "module.aws-resources.aws_subnet.public-subnet-1a",
            "module.aws-resources.aws_vpc.vpc-main"
          ]
        }
      ]
    },
    {
      "module": "module.aws-resources",
      "mode": "managed",
      "type": "aws_route_table_association",
      "name": "associate_private_1b",
      "provider": "module.aws-resources.provider[\"registry.terraform.io/hashicorp/aws\"]",
      "instances": [
        {
          "schema_version": 0,
          "attributes": {
            "gateway_id": "",
            "id": "rtbassoc-03988df4fc3390c0b",
            "route_table_id": "rtb-0e1a048418accd5a9",
            "subnet_id": "subnet-0e0cc3433d98df220",
            "timeouts": null
          },
          "sensitive_attributes": [],
          "private": "eyJlMmJmYjczMC1lY2FhLTExZTYtOGY4OC0zNDM2M2JjN2M0YzAiOnsiY3JlYXRlIjozMDAwMDAwMDAwMDAsImRlbGV0ZSI6MzAwMDAwMDAwMDAwLCJ1cGRhdGUiOjEyMDAwMDAwMDAwMH19",
          "dependencies": [
            "module.aws-resources.aws_eip.nat-eip",
            "module.aws-resources.aws_internet_gateway.gw",
            "module.aws-resources.aws_nat_gateway.nat-gw",
            "module.aws-resources.aws_route_table.rtb-internal",
            "module.aws-resources.aws_subnet.private-subnet-1b",
            "module.aws-resources.aws_subnet.public-subnet-1a",
            "module.aws-resources.aws_vpc.vpc-main"
          ]
        }
      ]
    },
    {
      "module": "module.aws-resources",
      "mode": "managed",
      "type": "aws_route_table_association",
      "name": "associate_private_1c",
      "provider": "module.aws-resources.provider[\"registry.terraform.io/hashicorp/aws\"]",
      "instances": [
        {
          "schema_version": 0,
          "attributes": {
            "gateway_id": "",
            "id": "rtbassoc-049dd9419f689a6b2",
            "route_table_id": "rtb-0e1a048418accd5a9",
            "subnet_id": "subnet-02773762477fb9048",
            "timeouts": null
          },
          "sensitive_attributes": [],
          "private": "eyJlMmJmYjczMC1lY2FhLTExZTYtOGY4OC0zNDM2M2JjN2M0YzAiOnsiY3JlYXRlIjozMDAwMDAwMDAwMDAsImRlbGV0ZSI6MzAwMDAwMDAwMDAwLCJ1cGRhdGUiOjEyMDAwMDAwMDAwMH19",
          "dependencies": [
            "module.aws-resources.aws_eip.nat-eip",
            "module.aws-resources.aws_internet_gateway.gw",
            "module.aws-resources.aws_nat_gateway.nat-gw",
            "module.aws-resources.aws_route_table.rtb-internal",
            "module.aws-resources.aws_subnet.private-subnet-1c",
            "module.aws-resources.aws_subnet.public-subnet-1a",
            "module.aws-resources.aws_vpc.vpc-main"
          ]
        }
      ]
    },
    {
      "module": "module.aws-resources",
      "mode": "managed",
      "type": "aws_route_table_association",
      "name": "associate_public_1a",
      "provider": "module.aws-resources.provider[\"registry.terraform.io/hashicorp/aws\"]",
      "instances": [
        {
          "schema_version": 0,
          "attributes": {
            "gateway_id": "",
            "id": "rtbassoc-0d2301371fb6950ce",
            "route_table_id": "rtb-02ad01cd6a1f67a8d",
            "subnet_id": "subnet-0c82b236ae88854af",
            "timeouts": null
          },
          "sensitive_attributes": [],
          "private": "eyJlMmJmYjczMC1lY2FhLTExZTYtOGY4OC0zNDM2M2JjN2M0YzAiOnsiY3JlYXRlIjozMDAwMDAwMDAwMDAsImRlbGV0ZSI6MzAwMDAwMDAwMDAwLCJ1cGRhdGUiOjEyMDAwMDAwMDAwMH19",
          "dependencies": [
            "module.aws-resources.aws_internet_gateway.gw",
            "module.aws-resources.aws_route_table.rtb-public",
            "module.aws-resources.aws_subnet.public-subnet-1a",
            "module.aws-resources.aws_vpc.vpc-main"
          ]
        }
      ]
    },
    {
      "module": "module.aws-resources",
      "mode": "managed",
      "type": "aws_security_group",
      "name": "alb_sg",
      "provider": "module.aws-resources.provider[\"registry.terraform.io/hashicorp/aws\"]",
      "instances": [
        {
          "schema_version": 1,
          "attributes": {
            "arn": "arn:aws:ec2:us-east-1:846338211683:security-group/sg-0b01db97c6662964a",
            "description": "Managed by Terraform",
            "egress": [
              {
                "cidr_blocks": [
                  "0.0.0.0/0"
                ],
                "description": "",
                "from_port": 0,
                "ipv6_cidr_blocks": [],
                "prefix_list_ids": [],
                "protocol": "-1",
                "security_groups": [],
                "self": false,
                "to_port": 0
              },
              {
                "cidr_blocks": [
                  "10.0.2.0/24",
                  "10.0.3.0/24",
                  "10.0.4.0/24",
                  "10.0.1.0/24"
                ],
                "description": "",
                "from_port": 0,
                "ipv6_cidr_blocks": [],
                "prefix_list_ids": [],
                "protocol": "tcp",
                "security_groups": [],
                "self": false,
                "to_port": 0
              }
            ],
            "id": "sg-0b01db97c6662964a",
            "ingress": [
              {
                "cidr_blocks": [
                  "0.0.0.0/0"
                ],
                "description": "",
                "from_port": 0,
                "ipv6_cidr_blocks": [],
                "prefix_list_ids": [],
                "protocol": "-1",
                "security_groups": [],
                "self": false,
                "to_port": 0
              }
            ],
            "name": "application_loadbalancer_sg",
            "name_prefix": "",
            "owner_id": "846338211683",
            "revoke_rules_on_delete": false,
            "tags": {
              "description": "managed by terraform provisioning",
              "name": "terraform project"
            },
            "tags_all": {
              "description": "managed by terraform provisioning",
              "name": "terraform project"
            },
            "timeouts": null,
            "vpc_id": "vpc-0e6400f9f6e87effc"
          },
          "sensitive_attributes": [],
          "private": "eyJlMmJmYjczMC1lY2FhLTExZTYtOGY4OC0zNDM2M2JjN2M0YzAiOnsiY3JlYXRlIjo2MDAwMDAwMDAwMDAsImRlbGV0ZSI6OTAwMDAwMDAwMDAwfSwic2NoZW1hX3ZlcnNpb24iOiIxIn0=",
          "dependencies": [
            "module.aws-resources.aws_subnet.private-subnet-1a",
            "module.aws-resources.aws_subnet.private-subnet-1b",
            "module.aws-resources.aws_subnet.private-subnet-1c",
            "module.aws-resources.aws_subnet.public-subnet-1a",
            "module.aws-resources.aws_vpc.vpc-main"
          ]
        }
      ]
    },
    {
      "module": "module.aws-resources",
      "mode": "managed",
      "type": "aws_security_group",
      "name": "bastion_sg",
      "provider": "module.aws-resources.provider[\"registry.terraform.io/hashicorp/aws\"]",
      "instances": [
        {
          "schema_version": 1,
          "attributes": {
            "arn": "arn:aws:ec2:us-east-1:846338211683:security-group/sg-0ec7ffa458185f558",
            "description": "Allow SSH inbound traffic bastion_sg",
            "egress": [
              {
                "cidr_blocks": [
                  "0.0.0.0/0"
                ],
                "description": "",
                "from_port": 0,
                "ipv6_cidr_blocks": [],
                "prefix_list_ids": [],
                "protocol": "-1",
                "security_groups": [],
                "self": false,
                "to_port": 0
              },
              {
                "cidr_blocks": [
                  "10.0.2.0/24",
                  "10.0.3.0/24",
                  "10.0.4.0/24",
                  "10.0.1.0/24"
                ],
                "description": "",
                "from_port": 5432,
                "ipv6_cidr_blocks": [],
                "prefix_list_ids": [],
                "protocol": "tcp",
                "security_groups": [],
                "self": false,
                "to_port": 5432
              },
              {
                "cidr_blocks": [
                  "10.0.2.0/24",
                  "10.0.3.0/24",
                  "10.0.4.0/24",
                  "10.0.1.0/24"
                ],
                "description": "",
                "from_port": 6379,
                "ipv6_cidr_blocks": [],
                "prefix_list_ids": [],
                "protocol": "tcp",
                "security_groups": [],
                "self": false,
                "to_port": 6379
              }
            ],
            "id": "sg-0ec7ffa458185f558",
            "ingress": [
              {
                "cidr_blocks": [
                  "0.0.0.0/0",
                  "10.0.2.0/24",
                  "10.0.3.0/24",
                  "10.0.4.0/24",
                  "10.0.1.0/24"
                ],
                "description": "",
                "from_port": 22,
                "ipv6_cidr_blocks": [],
                "prefix_list_ids": [],
                "protocol": "tcp",
                "security_groups": [],
                "self": false,
                "to_port": 22
              }
            ],
            "name": "bastion_security_group",
            "name_prefix": "",
            "owner_id": "846338211683",
            "revoke_rules_on_delete": false,
            "tags": {
              "description": "managed by terraform provisioning",
              "name": "terraform project"
            },
            "tags_all": {
              "description": "managed by terraform provisioning",
              "name": "terraform project"
            },
            "timeouts": null,
            "vpc_id": "vpc-0e6400f9f6e87effc"
          },
          "sensitive_attributes": [],
          "private": "eyJlMmJmYjczMC1lY2FhLTExZTYtOGY4OC0zNDM2M2JjN2M0YzAiOnsiY3JlYXRlIjo2MDAwMDAwMDAwMDAsImRlbGV0ZSI6OTAwMDAwMDAwMDAwfSwic2NoZW1hX3ZlcnNpb24iOiIxIn0=",
          "dependencies": [
            "module.aws-resources.aws_subnet.private-subnet-1a",
            "module.aws-resources.aws_subnet.private-subnet-1b",
            "module.aws-resources.aws_subnet.private-subnet-1c",
            "module.aws-resources.aws_subnet.public-subnet-1a",
            "module.aws-resources.aws_vpc.vpc-main"
          ]
        }
      ]
    },
    {
      "module": "module.aws-resources",
      "mode": "managed",
      "type": "aws_security_group",
      "name": "postgres_aurora_sg",
      "provider": "module.aws-resources.provider[\"registry.terraform.io/hashicorp/aws\"]",
      "instances": [
        {
          "schema_version": 1,
          "attributes": {
            "arn": "arn:aws:ec2:us-east-1:846338211683:security-group/sg-0a01b16a90e074a1a",
            "description": "Managed by Terraform",
            "egress": [
              {
                "cidr_blocks": [
                  "10.0.2.0/24",
                  "10.0.3.0/24",
                  "10.0.4.0/24",
                  "10.0.1.0/24"
                ],
                "description": "",
                "from_port": 0,
                "ipv6_cidr_blocks": [],
                "prefix_list_ids": [],
                "protocol": "tcp",
                "security_groups": [],
                "self": false,
                "to_port": 0
              }
            ],
            "id": "sg-0a01b16a90e074a1a",
            "ingress": [
              {
                "cidr_blocks": [
                  "10.0.0.0/16",
                  "10.0.2.0/24",
                  "10.0.3.0/24",
                  "10.0.4.0/24",
                  "10.0.1.0/24"
                ],
                "description": "",
                "from_port": 6739,
                "ipv6_cidr_blocks": [],
                "prefix_list_ids": [],
                "protocol": "tcp",
                "security_groups": [],
                "self": false,
                "to_port": 6739
              }
            ],
            "name": "security_rds_cluster",
            "name_prefix": "",
            "owner_id": "846338211683",
            "revoke_rules_on_delete": false,
            "tags": {
              "description": "managed by terraform provisioning",
              "name": "terraform project"
            },
            "tags_all": {
              "description": "managed by terraform provisioning",
              "name": "terraform project"
            },
            "timeouts": null,
            "vpc_id": "vpc-0e6400f9f6e87effc"
          },
          "sensitive_attributes": [],
          "private": "eyJlMmJmYjczMC1lY2FhLTExZTYtOGY4OC0zNDM2M2JjN2M0YzAiOnsiY3JlYXRlIjo2MDAwMDAwMDAwMDAsImRlbGV0ZSI6OTAwMDAwMDAwMDAwfSwic2NoZW1hX3ZlcnNpb24iOiIxIn0=",
          "dependencies": [
            "module.aws-resources.aws_subnet.private-subnet-1a",
            "module.aws-resources.aws_subnet.private-subnet-1b",
            "module.aws-resources.aws_subnet.private-subnet-1c",
            "module.aws-resources.aws_subnet.public-subnet-1a",
            "module.aws-resources.aws_vpc.vpc-main"
          ]
        }
      ]
    },
    {
      "module": "module.aws-resources",
      "mode": "managed",
      "type": "aws_security_group",
      "name": "redis_sg",
      "provider": "module.aws-resources.provider[\"registry.terraform.io/hashicorp/aws\"]",
      "instances": [
        {
          "schema_version": 1,
          "attributes": {
            "arn": "arn:aws:ec2:us-east-1:846338211683:security-group/sg-0c5e6efffa2a54608",
            "description": "Managed by Terraform",
            "egress": [
              {
                "cidr_blocks": [
                  "0.0.0.0/0"
                ],
                "description": "",
                "from_port": 0,
                "ipv6_cidr_blocks": [],
                "prefix_list_ids": [],
                "protocol": "-1",
                "security_groups": [],
                "self": false,
                "to_port": 0
              }
            ],
            "id": "sg-0c5e6efffa2a54608",
            "ingress": [
              {
                "cidr_blocks": [
                  "10.0.0.0/16",
                  "10.0.1.0/24",
                  "10.0.2.0/24",
                  "10.0.3.0/24",
                  "10.0.4.0/24"
                ],
                "description": "",
                "from_port": 6379,
                "ipv6_cidr_blocks": [],
                "prefix_list_ids": [],
                "protocol": "tcp",
                "security_groups": [
                  "sg-0ec7ffa458185f558"
                ],
                "self": false,
                "to_port": 6379
              }
            ],
            "name": "redis_sg",
            "name_prefix": "",
            "owner_id": "846338211683",
            "revoke_rules_on_delete": false,
            "tags": {
              "description": "managed by terraform provisioning",
              "name": "terraform project"
            },
            "tags_all": {
              "description": "managed by terraform provisioning",
              "name": "terraform project"
            },
            "timeouts": null,
            "vpc_id": "vpc-0e6400f9f6e87effc"
          },
          "sensitive_attributes": [],
          "private": "eyJlMmJmYjczMC1lY2FhLTExZTYtOGY4OC0zNDM2M2JjN2M0YzAiOnsiY3JlYXRlIjo2MDAwMDAwMDAwMDAsImRlbGV0ZSI6OTAwMDAwMDAwMDAwfSwic2NoZW1hX3ZlcnNpb24iOiIxIn0=",
          "dependencies": [
            "module.aws-resources.aws_security_group.bastion_sg",
            "module.aws-resources.aws_subnet.private-subnet-1a",
            "module.aws-resources.aws_subnet.private-subnet-1b",
            "module.aws-resources.aws_subnet.private-subnet-1c",
            "module.aws-resources.aws_subnet.public-subnet-1a",
            "module.aws-resources.aws_vpc.vpc-main"
          ]
        }
      ]
    },
    {
      "module": "module.aws-resources",
      "mode": "managed",
      "type": "aws_security_group",
      "name": "sg_private_eks_node",
      "provider": "module.aws-resources.provider[\"registry.terraform.io/hashicorp/aws\"]",
      "instances": [
        {
          "schema_version": 1,
          "attributes": {
            "arn": "arn:aws:ec2:us-east-1:846338211683:security-group/sg-0f20cc8ceee442379",
            "description": "Managed by Terraform",
            "egress": [
              {
                "cidr_blocks": [
                  "0.0.0.0/0"
                ],
                "description": "",
                "from_port": 0,
                "ipv6_cidr_blocks": [],
                "prefix_list_ids": [],
                "protocol": "-1",
                "security_groups": [],
                "self": false,
                "to_port": 0
              },
              {
                "cidr_blocks": [
                  "10.0.2.0/24",
                  "10.0.3.0/24",
                  "10.0.4.0/24",
                  "10.0.1.0/24"
                ],
                "description": "",
                "from_port": 0,
                "ipv6_cidr_blocks": [],
                "prefix_list_ids": [],
                "protocol": "tcp",
                "security_groups": [],
                "self": false,
                "to_port": 0
              },
              {
                "cidr_blocks": [
                  "10.0.2.0/24",
                  "10.0.3.0/24",
                  "10.0.4.0/24",
                  "10.0.1.0/24"
                ],
                "description": "",
                "from_port": 5432,
                "ipv6_cidr_blocks": [],
                "prefix_list_ids": [],
                "protocol": "tcp",
                "security_groups": [],
                "self": false,
                "to_port": 5432
              },
              {
                "cidr_blocks": [
                  "10.0.2.0/24",
                  "10.0.3.0/24",
                  "10.0.4.0/24",
                  "10.0.1.0/24"
                ],
                "description": "",
                "from_port": 6379,
                "ipv6_cidr_blocks": [],
                "prefix_list_ids": [],
                "protocol": "tcp",
                "security_groups": [],
                "self": false,
                "to_port": 6379
              }
            ],
            "id": "sg-0f20cc8ceee442379",
            "ingress": [
              {
                "cidr_blocks": [
                  "10.0.0.0/16",
                  "10.0.2.0/24",
                  "10.0.3.0/24",
                  "10.0.4.0/24"
                ],
                "description": "",
                "from_port": 22,
                "ipv6_cidr_blocks": [],
                "prefix_list_ids": [],
                "protocol": "tcp",
                "security_groups": [],
                "self": false,
                "to_port": 22
              }
            ],
            "name": "Security group private eks node",
            "name_prefix": "",
            "owner_id": "846338211683",
            "revoke_rules_on_delete": false,
            "tags": null,
            "tags_all": {},
            "timeouts": null,
            "vpc_id": "vpc-0e6400f9f6e87effc"
          },
          "sensitive_attributes": [],
          "private": "eyJlMmJmYjczMC1lY2FhLTExZTYtOGY4OC0zNDM2M2JjN2M0YzAiOnsiY3JlYXRlIjo2MDAwMDAwMDAwMDAsImRlbGV0ZSI6OTAwMDAwMDAwMDAwfSwic2NoZW1hX3ZlcnNpb24iOiIxIn0=",
          "dependencies": [
            "module.aws-resources.aws_subnet.private-subnet-1a",
            "module.aws-resources.aws_subnet.private-subnet-1b",
            "module.aws-resources.aws_subnet.private-subnet-1c",
            "module.aws-resources.aws_subnet.public-subnet-1a",
            "module.aws-resources.aws_vpc.vpc-main"
          ]
        }
      ]
    },
    {
      "module": "module.aws-resources",
      "mode": "managed",
      "type": "aws_subnet",
      "name": "private-subnet-1a",
      "provider": "module.aws-resources.provider[\"registry.terraform.io/hashicorp/aws\"]",
      "instances": [
        {
          "schema_version": 1,
          "attributes": {
            "arn": "arn:aws:ec2:us-east-1:846338211683:subnet/subnet-0eed35f63017ddc42",
            "assign_ipv6_address_on_creation": false,
            "availability_zone": "us-east-1a",
            "availability_zone_id": "use1-az4",
            "cidr_block": "10.0.2.0/24",
            "customer_owned_ipv4_pool": "",
            "enable_dns64": false,
            "enable_lni_at_device_index": 0,
            "enable_resource_name_dns_a_record_on_launch": false,
            "enable_resource_name_dns_aaaa_record_on_launch": false,
            "id": "subnet-0eed35f63017ddc42",
            "ipv6_cidr_block": "",
            "ipv6_cidr_block_association_id": "",
            "ipv6_native": false,
            "map_customer_owned_ip_on_launch": false,
            "map_public_ip_on_launch": false,
            "outpost_arn": "",
            "owner_id": "846338211683",
            "private_dns_hostname_type_on_launch": "ip-name",
            "tags": {
              "description": "managed by terraform provisioning",
              "name": "terraform project"
            },
            "tags_all": {
              "description": "managed by terraform provisioning",
              "name": "terraform project"
            },
            "timeouts": null,
            "vpc_id": "vpc-0e6400f9f6e87effc"
          },
          "sensitive_attributes": [],
          "private": "eyJlMmJmYjczMC1lY2FhLTExZTYtOGY4OC0zNDM2M2JjN2M0YzAiOnsiY3JlYXRlIjo2MDAwMDAwMDAwMDAsImRlbGV0ZSI6MTIwMDAwMDAwMDAwMH0sInNjaGVtYV92ZXJzaW9uIjoiMSJ9",
          "dependencies": [
            "module.aws-resources.aws_vpc.vpc-main"
          ]
        }
      ]
    },
    {
      "module": "module.aws-resources",
      "mode": "managed",
      "type": "aws_subnet",
      "name": "private-subnet-1b",
      "provider": "module.aws-resources.provider[\"registry.terraform.io/hashicorp/aws\"]",
      "instances": [
        {
          "schema_version": 1,
          "attributes": {
            "arn": "arn:aws:ec2:us-east-1:846338211683:subnet/subnet-0e0cc3433d98df220",
            "assign_ipv6_address_on_creation": false,
            "availability_zone": "us-east-1b",
            "availability_zone_id": "use1-az6",
            "cidr_block": "10.0.3.0/24",
            "customer_owned_ipv4_pool": "",
            "enable_dns64": false,
            "enable_lni_at_device_index": 0,
            "enable_resource_name_dns_a_record_on_launch": false,
            "enable_resource_name_dns_aaaa_record_on_launch": false,
            "id": "subnet-0e0cc3433d98df220",
            "ipv6_cidr_block": "",
            "ipv6_cidr_block_association_id": "",
            "ipv6_native": false,
            "map_customer_owned_ip_on_launch": false,
            "map_public_ip_on_launch": false,
            "outpost_arn": "",
            "owner_id": "846338211683",
            "private_dns_hostname_type_on_launch": "ip-name",
            "tags": {
              "description": "managed by terraform provisioning",
              "name": "terraform project"
            },
            "tags_all": {
              "description": "managed by terraform provisioning",
              "name": "terraform project"
            },
            "timeouts": null,
            "vpc_id": "vpc-0e6400f9f6e87effc"
          },
          "sensitive_attributes": [],
          "private": "eyJlMmJmYjczMC1lY2FhLTExZTYtOGY4OC0zNDM2M2JjN2M0YzAiOnsiY3JlYXRlIjo2MDAwMDAwMDAwMDAsImRlbGV0ZSI6MTIwMDAwMDAwMDAwMH0sInNjaGVtYV92ZXJzaW9uIjoiMSJ9",
          "dependencies": [
            "module.aws-resources.aws_vpc.vpc-main"
          ]
        }
      ]
    },
    {
      "module": "module.aws-resources",
      "mode": "managed",
      "type": "aws_subnet",
      "name": "private-subnet-1c",
      "provider": "module.aws-resources.provider[\"registry.terraform.io/hashicorp/aws\"]",
      "instances": [
        {
          "schema_version": 1,
          "attributes": {
            "arn": "arn:aws:ec2:us-east-1:846338211683:subnet/subnet-02773762477fb9048",
            "assign_ipv6_address_on_creation": false,
            "availability_zone": "us-east-1c",
            "availability_zone_id": "use1-az1",
            "cidr_block": "10.0.4.0/24",
            "customer_owned_ipv4_pool": "",
            "enable_dns64": false,
            "enable_lni_at_device_index": 0,
            "enable_resource_name_dns_a_record_on_launch": false,
            "enable_resource_name_dns_aaaa_record_on_launch": false,
            "id": "subnet-02773762477fb9048",
            "ipv6_cidr_block": "",
            "ipv6_cidr_block_association_id": "",
            "ipv6_native": false,
            "map_customer_owned_ip_on_launch": false,
            "map_public_ip_on_launch": false,
            "outpost_arn": "",
            "owner_id": "846338211683",
            "private_dns_hostname_type_on_launch": "ip-name",
            "tags": {
              "description": "managed by terraform provisioning",
              "name": "terraform project"
            },
            "tags_all": {
              "description": "managed by terraform provisioning",
              "name": "terraform project"
            },
            "timeouts": null,
            "vpc_id": "vpc-0e6400f9f6e87effc"
          },
          "sensitive_attributes": [],
          "private": "eyJlMmJmYjczMC1lY2FhLTExZTYtOGY4OC0zNDM2M2JjN2M0YzAiOnsiY3JlYXRlIjo2MDAwMDAwMDAwMDAsImRlbGV0ZSI6MTIwMDAwMDAwMDAwMH0sInNjaGVtYV92ZXJzaW9uIjoiMSJ9",
          "dependencies": [
            "module.aws-resources.aws_vpc.vpc-main"
          ]
        }
      ]
    },
    {
      "module": "module.aws-resources",
      "mode": "managed",
      "type": "aws_subnet",
      "name": "public-subnet-1a",
      "provider": "module.aws-resources.provider[\"registry.terraform.io/hashicorp/aws\"]",
      "instances": [
        {
          "schema_version": 1,
          "attributes": {
            "arn": "arn:aws:ec2:us-east-1:846338211683:subnet/subnet-0c82b236ae88854af",
            "assign_ipv6_address_on_creation": false,
            "availability_zone": "us-east-1a",
            "availability_zone_id": "use1-az4",
            "cidr_block": "10.0.1.0/24",
            "customer_owned_ipv4_pool": "",
            "enable_dns64": false,
            "enable_lni_at_device_index": 0,
            "enable_resource_name_dns_a_record_on_launch": false,
            "enable_resource_name_dns_aaaa_record_on_launch": false,
            "id": "subnet-0c82b236ae88854af",
            "ipv6_cidr_block": "",
            "ipv6_cidr_block_association_id": "",
            "ipv6_native": false,
            "map_customer_owned_ip_on_launch": false,
            "map_public_ip_on_launch": true,
            "outpost_arn": "",
            "owner_id": "846338211683",
            "private_dns_hostname_type_on_launch": "ip-name",
            "tags": {
              "description": "managed by terraform provisioning",
              "name": "terraform project"
            },
            "tags_all": {
              "description": "managed by terraform provisioning",
              "name": "terraform project"
            },
            "timeouts": null,
            "vpc_id": "vpc-0e6400f9f6e87effc"
          },
          "sensitive_attributes": [],
          "private": "eyJlMmJmYjczMC1lY2FhLTExZTYtOGY4OC0zNDM2M2JjN2M0YzAiOnsiY3JlYXRlIjo2MDAwMDAwMDAwMDAsImRlbGV0ZSI6MTIwMDAwMDAwMDAwMH0sInNjaGVtYV92ZXJzaW9uIjoiMSJ9",
          "dependencies": [
            "module.aws-resources.aws_vpc.vpc-main"
          ]
        }
      ]
    },
    {
      "module": "module.aws-resources",
      "mode": "managed",
      "type": "aws_vpc",
      "name": "vpc-main",
      "provider": "module.aws-resources.provider[\"registry.terraform.io/hashicorp/aws\"]",
      "instances": [
        {
          "schema_version": 1,
          "attributes": {
            "arn": "arn:aws:ec2:us-east-1:846338211683:vpc/vpc-0e6400f9f6e87effc",
            "assign_generated_ipv6_cidr_block": false,
            "cidr_block": "10.0.0.0/16",
            "default_network_acl_id": "acl-076cacbeb8afa5e57",
            "default_route_table_id": "rtb-0ab174a52eff0d82a",
            "default_security_group_id": "sg-0924614ae61a49d67",
            "dhcp_options_id": "dopt-045b51ee7bb08e632",
            "enable_dns_hostnames": true,
            "enable_dns_support": true,
            "enable_network_address_usage_metrics": false,
            "id": "vpc-0e6400f9f6e87effc",
            "instance_tenancy": "default",
            "ipv4_ipam_pool_id": null,
            "ipv4_netmask_length": null,
            "ipv6_association_id": "",
            "ipv6_cidr_block": "",
            "ipv6_cidr_block_network_border_group": "",
            "ipv6_ipam_pool_id": "",
            "ipv6_netmask_length": 0,
            "main_route_table_id": "rtb-0ab174a52eff0d82a",
            "owner_id": "846338211683",
            "tags": {
              "description": "managed by terraform provisioning",
              "name": "terraform project"
            },
            "tags_all": {
              "description": "managed by terraform provisioning",
              "name": "terraform project"
            }
          },
          "sensitive_attributes": [],
          "private": "eyJzY2hlbWFfdmVyc2lvbiI6IjEifQ=="
        }
      ]
    }
  ],
  "check_results": null
}
