{
  "version": 4,
  "terraform_version": "1.8.1",
  "serial": 550,
  "lineage": "868beab6-af03-df76-512e-d5111f4f087d",
  "outputs": {},
  "resources": [
    {
      "mode": "managed",
      "type": "aws_ecr_repository",
      "name": "ecr_repository",
      "provider": "provider[\"registry.terraform.io/hashicorp/aws\"]",
      "instances": [
        {
          "schema_version": 0,
          "attributes": {
            "arn": "arn:aws:ecr:us-east-1:846338211683:repository/eks-project",
            "encryption_configuration": [
              {
                "encryption_type": "AES256",
                "kms_key": ""
              }
            ],
            "force_delete": null,
            "id": "eks-project",
            "image_scanning_configuration": [
              {
                "scan_on_push": false
              }
            ],
            "image_tag_mutability": "MUTABLE",
            "name": "eks-project",
            "registry_id": "846338211683",
            "repository_url": "846338211683.dkr.ecr.us-east-1.amazonaws.com/eks-project",
            "tags": {
              "description": "managed by terraform provisioning",
              "name": "terraform project"
            },
            "tags_all": {
              "description": "managed by terraform provisioning",
              "name": "terraform project"
            },
            "timeouts": null
          },
          "sensitive_attributes": [],
          "private": "eyJlMmJmYjczMC1lY2FhLTExZTYtOGY4OC0zNDM2M2JjN2M0YzAiOnsiZGVsZXRlIjoxMjAwMDAwMDAwMDAwfX0="
        }
      ]
    }
  ],
  "check_results": null
}
