{
  "version": 4,
  "terraform_version": "1.8.5",
  "serial": 108,
  "lineage": "ffee0d21-562a-7002-a7bf-f726b11ce0ba",
  "outputs": {},
  "resources": [
    {
      "mode": "managed",
      "type": "helm_release",
      "name": "public-nginx-ingress",
      "provider": "provider[\"registry.terraform.io/hashicorp/helm\"]",
      "instances": [
        {
          "schema_version": 1,
          "attributes": {
            "atomic": false,
            "chart": "ingress-nginx",
            "cleanup_on_fail": false,
            "create_namespace": false,
            "dependency_update": false,
            "description": null,
            "devel": null,
            "disable_crd_hooks": false,
            "disable_openapi_validation": false,
            "disable_webhooks": false,
            "force_update": false,
            "id": "ingress-public",
            "keyring": null,
            "lint": false,
            "manifest": null,
            "max_history": 0,
            "metadata": [
              {
                "app_version": "1.4.0",
                "chart": "ingress-nginx",
                "name": "ingress-public",
                "namespace": "nginx-ingress-namespace",
                "revision": 1,
                "values": "{\"controller\":{\"config\":{\"client-body-buffer-size\":\"32M\",\"compute-full-forwarded-for\":\"true\",\"log-format-upstream\":\"$remote_addr - $remote_user [$time_local] \\\"$request\\\" $status $body_bytes_sent \\\"$http_referer\\\" \\\"$http_user_agent\\\" $request_length $request_time [$proxy_upstream_name] [$proxy_alternative_upstream_name] $upstream_addr $upstream_response_length $upstream_response_time $upstream_status $req_id $http_x_device_id|$http_x_device_os|$http_x_device_os_version|$http_x_device_locale|$http_x_app_version|$http_x_app_id\",\"proxy-body-size\":\"100G\",\"proxy-buffering\":\"off\",\"proxy-read-timeout\":\"600\",\"proxy-send-timeout\":\"600\",\"use-forwarded-headers\":\"true\"},\"ingressClass\":\"public\",\"ingressClassByName\":true,\"ingressClassResource\":{\"controllerValue\":\"k8s.io/public-ingress-nginx\",\"default\":false,\"enabled\":true,\"name\":\"public\"},\"metrics\":{\"enabled\":false,\"serviceMonitor\":{\"enabled\":true}},\"replicaCount\":2,\"service\":{\"nodePorts\":{\"http\":\"30080\",\"https\":\"30443\",\"tcp\":{\"31280\":31280,\"32069\":32069,\"32070\":32070},\"udp\":{}},\"type\":\"NodePort\"}}}",
                "version": "4.3.0"
              }
            ],
            "name": "ingress-public",
            "namespace": "nginx-ingress-namespace",
            "pass_credentials": false,
            "postrender": [],
            "recreate_pods": false,
            "render_subchart_notes": true,
            "replace": false,
            "repository": "https://kubernetes.github.io/ingress-nginx",
            "repository_ca_file": null,
            "repository_cert_file": null,
            "repository_key_file": null,
            "repository_password": null,
            "repository_username": null,
            "reset_values": false,
            "reuse_values": false,
            "set": [],
            "set_list": [],
            "set_sensitive": [],
            "skip_crds": false,
            "status": "deployed",
            "timeout": 300,
            "values": [
              "controller:\n  replicaCount: 2\n  ingressClassByName: true\n  ingressClassResource:\n    name: \"public\"\n    enabled: true\n    default: false\n    controllerValue: \"k8s.io/public-ingress-nginx\"\n  ## Name of the ingress class to route through this controller\n  ##\n  ingressClass: public\n  config:\n    #Upload\n    client-body-buffer-size: 32M\n    proxy-body-size: 100G\n    proxy-buffering: \"off\"\n    proxy-read-timeout: \"600\"\n    proxy-send-timeout: \"600\"\n    #Logging\n    log-format-upstream: '$remote_addr - $remote_user [$time_local] \"$request\" $status $body_bytes_sent \"$http_referer\" \"$http_user_agent\" $request_length $request_time [$proxy_upstream_name] [$proxy_alternative_upstream_name] $upstream_addr $upstream_response_length $upstream_response_time $upstream_status $req_id $http_x_device_id|$http_x_device_os|$http_x_device_os_version|$http_x_device_locale|$http_x_app_version|$http_x_app_id'\n    # Accesslog Request IP\n    compute-full-forwarded-for: \"true\"\n    use-forwarded-headers: \"true\"\n  service:\n    type: NodePort\n    nodePorts:\n      http: \"30080\"\n      https: \"30443\"\n      tcp:\n        32069: 32069\n        32070: 32070\n        31280: 31280\n      udp: {}\n  metrics:\n    enabled: false\n    serviceMonitor:\n      enabled: true\n#tcp:\n#  32069: \"external/window-rdp-external:32069\"\n#  32070: \"external/avnet-poc-external:3393\"\n#  31280: \"external/squid-external:31280\"\n\n"
            ],
            "verify": false,
            "version": "4.3.0",
            "wait": true,
            "wait_for_jobs": false
          },
          "sensitive_attributes": [
            [
              {
                "type": "get_attr",
                "value": "repository_password"
              }
            ]
          ],
          "private": "eyJzY2hlbWFfdmVyc2lvbiI6IjEifQ==",
          "dependencies": [
            "kubernetes_namespace.nginx-ingress"
          ]
        }
      ]
    },
    {
      "mode": "managed",
      "type": "kubernetes_namespace",
      "name": "ciaws",
      "provider": "provider[\"registry.terraform.io/hashicorp/kubernetes\"]",
      "instances": [
        {
          "schema_version": 0,
          "attributes": {
            "id": "ciaws",
            "metadata": [
              {
                "annotations": {
                  "name": "ciaws"
                },
                "generate_name": "",
                "generation": 0,
                "labels": null,
                "name": "ciaws",
                "resource_version": "5220",
                "uid": "5eacf4d9-58a5-417c-8d9b-0e632935348e"
              }
            ],
            "timeouts": null,
            "wait_for_default_service_account": false
          },
          "sensitive_attributes": [],
          "private": "eyJlMmJmYjczMC1lY2FhLTExZTYtOGY4OC0zNDM2M2JjN2M0YzAiOnsiZGVsZXRlIjozMDAwMDAwMDAwMDB9fQ=="
        }
      ]
    },
    {
      "mode": "managed",
      "type": "kubernetes_namespace",
      "name": "monitoring",
      "provider": "provider[\"registry.terraform.io/hashicorp/kubernetes\"]",
      "instances": [
        {
          "schema_version": 0,
          "attributes": {
            "id": "monitoring",
            "metadata": [
              {
                "annotations": {
                  "name": "monitoring"
                },
                "generate_name": "",
                "generation": 0,
                "labels": null,
                "name": "monitoring",
                "resource_version": "5221",
                "uid": "1e823b40-380d-4720-8196-1068e9ac69a8"
              }
            ],
            "timeouts": null,
            "wait_for_default_service_account": false
          },
          "sensitive_attributes": [],
          "private": "eyJlMmJmYjczMC1lY2FhLTExZTYtOGY4OC0zNDM2M2JjN2M0YzAiOnsiZGVsZXRlIjozMDAwMDAwMDAwMDB9fQ=="
        }
      ]
    },
    {
      "mode": "managed",
      "type": "kubernetes_namespace",
      "name": "nginx-ingress",
      "provider": "provider[\"registry.terraform.io/hashicorp/kubernetes\"]",
      "instances": [
        {
          "schema_version": 0,
          "attributes": {
            "id": "nginx-ingress-namespace",
            "metadata": [
              {
                "annotations": {
                  "name": "ingress-nginx-namespace"
                },
                "generate_name": "",
                "generation": 0,
                "labels": null,
                "name": "nginx-ingress-namespace",
                "resource_version": "5222",
                "uid": "5d8eb704-0138-4cda-a7c1-f7df35de6574"
              }
            ],
            "timeouts": null,
            "wait_for_default_service_account": false
          },
          "sensitive_attributes": [],
          "private": "eyJlMmJmYjczMC1lY2FhLTExZTYtOGY4OC0zNDM2M2JjN2M0YzAiOnsiZGVsZXRlIjozMDAwMDAwMDAwMDB9fQ=="
        }
      ]
    }
  ],
  "check_results": null
}
